// !$*UTF8*$!
{
	archiveVersion = 1;
	classes = {
	};
	objectVersion = 56;
	objects = {

/* Begin PBXBuildFile section */
		3451B3D8ACB9B1C9E9598A37 /* Pods_DJTest.framework in Frameworks */ = {isa = PBXBuildFile; fileRef = 96BB082225CCC74FBFAF704B /* Pods_DJTest.framework */; };
		BE0C98B82AF23BA400489AD7 /* GoogleService-Info.plist in Resources */ = {isa = PBXBuildFile; fileRef = BE0C98B72AF23BA400489AD7 /* GoogleService-Info.plist */; };
		BE0E35F12B5182B900F661E1 /* DJLibsManager.swift in Sources */ = {isa = PBXBuildFile; fileRef = BE0E35EE2B5182B900F661E1 /* DJLibsManager.swift */; };
		BE0E35F22B5182B900F661E1 /* DJRouterObjc.m in Sources */ = {isa = PBXBuildFile; fileRef = BE0E35EF2B5182B900F661E1 /* DJRouterObjc.m */; };
		BE1390A82B0B6903009B2BAA /* LXOutlineVC.swift in Sources */ = {isa = PBXBuildFile; fileRef = BE1390A72B0B6903009B2BAA /* LXOutlineVC.swift */; };
		BE1FBD4A2BA434D300B9A7CB /* WidgetKit.framework in Frameworks */ = {isa = PBXBuildFile; fileRef = BE435AAE2AD794430076780C /* WidgetKit.framework */; };
		BE1FBD4B2BA434D400B9A7CB /* SwiftUI.framework in Frameworks */ = {isa = PBXBuildFile; fileRef = BE435AB02AD794430076780C /* SwiftUI.framework */; };
		BE1FBD4E2BA434D400B9A7CB /* DynamicLandExtensionBundle.swift in Sources */ = {isa = PBXBuildFile; fileRef = BE1FBD4D2BA434D400B9A7CB /* DynamicLandExtensionBundle.swift */; };
		BE1FBD502BA434D400B9A7CB /* DynamicLandExtensionLiveActivity.swift in Sources */ = {isa = PBXBuildFile; fileRef = BE1FBD4F2BA434D400B9A7CB /* DynamicLandExtensionLiveActivity.swift */; };
		BE1FBD522BA434D400B9A7CB /* DynamicLandExtension.swift in Sources */ = {isa = PBXBuildFile; fileRef = BE1FBD512BA434D400B9A7CB /* DynamicLandExtension.swift */; };
		BE1FBD542BA434D400B9A7CB /* AppIntent.swift in Sources */ = {isa = PBXBuildFile; fileRef = BE1FBD532BA434D400B9A7CB /* AppIntent.swift */; };
		BE1FBD562BA434D600B9A7CB /* Assets.xcassets in Resources */ = {isa = PBXBuildFile; fileRef = BE1FBD552BA434D600B9A7CB /* Assets.xcassets */; };
		BE1FBD5A2BA434D600B9A7CB /* DynamicLandExtensionExtension.appex in Embed Foundation Extensions */ = {isa = PBXBuildFile; fileRef = BE1FBD492BA434D300B9A7CB /* DynamicLandExtensionExtension.appex */; settings = {ATTRIBUTES = (RemoveHeadersOnCopy, ); }; };
		BE1FBD602BA4372600B9A7CB /* ActivityVM.swift in Sources */ = {isa = PBXBuildFile; fileRef = BE1FBD5F2BA4372600B9A7CB /* ActivityVM.swift */; };
		BE1FBD612BA4379E00B9A7CB /* DynamicLandExtensionLiveActivity.swift in Sources */ = {isa = PBXBuildFile; fileRef = BE1FBD4F2BA434D400B9A7CB /* DynamicLandExtensionLiveActivity.swift */; };
		BE1FBD632BA4399700B9A7CB /* LXDynamicLandVC.swift in Sources */ = {isa = PBXBuildFile; fileRef = BE1FBD622BA4399700B9A7CB /* LXDynamicLandVC.swift */; };
		BE1FBD662BA4409300B9A7CB /* LXActivityAvatarView.swift in Sources */ = {isa = PBXBuildFile; fileRef = BE1FBD652BA4409300B9A7CB /* LXActivityAvatarView.swift */; };
		BE1FBD682BA440FC00B9A7CB /* LXAvatarView.swift in Sources */ = {isa = PBXBuildFile; fileRef = BE1FBD672BA440FC00B9A7CB /* LXAvatarView.swift */; };
		BE1FBD692BA441A500B9A7CB /* LXAvatarView.swift in Sources */ = {isa = PBXBuildFile; fileRef = BE1FBD672BA440FC00B9A7CB /* LXAvatarView.swift */; };
		BE1FBD6A2BA441B000B9A7CB /* LXActivityAvatarView.swift in Sources */ = {isa = PBXBuildFile; fileRef = BE1FBD652BA4409300B9A7CB /* LXActivityAvatarView.swift */; };
		BE1FBD6B2BA4424D00B9A7CB /* EmojiRanger.swift in Sources */ = {isa = PBXBuildFile; fileRef = BE720DA52AE68FAA00F016C5 /* EmojiRanger.swift */; };
		BE1FBD6C2BA4426B00B9A7CB /* ImageURLProtocol.swift in Sources */ = {isa = PBXBuildFile; fileRef = BE3067A72AE75D8C00E9577C /* ImageURLProtocol.swift */; };
		BE1FBD6D2BA442B300B9A7CB /* GameColors.swift in Sources */ = {isa = PBXBuildFile; fileRef = BE3067A22AE75AB400E9577C /* GameColors.swift */; };
		BE1FBD6E2BA46EFD00B9A7CB /* HealthLevelShape.swift in Sources */ = {isa = PBXBuildFile; fileRef = BE3067A42AE75AE600E9577C /* HealthLevelShape.swift */; };
		BE29938C2AF0A29F00767EA0 /* LXLibManager.swift in Sources */ = {isa = PBXBuildFile; fileRef = BE29938B2AF0A29F00767EA0 /* LXLibManager.swift */; };
		BE3067A32AE75AB400E9577C /* GameColors.swift in Sources */ = {isa = PBXBuildFile; fileRef = BE3067A22AE75AB400E9577C /* GameColors.swift */; };
		BE3067A52AE75AE600E9577C /* HealthLevelShape.swift in Sources */ = {isa = PBXBuildFile; fileRef = BE3067A42AE75AE600E9577C /* HealthLevelShape.swift */; };
		BE3067A82AE75D8C00E9577C /* ImageURLProtocol.swift in Sources */ = {isa = PBXBuildFile; fileRef = BE3067A72AE75D8C00E9577C /* ImageURLProtocol.swift */; };
		BE3067AC2AE7636A00E9577C /* HeroNameView.swift in Sources */ = {isa = PBXBuildFile; fileRef = BE3067AB2AE7636A00E9577C /* HeroNameView.swift */; };
		BE3067AE2AE7674100E9577C /* AvatarView.swift in Sources */ = {isa = PBXBuildFile; fileRef = BE3067AD2AE7674100E9577C /* AvatarView.swift */; };
		BE3067B02AE76A5300E9577C /* AdventureLiveActivityContent.swift in Sources */ = {isa = PBXBuildFile; fileRef = BE3067AF2AE76A5300E9577C /* AdventureLiveActivityContent.swift */; };
		BE3067B22AE76FCF00E9577C /* AllCharactersView.swift in Sources */ = {isa = PBXBuildFile; fileRef = BE3067B12AE76FCF00E9577C /* AllCharactersView.swift */; };
		BE3067B72AE795ED00E9577C /* SuperCharge.swift in Sources */ = {isa = PBXBuildFile; fileRef = BE3067B62AE795ED00E9577C /* SuperCharge.swift */; };
		BE3067B92AE7980700E9577C /* EmojiRangerSelection.swift in Sources */ = {isa = PBXBuildFile; fileRef = BE3067B82AE7980700E9577C /* EmojiRangerSelection.swift */; };
		BE3067C42AE79C4600E9577C /* EmojiRangersIntentsExtension.swift in Sources */ = {isa = PBXBuildFile; fileRef = BE3067C32AE79C4600E9577C /* EmojiRangersIntentsExtension.swift */; };
		BE3067C62AE79C4600E9577C /* EmojiRangersIntents.swift in Sources */ = {isa = PBXBuildFile; fileRef = BE3067C52AE79C4600E9577C /* EmojiRangersIntents.swift */; };
		BE3067CA2AE79C4600E9577C /* EmojiRangersIntents.appex in Embed ExtensionKit Extensions */ = {isa = PBXBuildFile; fileRef = BE3067C12AE79C4600E9577C /* EmojiRangersIntents.appex */; settings = {ATTRIBUTES = (RemoveHeadersOnCopy, ); }; };
		BE3067D02AE79DE800E9577C /* IntentHandler.swift in Sources */ = {isa = PBXBuildFile; fileRef = BE3067CF2AE79DE800E9577C /* IntentHandler.swift */; };
		BE3067D52AE7A29A00E9577C /* Intents.framework in Frameworks */ = {isa = PBXBuildFile; fileRef = BE3067D42AE7A29A00E9577C /* Intents.framework */; };
		BE3067D72AE7A53E00E9577C /* EmojiRangersWidget.intentdefinition in Sources */ = {isa = PBXBuildFile; fileRef = BE3067D62AE7A53E00E9577C /* EmojiRangersWidget.intentdefinition */; };
		BE3069A22AE7AC4100E9577C /* EmojiRangersWidget.intentdefinition in Sources */ = {isa = PBXBuildFile; fileRef = BE3067D62AE7A53E00E9577C /* EmojiRangersWidget.intentdefinition */; };
		BE3069A32AE7AC4200E9577C /* EmojiRangersWidget.intentdefinition in Sources */ = {isa = PBXBuildFile; fileRef = BE3067D62AE7A53E00E9577C /* EmojiRangersWidget.intentdefinition */; };
		BE41011F2B550D1600E260F7 /* LXFlutterVC.swift in Sources */ = {isa = PBXBuildFile; fileRef = BE41011E2B550D1600E260F7 /* LXFlutterVC.swift */; };
		BE435AAF2AD794430076780C /* WidgetKit.framework in Frameworks */ = {isa = PBXBuildFile; fileRef = BE435AAE2AD794430076780C /* WidgetKit.framework */; };
		BE435AB12AD794430076780C /* SwiftUI.framework in Frameworks */ = {isa = PBXBuildFile; fileRef = BE435AB02AD794430076780C /* SwiftUI.framework */; };
		BE435AB42AD794440076780C /* LXToolKit_WidgetBundle.swift in Sources */ = {isa = PBXBuildFile; fileRef = BE435AB32AD794440076780C /* LXToolKit_WidgetBundle.swift */; };
		BE435AB62AD794440076780C /* LXToolKit_WidgetLiveActivity.swift in Sources */ = {isa = PBXBuildFile; fileRef = BE435AB52AD794440076780C /* LXToolKit_WidgetLiveActivity.swift */; };
		BE435AB82AD794440076780C /* LXToolKit_Widget.swift in Sources */ = {isa = PBXBuildFile; fileRef = BE435AB72AD794440076780C /* LXToolKit_Widget.swift */; };
		BE435ABA2AD794440076780C /* AppIntent.swift in Sources */ = {isa = PBXBuildFile; fileRef = BE435AB92AD794440076780C /* AppIntent.swift */; };
		BE435ABC2AD794450076780C /* Assets.xcassets in Resources */ = {isa = PBXBuildFile; fileRef = BE435ABB2AD794450076780C /* Assets.xcassets */; };
		BE435AC02AD794450076780C /* LXToolKit_WidgetExtension.appex in Embed Foundation Extensions */ = {isa = PBXBuildFile; fileRef = BE435AAD2AD794430076780C /* LXToolKit_WidgetExtension.appex */; settings = {ATTRIBUTES = (RemoveHeadersOnCopy, ); }; };
		BE49D2662B51274F0001B3D8 /* Assets.xcassets in Resources */ = {isa = PBXBuildFile; fileRef = BEE5A3482AB974FB003339EB /* Assets.xcassets */; };
		BE5267DB2B3F130200F1371C /* LXFlutterSampleVC.swift in Sources */ = {isa = PBXBuildFile; fileRef = BE5267DA2B3F130200F1371C /* LXFlutterSampleVC.swift */; };
		BE56655F2B2C3CAD00D24B7C /* DJTestRouter.swift in Sources */ = {isa = PBXBuildFile; fileRef = BE56655E2B2C3CAD00D24B7C /* DJTestRouter.swift */; };
		BE6D6CDD2B6A2E59000700DF /* DJQuickHomeVC.m in Sources */ = {isa = PBXBuildFile; fileRef = BE6D6CDC2B6A2E59000700DF /* DJQuickHomeVC.m */; };
		BE720D9E2AE68CB300F016C5 /* DJActivityVC.swift in Sources */ = {isa = PBXBuildFile; fileRef = BE720D9D2AE68CB300F016C5 /* DJActivityVC.swift */; };
		BE720DA62AE68FAA00F016C5 /* AdventureAttributes.swift in Sources */ = {isa = PBXBuildFile; fileRef = BE720DA42AE68FAA00F016C5 /* AdventureAttributes.swift */; };
		BE720DA72AE68FAA00F016C5 /* EmojiRanger.swift in Sources */ = {isa = PBXBuildFile; fileRef = BE720DA52AE68FAA00F016C5 /* EmojiRanger.swift */; };
		BE855BB92AF0A64D00F95956 /* LXAMapTestVC.swift in Sources */ = {isa = PBXBuildFile; fileRef = BE855BB82AF0A64D00F95956 /* LXAMapTestVC.swift */; };
		BE99436D2B96C20A00A08BA0 /* Settings.bundle in Resources */ = {isa = PBXBuildFile; fileRef = BE99436C2B96C20A00A08BA0 /* Settings.bundle */; };
		BEA850FA2B216B6100C6D019 /* LXFirstVC.swift in Sources */ = {isa = PBXBuildFile; fileRef = BEA850F92B216B6100C6D019 /* LXFirstVC.swift */; };
		BEABE2992B5251CC00CD07B6 /* LXOutlineParamCell.swift in Sources */ = {isa = PBXBuildFile; fileRef = BEABE2982B5251CC00CD07B6 /* LXOutlineParamCell.swift */; };
		BEACF6E82BA7EB28000FADAF /* LXAppIntentProvider.swift in Sources */ = {isa = PBXBuildFile; fileRef = BEACF6E62BA7EAD6000FADAF /* LXAppIntentProvider.swift */; };
		BEACF6E92BA81E5D000FADAF /* SuperCharge.swift in Sources */ = {isa = PBXBuildFile; fileRef = BE3067B62AE795ED00E9577C /* SuperCharge.swift */; };
		BEACF6EE2BA824E7000FADAF /* LXLeaderboardProvider.swift in Sources */ = {isa = PBXBuildFile; fileRef = BEACF6EA2BA822F1000FADAF /* LXLeaderboardProvider.swift */; };
		BEACF6F52BA82853000FADAF /* LXAllCharactersView.swift in Sources */ = {isa = PBXBuildFile; fileRef = BEACF6F12BA8268B000FADAF /* LXAllCharactersView.swift */; };
		BEACF6F62BA8285C000FADAF /* LXHealthLevelShape.swift in Sources */ = {isa = PBXBuildFile; fileRef = BEACF6F32BA82773000FADAF /* LXHealthLevelShape.swift */; };
		BEB3855A2B3AE7B700D14351 /* LXSingleVC.swift in Sources */ = {isa = PBXBuildFile; fileRef = BEB385592B3AE7B700D14351 /* LXSingleVC.swift */; };
		BEB3855C2B3AEB7F00D14351 /* LXHostVC.swift in Sources */ = {isa = PBXBuildFile; fileRef = BEB3855B2B3AEB7F00D14351 /* LXHostVC.swift */; };
		BEB3855E2B3AED7C00D14351 /* DataModel.swift in Sources */ = {isa = PBXBuildFile; fileRef = BEB3855D2B3AED7C00D14351 /* DataModel.swift */; };
		BEB385602B3AEEFA00D14351 /* LXDoubleVC.swift in Sources */ = {isa = PBXBuildFile; fileRef = BEB3855F2B3AEEFA00D14351 /* LXDoubleVC.swift */; };
		BEE5A3402AB974FA003339EB /* AppDelegate.swift in Sources */ = {isa = PBXBuildFile; fileRef = BEE5A33F2AB974FA003339EB /* AppDelegate.swift */; };
		BEE5A3422AB974FA003339EB /* SceneDelegate.swift in Sources */ = {isa = PBXBuildFile; fileRef = BEE5A3412AB974FA003339EB /* SceneDelegate.swift */; };
		BEE5A3442AB974FA003339EB /* ViewController.swift in Sources */ = {isa = PBXBuildFile; fileRef = BEE5A3432AB974FA003339EB /* ViewController.swift */; };
		BEE5A3472AB974FA003339EB /* Main.storyboard in Resources */ = {isa = PBXBuildFile; fileRef = BEE5A3452AB974FA003339EB /* Main.storyboard */; };
		BEE5A34C2AB974FB003339EB /* LaunchScreen.storyboard in Resources */ = {isa = PBXBuildFile; fileRef = BEE5A34A2AB974FB003339EB /* LaunchScreen.storyboard */; };
		BEF4B3602AF3397900DA0607 /* DJTest.xcstrings in Resources */ = {isa = PBXBuildFile; fileRef = BEF4B35F2AF3397900DA0607 /* DJTest.xcstrings */; };
		BEF991152B9EAB1C00DB9692 /* DJRouter.swift in Sources */ = {isa = PBXBuildFile; fileRef = BEF991142B9EAB1C00DB9692 /* DJRouter.swift */; };
		BEFA8DB52AE8E79F00933131 /* LeaderboardWidget.swift in Sources */ = {isa = PBXBuildFile; fileRef = BEFA8DB32AE8E79F00933131 /* LeaderboardWidget.swift */; };
		BEFA8DB72AE8E8C100933131 /* EmojiRanger.swift in Sources */ = {isa = PBXBuildFile; fileRef = BE720DA52AE68FAA00F016C5 /* EmojiRanger.swift */; };
		BEFA8DB82AE8E8C200933131 /* EmojiRanger.swift in Sources */ = {isa = PBXBuildFile; fileRef = BE720DA52AE68FAA00F016C5 /* EmojiRanger.swift */; };
		BEFA8DB92AE8EA6E00933131 /* AllCharactersView.swift in Sources */ = {isa = PBXBuildFile; fileRef = BE3067B12AE76FCF00E9577C /* AllCharactersView.swift */; };
		BEFA8DBA2AE8EA6F00933131 /* AllCharactersView.swift in Sources */ = {isa = PBXBuildFile; fileRef = BE3067B12AE76FCF00E9577C /* AllCharactersView.swift */; };
		BEFA8DBB2AE8EAB200933131 /* AvatarView.swift in Sources */ = {isa = PBXBuildFile; fileRef = BE3067AD2AE7674100E9577C /* AvatarView.swift */; };
		BEFA8DBC2AE8EAB300933131 /* AvatarView.swift in Sources */ = {isa = PBXBuildFile; fileRef = BE3067AD2AE7674100E9577C /* AvatarView.swift */; };
		BEFA8DBD2AE8EAB900933131 /* HealthLevelShape.swift in Sources */ = {isa = PBXBuildFile; fileRef = BE3067A42AE75AE600E9577C /* HealthLevelShape.swift */; };
		BEFA8DBE2AE8EAB900933131 /* HealthLevelShape.swift in Sources */ = {isa = PBXBuildFile; fileRef = BE3067A42AE75AE600E9577C /* HealthLevelShape.swift */; };
		BEFA8DBF2AE8EAD700933131 /* GameColors.swift in Sources */ = {isa = PBXBuildFile; fileRef = BE3067A22AE75AB400E9577C /* GameColors.swift */; };
		BEFA8DC02AE8EAD800933131 /* GameColors.swift in Sources */ = {isa = PBXBuildFile; fileRef = BE3067A22AE75AB400E9577C /* GameColors.swift */; };
		BEFA8DC12AE8EAE300933131 /* HeroNameView.swift in Sources */ = {isa = PBXBuildFile; fileRef = BE3067AB2AE7636A00E9577C /* HeroNameView.swift */; };
		BEFA8DC22AE8EAE400933131 /* HeroNameView.swift in Sources */ = {isa = PBXBuildFile; fileRef = BE3067AB2AE7636A00E9577C /* HeroNameView.swift */; };
		BEFA8DC32AE8EAE800933131 /* AdventureLiveActivityContent.swift in Sources */ = {isa = PBXBuildFile; fileRef = BE3067AF2AE76A5300E9577C /* AdventureLiveActivityContent.swift */; };
		BEFA8DC42AE8EAE900933131 /* AdventureLiveActivityContent.swift in Sources */ = {isa = PBXBuildFile; fileRef = BE3067AF2AE76A5300E9577C /* AdventureLiveActivityContent.swift */; };
		BEFA8DC52AE8EAFC00933131 /* ImageURLProtocol.swift in Sources */ = {isa = PBXBuildFile; fileRef = BE3067A72AE75D8C00E9577C /* ImageURLProtocol.swift */; };
		BEFA8DC62AE8EAFD00933131 /* ImageURLProtocol.swift in Sources */ = {isa = PBXBuildFile; fileRef = BE3067A72AE75D8C00E9577C /* ImageURLProtocol.swift */; };
		BEFA8DC72AE8EB0F00933131 /* AdventureAttributes.swift in Sources */ = {isa = PBXBuildFile; fileRef = BE720DA42AE68FAA00F016C5 /* AdventureAttributes.swift */; };
		BEFA8DC82AE8EB1000933131 /* AdventureAttributes.swift in Sources */ = {isa = PBXBuildFile; fileRef = BE720DA42AE68FAA00F016C5 /* AdventureAttributes.swift */; };
		BEFA8DC92AE8EC5700933131 /* IOSIntentProvider.swift in Sources */ = {isa = PBXBuildFile; fileRef = BE3067BB2AE7999E00E9577C /* IOSIntentProvider.swift */; };
		BEFA8DCA2AE8EC6000933131 /* AdventureActivityConfiguration.swift in Sources */ = {isa = PBXBuildFile; fileRef = BE3067B32AE7716500E9577C /* AdventureActivityConfiguration.swift */; };
		BEFA8DCB2AE8EC6700933131 /* EmojiRangersWidget.swift in Sources */ = {isa = PBXBuildFile; fileRef = BE720D9F2AE68EED00F016C5 /* EmojiRangersWidget.swift */; };
		BEFA8DCC2AE8ED0200933131 /* SuperCharge.swift in Sources */ = {isa = PBXBuildFile; fileRef = BE3067B62AE795ED00E9577C /* SuperCharge.swift */; };
		BEFA8DCD2AE8ED0D00933131 /* EmojiRangerSelection.swift in Sources */ = {isa = PBXBuildFile; fileRef = BE3067B82AE7980700E9577C /* EmojiRangerSelection.swift */; };
		BEFA8DD02AE8EDA400933131 /* AdventureViewModel.swift in Sources */ = {isa = PBXBuildFile; fileRef = BEFA8DCF2AE8EDA400933131 /* AdventureViewModel.swift */; };
		BEFA8DD42AE8EDC400933131 /* AdventureView.swift in Sources */ = {isa = PBXBuildFile; fileRef = BEFA8DD32AE8EDC400933131 /* AdventureView.swift */; };
		BEFA8E742AE90A8800933131 /* DetailView.swift in Sources */ = {isa = PBXBuildFile; fileRef = BEFA8E732AE90A8800933131 /* DetailView.swift */; };
		BEFA8E782AE90DA100933131 /* EmojiRangersApp.swift in Sources */ = {isa = PBXBuildFile; fileRef = BEFA8E772AE90DA100933131 /* EmojiRangersApp.swift */; };
/* End PBXBuildFile section */

/* Begin PBXContainerItemProxy section */
		BE1FBD582BA434D600B9A7CB /* PBXContainerItemProxy */ = {
			isa = PBXContainerItemProxy;
			containerPortal = BEE5A3342AB974FA003339EB /* Project object */;
			proxyType = 1;
			remoteGlobalIDString = BE1FBD482BA434D300B9A7CB;
			remoteInfo = DynamicLandExtensionExtension;
		};
		BE3067C82AE79C4600E9577C /* PBXContainerItemProxy */ = {
			isa = PBXContainerItemProxy;
			containerPortal = BEE5A3342AB974FA003339EB /* Project object */;
			proxyType = 1;
			remoteGlobalIDString = BE3067C02AE79C4600E9577C;
			remoteInfo = EmojiRangersIntents;
		};
		BE435ABE2AD794450076780C /* PBXContainerItemProxy */ = {
			isa = PBXContainerItemProxy;
			containerPortal = BEE5A3342AB974FA003339EB /* Project object */;
			proxyType = 1;
			remoteGlobalIDString = BE435AAC2AD794430076780C;
			remoteInfo = LXToolKit_WidgetExtension;
		};
/* End PBXContainerItemProxy section */

/* Begin PBXCopyFilesBuildPhase section */
		BE3067CE2AE79C4600E9577C /* Embed ExtensionKit Extensions */ = {
			isa = PBXCopyFilesBuildPhase;
			buildActionMask = 2147483647;
			dstPath = "$(EXTENSIONS_FOLDER_PATH)";
			dstSubfolderSpec = 16;
			files = (
				BE3067CA2AE79C4600E9577C /* EmojiRangersIntents.appex in Embed ExtensionKit Extensions */,
			);
			name = "Embed ExtensionKit Extensions";
			runOnlyForDeploymentPostprocessing = 0;
		};
		BE435AC12AD794450076780C /* Embed Foundation Extensions */ = {
			isa = PBXCopyFilesBuildPhase;
			buildActionMask = 2147483647;
			dstPath = "";
			dstSubfolderSpec = 13;
			files = (
				BE435AC02AD794450076780C /* LXToolKit_WidgetExtension.appex in Embed Foundation Extensions */,
				BE1FBD5A2BA434D600B9A7CB /* DynamicLandExtensionExtension.appex in Embed Foundation Extensions */,
			);
			name = "Embed Foundation Extensions";
			runOnlyForDeploymentPostprocessing = 0;
		};
/* End PBXCopyFilesBuildPhase section */

/* Begin PBXFileReference section */
		59DBFDB0E53CD81EB38205CF /* Pods-DJTest.release.xcconfig */ = {isa = PBXFileReference; includeInIndex = 1; lastKnownFileType = text.xcconfig; name = "Pods-DJTest.release.xcconfig"; path = "Target Support Files/Pods-DJTest/Pods-DJTest.release.xcconfig"; sourceTree = "<group>"; };
		83B8ED913EE52F4C5A9F4151 /* Pods-DJTest.debug.xcconfig */ = {isa = PBXFileReference; includeInIndex = 1; lastKnownFileType = text.xcconfig; name = "Pods-DJTest.debug.xcconfig"; path = "Target Support Files/Pods-DJTest/Pods-DJTest.debug.xcconfig"; sourceTree = "<group>"; };
		96BB082225CCC74FBFAF704B /* Pods_DJTest.framework */ = {isa = PBXFileReference; explicitFileType = wrapper.framework; includeInIndex = 0; path = Pods_DJTest.framework; sourceTree = BUILT_PRODUCTS_DIR; };
		BE0C98B72AF23BA400489AD7 /* GoogleService-Info.plist */ = {isa = PBXFileReference; fileEncoding = 4; lastKnownFileType = text.plist.xml; path = "GoogleService-Info.plist"; sourceTree = "<group>"; };
		BE0E35EE2B5182B900F661E1 /* DJLibsManager.swift */ = {isa = PBXFileReference; fileEncoding = 4; lastKnownFileType = sourcecode.swift; path = DJLibsManager.swift; sourceTree = "<group>"; };
		BE0E35EF2B5182B900F661E1 /* DJRouterObjc.m */ = {isa = PBXFileReference; fileEncoding = 4; lastKnownFileType = sourcecode.c.objc; path = DJRouterObjc.m; sourceTree = "<group>"; };
		BE0E35F02B5182B900F661E1 /* DJRouterObjc.h */ = {isa = PBXFileReference; fileEncoding = 4; lastKnownFileType = sourcecode.c.h; path = DJRouterObjc.h; sourceTree = "<group>"; };
		BE1390A72B0B6903009B2BAA /* LXOutlineVC.swift */ = {isa = PBXFileReference; lastKnownFileType = sourcecode.swift; path = LXOutlineVC.swift; sourceTree = "<group>"; };
		BE1FBD492BA434D300B9A7CB /* DynamicLandExtensionExtension.appex */ = {isa = PBXFileReference; explicitFileType = "wrapper.app-extension"; includeInIndex = 0; path = DynamicLandExtensionExtension.appex; sourceTree = BUILT_PRODUCTS_DIR; };
		BE1FBD4D2BA434D400B9A7CB /* DynamicLandExtensionBundle.swift */ = {isa = PBXFileReference; lastKnownFileType = sourcecode.swift; path = DynamicLandExtensionBundle.swift; sourceTree = "<group>"; };
		BE1FBD4F2BA434D400B9A7CB /* DynamicLandExtensionLiveActivity.swift */ = {isa = PBXFileReference; lastKnownFileType = sourcecode.swift; path = DynamicLandExtensionLiveActivity.swift; sourceTree = "<group>"; };
		BE1FBD512BA434D400B9A7CB /* DynamicLandExtension.swift */ = {isa = PBXFileReference; lastKnownFileType = sourcecode.swift; path = DynamicLandExtension.swift; sourceTree = "<group>"; };
		BE1FBD532BA434D400B9A7CB /* AppIntent.swift */ = {isa = PBXFileReference; lastKnownFileType = sourcecode.swift; path = AppIntent.swift; sourceTree = "<group>"; };
		BE1FBD552BA434D600B9A7CB /* Assets.xcassets */ = {isa = PBXFileReference; lastKnownFileType = folder.assetcatalog; path = Assets.xcassets; sourceTree = "<group>"; };
		BE1FBD572BA434D600B9A7CB /* Info.plist */ = {isa = PBXFileReference; lastKnownFileType = text.plist.xml; path = Info.plist; sourceTree = "<group>"; };
		BE1FBD5F2BA4372600B9A7CB /* ActivityVM.swift */ = {isa = PBXFileReference; lastKnownFileType = sourcecode.swift; path = ActivityVM.swift; sourceTree = "<group>"; };
		BE1FBD622BA4399700B9A7CB /* LXDynamicLandVC.swift */ = {isa = PBXFileReference; lastKnownFileType = sourcecode.swift; path = LXDynamicLandVC.swift; sourceTree = "<group>"; };
		BE1FBD652BA4409300B9A7CB /* LXActivityAvatarView.swift */ = {isa = PBXFileReference; lastKnownFileType = sourcecode.swift; path = LXActivityAvatarView.swift; sourceTree = "<group>"; };
		BE1FBD672BA440FC00B9A7CB /* LXAvatarView.swift */ = {isa = PBXFileReference; lastKnownFileType = sourcecode.swift; path = LXAvatarView.swift; sourceTree = "<group>"; };
		BE29938B2AF0A29F00767EA0 /* LXLibManager.swift */ = {isa = PBXFileReference; lastKnownFileType = sourcecode.swift; path = LXLibManager.swift; sourceTree = "<group>"; };
		BE3067A22AE75AB400E9577C /* GameColors.swift */ = {isa = PBXFileReference; lastKnownFileType = sourcecode.swift; path = GameColors.swift; sourceTree = "<group>"; };
		BE3067A42AE75AE600E9577C /* HealthLevelShape.swift */ = {isa = PBXFileReference; lastKnownFileType = sourcecode.swift; path = HealthLevelShape.swift; sourceTree = "<group>"; };
		BE3067A72AE75D8C00E9577C /* ImageURLProtocol.swift */ = {isa = PBXFileReference; lastKnownFileType = sourcecode.swift; path = ImageURLProtocol.swift; sourceTree = "<group>"; };
		BE3067AB2AE7636A00E9577C /* HeroNameView.swift */ = {isa = PBXFileReference; lastKnownFileType = sourcecode.swift; path = HeroNameView.swift; sourceTree = "<group>"; };
		BE3067AD2AE7674100E9577C /* AvatarView.swift */ = {isa = PBXFileReference; lastKnownFileType = sourcecode.swift; path = AvatarView.swift; sourceTree = "<group>"; };
		BE3067AF2AE76A5300E9577C /* AdventureLiveActivityContent.swift */ = {isa = PBXFileReference; lastKnownFileType = sourcecode.swift; path = AdventureLiveActivityContent.swift; sourceTree = "<group>"; };
		BE3067B12AE76FCF00E9577C /* AllCharactersView.swift */ = {isa = PBXFileReference; lastKnownFileType = sourcecode.swift; path = AllCharactersView.swift; sourceTree = "<group>"; };
		BE3067B32AE7716500E9577C /* AdventureActivityConfiguration.swift */ = {isa = PBXFileReference; lastKnownFileType = sourcecode.swift; path = AdventureActivityConfiguration.swift; sourceTree = "<group>"; };
		BE3067B62AE795ED00E9577C /* SuperCharge.swift */ = {isa = PBXFileReference; lastKnownFileType = sourcecode.swift; path = SuperCharge.swift; sourceTree = "<group>"; };
		BE3067B82AE7980700E9577C /* EmojiRangerSelection.swift */ = {isa = PBXFileReference; lastKnownFileType = sourcecode.swift; path = EmojiRangerSelection.swift; sourceTree = "<group>"; };
		BE3067BB2AE7999E00E9577C /* IOSIntentProvider.swift */ = {isa = PBXFileReference; lastKnownFileType = sourcecode.swift; path = IOSIntentProvider.swift; sourceTree = "<group>"; };
		BE3067C12AE79C4600E9577C /* EmojiRangersIntents.appex */ = {isa = PBXFileReference; explicitFileType = "wrapper.extensionkit-extension"; includeInIndex = 0; path = EmojiRangersIntents.appex; sourceTree = BUILT_PRODUCTS_DIR; };
		BE3067C32AE79C4600E9577C /* EmojiRangersIntentsExtension.swift */ = {isa = PBXFileReference; lastKnownFileType = sourcecode.swift; path = EmojiRangersIntentsExtension.swift; sourceTree = "<group>"; };
		BE3067C52AE79C4600E9577C /* EmojiRangersIntents.swift */ = {isa = PBXFileReference; lastKnownFileType = sourcecode.swift; path = EmojiRangersIntents.swift; sourceTree = "<group>"; };
		BE3067C72AE79C4600E9577C /* Info.plist */ = {isa = PBXFileReference; lastKnownFileType = text.plist.xml; path = Info.plist; sourceTree = "<group>"; };
		BE3067CF2AE79DE800E9577C /* IntentHandler.swift */ = {isa = PBXFileReference; lastKnownFileType = sourcecode.swift; path = IntentHandler.swift; sourceTree = "<group>"; };
		BE3067D12AE7A00600E9577C /* DJTest.entitlements */ = {isa = PBXFileReference; lastKnownFileType = text.plist.entitlements; path = DJTest.entitlements; sourceTree = "<group>"; };
		BE3067D22AE7A04200E9577C /* LXToolKit_WidgetExtension.entitlements */ = {isa = PBXFileReference; lastKnownFileType = text.plist.entitlements; path = LXToolKit_WidgetExtension.entitlements; sourceTree = "<group>"; };
		BE3067D32AE7A05400E9577C /* EmojiRangersIntents.entitlements */ = {isa = PBXFileReference; lastKnownFileType = text.plist.entitlements; path = EmojiRangersIntents.entitlements; sourceTree = "<group>"; };
		BE3067D42AE7A29A00E9577C /* Intents.framework */ = {isa = PBXFileReference; lastKnownFileType = wrapper.framework; name = Intents.framework; path = System/Library/Frameworks/Intents.framework; sourceTree = SDKROOT; };
		BE3067D62AE7A53E00E9577C /* EmojiRangersWidget.intentdefinition */ = {isa = PBXFileReference; lastKnownFileType = file.intentdefinition; path = EmojiRangersWidget.intentdefinition; sourceTree = "<group>"; };
		BE41011E2B550D1600E260F7 /* LXFlutterVC.swift */ = {isa = PBXFileReference; lastKnownFileType = sourcecode.swift; path = LXFlutterVC.swift; sourceTree = "<group>"; };
		BE435AAD2AD794430076780C /* LXToolKit_WidgetExtension.appex */ = {isa = PBXFileReference; explicitFileType = "wrapper.app-extension"; includeInIndex = 0; path = LXToolKit_WidgetExtension.appex; sourceTree = BUILT_PRODUCTS_DIR; };
		BE435AAE2AD794430076780C /* WidgetKit.framework */ = {isa = PBXFileReference; lastKnownFileType = wrapper.framework; name = WidgetKit.framework; path = System/Library/Frameworks/WidgetKit.framework; sourceTree = SDKROOT; };
		BE435AB02AD794430076780C /* SwiftUI.framework */ = {isa = PBXFileReference; lastKnownFileType = wrapper.framework; name = SwiftUI.framework; path = System/Library/Frameworks/SwiftUI.framework; sourceTree = SDKROOT; };
		BE435AB32AD794440076780C /* LXToolKit_WidgetBundle.swift */ = {isa = PBXFileReference; lastKnownFileType = sourcecode.swift; path = LXToolKit_WidgetBundle.swift; sourceTree = "<group>"; };
		BE435AB52AD794440076780C /* LXToolKit_WidgetLiveActivity.swift */ = {isa = PBXFileReference; lastKnownFileType = sourcecode.swift; path = LXToolKit_WidgetLiveActivity.swift; sourceTree = "<group>"; };
		BE435AB72AD794440076780C /* LXToolKit_Widget.swift */ = {isa = PBXFileReference; lastKnownFileType = sourcecode.swift; path = LXToolKit_Widget.swift; sourceTree = "<group>"; };
		BE435AB92AD794440076780C /* AppIntent.swift */ = {isa = PBXFileReference; lastKnownFileType = sourcecode.swift; path = AppIntent.swift; sourceTree = "<group>"; };
		BE435ABB2AD794450076780C /* Assets.xcassets */ = {isa = PBXFileReference; lastKnownFileType = folder.assetcatalog; path = Assets.xcassets; sourceTree = "<group>"; };
		BE435ABD2AD794450076780C /* Info.plist */ = {isa = PBXFileReference; lastKnownFileType = text.plist.xml; path = Info.plist; sourceTree = "<group>"; };
		BE4ADA5D2B298E5200254989 /* Debug.xcconfig */ = {isa = PBXFileReference; lastKnownFileType = text.xcconfig; path = Debug.xcconfig; sourceTree = "<group>"; };
		BE4ADA5F2B298E5200254989 /* API.xcconfig */ = {isa = PBXFileReference; lastKnownFileType = text.xcconfig; path = API.xcconfig; sourceTree = "<group>"; };
		BE4ADA602B298E5200254989 /* Release.xcconfig */ = {isa = PBXFileReference; lastKnownFileType = text.xcconfig; path = Release.xcconfig; sourceTree = "<group>"; };
		BE4ADA622B298E5200254989 /* Common.Release.xcconfig */ = {isa = PBXFileReference; lastKnownFileType = text.xcconfig; path = Common.Release.xcconfig; sourceTree = "<group>"; };
		BE4ADA632B298E5200254989 /* Common.Debug.xcconfig */ = {isa = PBXFileReference; lastKnownFileType = text.xcconfig; path = Common.Debug.xcconfig; sourceTree = "<group>"; };
		BE4ADA642B298E5200254989 /* Common.xcconfig */ = {isa = PBXFileReference; lastKnownFileType = text.xcconfig; path = Common.xcconfig; sourceTree = "<group>"; };
		BE4ADA652B298E5200254989 /* Combine.xcconfig */ = {isa = PBXFileReference; lastKnownFileType = text.xcconfig; path = Combine.xcconfig; sourceTree = "<group>"; };
		BE4ADA662B298E5200254989 /* XcodeWarnings.xcconfig */ = {isa = PBXFileReference; lastKnownFileType = text.xcconfig; path = XcodeWarnings.xcconfig; sourceTree = "<group>"; };
		BE5267DA2B3F130200F1371C /* LXFlutterSampleVC.swift */ = {isa = PBXFileReference; lastKnownFileType = sourcecode.swift; path = LXFlutterSampleVC.swift; sourceTree = "<group>"; };
		BE56655E2B2C3CAD00D24B7C /* DJTestRouter.swift */ = {isa = PBXFileReference; lastKnownFileType = sourcecode.swift; path = DJTestRouter.swift; sourceTree = "<group>"; };
		BE6D6CDB2B6A2E59000700DF /* DJQuickHomeVC.h */ = {isa = PBXFileReference; lastKnownFileType = sourcecode.c.h; path = DJQuickHomeVC.h; sourceTree = "<group>"; };
		BE6D6CDC2B6A2E59000700DF /* DJQuickHomeVC.m */ = {isa = PBXFileReference; lastKnownFileType = sourcecode.c.objc; path = DJQuickHomeVC.m; sourceTree = "<group>"; };
		BE6D74E42B6A32BA000700DF /* PrefixHeader.pch */ = {isa = PBXFileReference; lastKnownFileType = sourcecode.c.h; path = PrefixHeader.pch; sourceTree = "<group>"; };
		BE720D9D2AE68CB300F016C5 /* DJActivityVC.swift */ = {isa = PBXFileReference; fileEncoding = 4; lastKnownFileType = sourcecode.swift; path = DJActivityVC.swift; sourceTree = "<group>"; };
		BE720D9F2AE68EED00F016C5 /* EmojiRangersWidget.swift */ = {isa = PBXFileReference; lastKnownFileType = sourcecode.swift; path = EmojiRangersWidget.swift; sourceTree = "<group>"; };
		BE720DA42AE68FAA00F016C5 /* AdventureAttributes.swift */ = {isa = PBXFileReference; fileEncoding = 4; lastKnownFileType = sourcecode.swift; path = AdventureAttributes.swift; sourceTree = "<group>"; };
		BE720DA52AE68FAA00F016C5 /* EmojiRanger.swift */ = {isa = PBXFileReference; fileEncoding = 4; lastKnownFileType = sourcecode.swift; path = EmojiRanger.swift; sourceTree = "<group>"; };
		BE855BB82AF0A64D00F95956 /* LXAMapTestVC.swift */ = {isa = PBXFileReference; lastKnownFileType = sourcecode.swift; path = LXAMapTestVC.swift; sourceTree = "<group>"; };
		BE9649972B3E950E00BCB578 /* Info-Debug.plist */ = {isa = PBXFileReference; lastKnownFileType = text.plist.xml; path = "Info-Debug.plist"; sourceTree = "<group>"; };
		BE99436C2B96C20A00A08BA0 /* Settings.bundle */ = {isa = PBXFileReference; lastKnownFileType = "wrapper.plug-in"; path = Settings.bundle; sourceTree = "<group>"; };
		BEA850F92B216B6100C6D019 /* LXFirstVC.swift */ = {isa = PBXFileReference; lastKnownFileType = sourcecode.swift; path = LXFirstVC.swift; sourceTree = "<group>"; };
		BEABE2982B5251CC00CD07B6 /* LXOutlineParamCell.swift */ = {isa = PBXFileReference; lastKnownFileType = sourcecode.swift; path = LXOutlineParamCell.swift; sourceTree = "<group>"; };
		BEACF6E62BA7EAD6000FADAF /* LXAppIntentProvider.swift */ = {isa = PBXFileReference; lastKnownFileType = sourcecode.swift; path = LXAppIntentProvider.swift; sourceTree = "<group>"; };
		BEACF6EA2BA822F1000FADAF /* LXLeaderboardProvider.swift */ = {isa = PBXFileReference; lastKnownFileType = sourcecode.swift; path = LXLeaderboardProvider.swift; sourceTree = "<group>"; };
		BEACF6F12BA8268B000FADAF /* LXAllCharactersView.swift */ = {isa = PBXFileReference; lastKnownFileType = sourcecode.swift; path = LXAllCharactersView.swift; sourceTree = "<group>"; };
		BEACF6F32BA82773000FADAF /* LXHealthLevelShape.swift */ = {isa = PBXFileReference; lastKnownFileType = sourcecode.swift; path = LXHealthLevelShape.swift; sourceTree = "<group>"; };
		BEB385592B3AE7B700D14351 /* LXSingleVC.swift */ = {isa = PBXFileReference; lastKnownFileType = sourcecode.swift; path = LXSingleVC.swift; sourceTree = "<group>"; };
		BEB3855B2B3AEB7F00D14351 /* LXHostVC.swift */ = {isa = PBXFileReference; lastKnownFileType = sourcecode.swift; path = LXHostVC.swift; sourceTree = "<group>"; };
		BEB3855D2B3AED7C00D14351 /* DataModel.swift */ = {isa = PBXFileReference; lastKnownFileType = sourcecode.swift; path = DataModel.swift; sourceTree = "<group>"; };
		BEB3855F2B3AEEFA00D14351 /* LXDoubleVC.swift */ = {isa = PBXFileReference; lastKnownFileType = sourcecode.swift; path = LXDoubleVC.swift; sourceTree = "<group>"; };
		BEE5A33C2AB974FA003339EB /* DJTest.app */ = {isa = PBXFileReference; explicitFileType = wrapper.application; includeInIndex = 0; path = DJTest.app; sourceTree = BUILT_PRODUCTS_DIR; };
		BEE5A33F2AB974FA003339EB /* AppDelegate.swift */ = {isa = PBXFileReference; lastKnownFileType = sourcecode.swift; path = AppDelegate.swift; sourceTree = "<group>"; };
		BEE5A3412AB974FA003339EB /* SceneDelegate.swift */ = {isa = PBXFileReference; lastKnownFileType = sourcecode.swift; path = SceneDelegate.swift; sourceTree = "<group>"; };
		BEE5A3432AB974FA003339EB /* ViewController.swift */ = {isa = PBXFileReference; lastKnownFileType = sourcecode.swift; path = ViewController.swift; sourceTree = "<group>"; };
		BEE5A3462AB974FA003339EB /* Base */ = {isa = PBXFileReference; lastKnownFileType = file.storyboard; name = Base; path = Base.lproj/Main.storyboard; sourceTree = "<group>"; };
		BEE5A3482AB974FB003339EB /* Assets.xcassets */ = {isa = PBXFileReference; lastKnownFileType = folder.assetcatalog; path = Assets.xcassets; sourceTree = "<group>"; };
		BEE5A34B2AB974FB003339EB /* Base */ = {isa = PBXFileReference; lastKnownFileType = file.storyboard; name = Base; path = Base.lproj/LaunchScreen.storyboard; sourceTree = "<group>"; };
		BEE5A34D2AB974FB003339EB /* Info-Release.plist */ = {isa = PBXFileReference; lastKnownFileType = text.plist.xml; path = "Info-Release.plist"; sourceTree = "<group>"; };
		BEF4B35F2AF3397900DA0607 /* DJTest.xcstrings */ = {isa = PBXFileReference; lastKnownFileType = text.json.xcstrings; path = DJTest.xcstrings; sourceTree = "<group>"; };
		BEF991142B9EAB1C00DB9692 /* DJRouter.swift */ = {isa = PBXFileReference; lastKnownFileType = sourcecode.swift; path = DJRouter.swift; sourceTree = "<group>"; };
		BEFA8DB32AE8E79F00933131 /* LeaderboardWidget.swift */ = {isa = PBXFileReference; lastKnownFileType = sourcecode.swift; path = LeaderboardWidget.swift; sourceTree = "<group>"; };
		BEFA8DCF2AE8EDA400933131 /* AdventureViewModel.swift */ = {isa = PBXFileReference; lastKnownFileType = sourcecode.swift; path = AdventureViewModel.swift; sourceTree = "<group>"; };
		BEFA8DD32AE8EDC400933131 /* AdventureView.swift */ = {isa = PBXFileReference; lastKnownFileType = sourcecode.swift; path = AdventureView.swift; sourceTree = "<group>"; };
		BEFA8E732AE90A8800933131 /* DetailView.swift */ = {isa = PBXFileReference; lastKnownFileType = sourcecode.swift; path = DetailView.swift; sourceTree = "<group>"; };
		BEFA8E772AE90DA100933131 /* EmojiRangersApp.swift */ = {isa = PBXFileReference; lastKnownFileType = sourcecode.swift; path = EmojiRangersApp.swift; sourceTree = "<group>"; };
		BEFB9B1B2B0CC4FB008B35F7 /* DJTest-Bridging-Header.h */ = {isa = PBXFileReference; lastKnownFileType = sourcecode.c.h; path = "DJTest-Bridging-Header.h"; sourceTree = "<group>"; };
/* End PBXFileReference section */

/* Begin PBXFrameworksBuildPhase section */
		BE1FBD462BA434D300B9A7CB /* Frameworks */ = {
			isa = PBXFrameworksBuildPhase;
			buildActionMask = 2147483647;
			files = (
				BE1FBD4B2BA434D400B9A7CB /* SwiftUI.framework in Frameworks */,
				BE1FBD4A2BA434D300B9A7CB /* WidgetKit.framework in Frameworks */,
			);
			runOnlyForDeploymentPostprocessing = 0;
		};
		BE3067BE2AE79C4600E9577C /* Frameworks */ = {
			isa = PBXFrameworksBuildPhase;
			buildActionMask = 2147483647;
			files = (
				BE3067D52AE7A29A00E9577C /* Intents.framework in Frameworks */,
			);
			runOnlyForDeploymentPostprocessing = 0;
		};
		BE435AAA2AD794430076780C /* Frameworks */ = {
			isa = PBXFrameworksBuildPhase;
			buildActionMask = 2147483647;
			files = (
				BE435AB12AD794430076780C /* SwiftUI.framework in Frameworks */,
				BE435AAF2AD794430076780C /* WidgetKit.framework in Frameworks */,
			);
			runOnlyForDeploymentPostprocessing = 0;
		};
		BEE5A3392AB974FA003339EB /* Frameworks */ = {
			isa = PBXFrameworksBuildPhase;
			buildActionMask = 2147483647;
			files = (
				3451B3D8ACB9B1C9E9598A37 /* Pods_DJTest.framework in Frameworks */,
			);
			runOnlyForDeploymentPostprocessing = 0;
		};
/* End PBXFrameworksBuildPhase section */

/* Begin PBXGroup section */
		A36CD53F3D1845E9E077C9BE /* Frameworks */ = {
			isa = PBXGroup;
			children = (
				BE3067D42AE7A29A00E9577C /* Intents.framework */,
				96BB082225CCC74FBFAF704B /* Pods_DJTest.framework */,
				BE435AAE2AD794430076780C /* WidgetKit.framework */,
				BE435AB02AD794430076780C /* SwiftUI.framework */,
			);
			name = Frameworks;
			sourceTree = "<group>";
		};
		AECCFA58141E2374488A4CFB /* Pods */ = {
			isa = PBXGroup;
			children = (
				83B8ED913EE52F4C5A9F4151 /* Pods-DJTest.debug.xcconfig */,
				59DBFDB0E53CD81EB38205CF /* Pods-DJTest.release.xcconfig */,
			);
			path = Pods;
			sourceTree = "<group>";
		};
		BE1FBD4C2BA434D400B9A7CB /* DynamicLandExtension */ = {
			isa = PBXGroup;
			children = (
				BEACF6F02BA82673000FADAF /* View */,
				BEACF6E52BA7EAB1000FADAF /* Intent Providers */,
				BE1FBD4D2BA434D400B9A7CB /* DynamicLandExtensionBundle.swift */,
				BE1FBD4F2BA434D400B9A7CB /* DynamicLandExtensionLiveActivity.swift */,
				BE1FBD512BA434D400B9A7CB /* DynamicLandExtension.swift */,
				BEACF6EA2BA822F1000FADAF /* LXLeaderboardProvider.swift */,
				BE1FBD532BA434D400B9A7CB /* AppIntent.swift */,
				BE1FBD552BA434D600B9A7CB /* Assets.xcassets */,
				BE1FBD572BA434D600B9A7CB /* Info.plist */,
			);
			path = DynamicLandExtension;
			sourceTree = "<group>";
		};
		BE1FBD5E2BA4371500B9A7CB /* dynamic land */ = {
			isa = PBXGroup;
			children = (
				BE1FBD5F2BA4372600B9A7CB /* ActivityVM.swift */,
				BE1FBD622BA4399700B9A7CB /* LXDynamicLandVC.swift */,
				BE1FBD642BA4407C00B9A7CB /* View */,
			);
			path = "dynamic land";
			sourceTree = "<group>";
		};
		BE1FBD642BA4407C00B9A7CB /* View */ = {
			isa = PBXGroup;
			children = (
				BE1FBD652BA4409300B9A7CB /* LXActivityAvatarView.swift */,
				BE1FBD672BA440FC00B9A7CB /* LXAvatarView.swift */,
			);
			path = View;
			sourceTree = "<group>";
		};
		BE29938A2AF0A28D00767EA0 /* Manager */ = {
			isa = PBXGroup;
			children = (
				BE29938B2AF0A29F00767EA0 /* LXLibManager.swift */,
			);
			path = Manager;
			sourceTree = "<group>";
		};
		BE299BDB2AF0A59F00767EA0 /* 10-31 */ = {
			isa = PBXGroup;
			children = (
				BE855BB82AF0A64D00F95956 /* LXAMapTestVC.swift */,
			);
			path = "10-31";
			sourceTree = "<group>";
		};
		BE3067A12AE75AA700E9577C /* Views */ = {
			isa = PBXGroup;
			children = (
				BE3067A22AE75AB400E9577C /* GameColors.swift */,
				BE3067AD2AE7674100E9577C /* AvatarView.swift */,
				BE3067A42AE75AE600E9577C /* HealthLevelShape.swift */,
				BE3067AB2AE7636A00E9577C /* HeroNameView.swift */,
				BE3067AF2AE76A5300E9577C /* AdventureLiveActivityContent.swift */,
				BE3067B12AE76FCF00E9577C /* AllCharactersView.swift */,
			);
			path = Views;
			sourceTree = "<group>";
		};
		BE3067A62AE75D8400E9577C /* Mock API */ = {
			isa = PBXGroup;
			children = (
				BE3067A72AE75D8C00E9577C /* ImageURLProtocol.swift */,
			);
			path = "Mock API";
			sourceTree = "<group>";
		};
		BE3067B52AE795DA00E9577C /* App Intent */ = {
			isa = PBXGroup;
			children = (
				BE3067B62AE795ED00E9577C /* SuperCharge.swift */,
				BE3067B82AE7980700E9577C /* EmojiRangerSelection.swift */,
			);
			path = "App Intent";
			sourceTree = "<group>";
		};
		BE3067BA2AE7991300E9577C /* Intent Providers */ = {
			isa = PBXGroup;
			children = (
				BE3067BB2AE7999E00E9577C /* IOSIntentProvider.swift */,
			);
			path = "Intent Providers";
			sourceTree = "<group>";
		};
		BE3067C22AE79C4600E9577C /* EmojiRangersIntents */ = {
			isa = PBXGroup;
			children = (
				BE3067D32AE7A05400E9577C /* EmojiRangersIntents.entitlements */,
				BE3067C32AE79C4600E9577C /* EmojiRangersIntentsExtension.swift */,
				BE3067C52AE79C4600E9577C /* EmojiRangersIntents.swift */,
				BE3067C72AE79C4600E9577C /* Info.plist */,
				BE3067CF2AE79DE800E9577C /* IntentHandler.swift */,
			);
			path = EmojiRangersIntents;
			sourceTree = "<group>";
		};
		BE435AB22AD794440076780C /* LXToolKit_Widget */ = {
			isa = PBXGroup;
			children = (
				BE3067BA2AE7991300E9577C /* Intent Providers */,
				BE435AB32AD794440076780C /* LXToolKit_WidgetBundle.swift */,
				BE435AB52AD794440076780C /* LXToolKit_WidgetLiveActivity.swift */,
				BE3067B32AE7716500E9577C /* AdventureActivityConfiguration.swift */,
				BE435AB72AD794440076780C /* LXToolKit_Widget.swift */,
				BE720D9F2AE68EED00F016C5 /* EmojiRangersWidget.swift */,
				BEFA8DB32AE8E79F00933131 /* LeaderboardWidget.swift */,
				BE435AB92AD794440076780C /* AppIntent.swift */,
				BE435ABB2AD794450076780C /* Assets.xcassets */,
				BE435ABD2AD794450076780C /* Info.plist */,
				BE3067D62AE7A53E00E9577C /* EmojiRangersWidget.intentdefinition */,
			);
			path = LXToolKit_Widget;
			sourceTree = "<group>";
		};
		BE491F9E2B50D6160001B3D8 /* DJ */ = {
			isa = PBXGroup;
			children = (
				BE0E35F02B5182B900F661E1 /* DJRouterObjc.h */,
				BE0E35EF2B5182B900F661E1 /* DJRouterObjc.m */,
				BEF991142B9EAB1C00DB9692 /* DJRouter.swift */,
				BE0E35EE2B5182B900F661E1 /* DJLibsManager.swift */,
			);
			path = DJ;
			sourceTree = "<group>";
		};
		BE4AC6782B294DD000254989 /* Configuration */ = {
			isa = PBXGroup;
			children = (
				BE4ADA5F2B298E5200254989 /* API.xcconfig */,
				BE4ADA612B298E5200254989 /* Common */,
				BE4ADA5D2B298E5200254989 /* Debug.xcconfig */,
				BE4ADA602B298E5200254989 /* Release.xcconfig */,
			);
			path = Configuration;
			sourceTree = "<group>";
		};
		BE4ADA612B298E5200254989 /* Common */ = {
			isa = PBXGroup;
			children = (
				BE4ADA622B298E5200254989 /* Common.Release.xcconfig */,
				BE4ADA632B298E5200254989 /* Common.Debug.xcconfig */,
				BE4ADA642B298E5200254989 /* Common.xcconfig */,
				BE4ADA652B298E5200254989 /* Combine.xcconfig */,
				BE4ADA662B298E5200254989 /* XcodeWarnings.xcconfig */,
			);
			path = Common;
			sourceTree = "<group>";
		};
		BE6D6CD52B6A2E02000700DF /* DJ.daily */ = {
			isa = PBXGroup;
			children = (
				BE6D6CD82B6A2E35000700DF /* quickHome */,
			);
			path = DJ.daily;
			sourceTree = "<group>";
		};
		BE6D6CD82B6A2E35000700DF /* quickHome */ = {
			isa = PBXGroup;
			children = (
				BE6D6CDB2B6A2E59000700DF /* DJQuickHomeVC.h */,
				BE6D6CDC2B6A2E59000700DF /* DJQuickHomeVC.m */,
			);
			path = quickHome;
			sourceTree = "<group>";
		};
		BE720D9B2AE68CB300F016C5 /* Daily */ = {
			isa = PBXGroup;
			children = (
				BE299BDB2AF0A59F00767EA0 /* 10-31 */,
				BE720D9C2AE68CB300F016C5 /* 10-23 */,
			);
			path = Daily;
			sourceTree = "<group>";
		};
		BE720D9C2AE68CB300F016C5 /* 10-23 */ = {
			isa = PBXGroup;
			children = (
				BE3067B52AE795DA00E9577C /* App Intent */,
				BE720DA12AE68FAA00F016C5 /* Emoji Rangers */,
				BE720D9D2AE68CB300F016C5 /* DJActivityVC.swift */,
			);
			path = "10-23";
			sourceTree = "<group>";
		};
		BE720DA12AE68FAA00F016C5 /* Emoji Rangers */ = {
			isa = PBXGroup;
			children = (
				BEFA8DCE2AE8ED9500933131 /* Game Status */,
				BE720DA22AE68FAA00F016C5 /* Shared */,
				BEFA8E772AE90DA100933131 /* EmojiRangersApp.swift */,
			);
			path = "Emoji Rangers";
			sourceTree = "<group>";
		};
		BE720DA22AE68FAA00F016C5 /* Shared */ = {
			isa = PBXGroup;
			children = (
				BE3067A62AE75D8400E9577C /* Mock API */,
				BE3067A12AE75AA700E9577C /* Views */,
				BE720DA32AE68FAA00F016C5 /* Data */,
			);
			path = Shared;
			sourceTree = "<group>";
		};
		BE720DA32AE68FAA00F016C5 /* Data */ = {
			isa = PBXGroup;
			children = (
				BE720DA42AE68FAA00F016C5 /* AdventureAttributes.swift */,
				BE720DA52AE68FAA00F016C5 /* EmojiRanger.swift */,
			);
			path = Data;
			sourceTree = "<group>";
		};
		BEACF6E52BA7EAB1000FADAF /* Intent Providers */ = {
			isa = PBXGroup;
			children = (
				BEACF6E62BA7EAD6000FADAF /* LXAppIntentProvider.swift */,
			);
			path = "Intent Providers";
			sourceTree = "<group>";
		};
		BEACF6F02BA82673000FADAF /* View */ = {
			isa = PBXGroup;
			children = (
				BEACF6F12BA8268B000FADAF /* LXAllCharactersView.swift */,
				BEACF6F32BA82773000FADAF /* LXHealthLevelShape.swift */,
			);
			path = View;
			sourceTree = "<group>";
		};
		BEB385582B3AE79400D14351 /* Flutter_Ex */ = {
			isa = PBXGroup;
			children = (
				BEB385592B3AE7B700D14351 /* LXSingleVC.swift */,
				BEB3855B2B3AEB7F00D14351 /* LXHostVC.swift */,
				BEB3855F2B3AEEFA00D14351 /* LXDoubleVC.swift */,
				BEB3855D2B3AED7C00D14351 /* DataModel.swift */,
				BE5267DA2B3F130200F1371C /* LXFlutterSampleVC.swift */,
				BE41011E2B550D1600E260F7 /* LXFlutterVC.swift */,
			);
			path = Flutter_Ex;
			sourceTree = "<group>";
		};
		BEE5A3332AB974FA003339EB = {
			isa = PBXGroup;
			children = (
				BE3067D22AE7A04200E9577C /* LXToolKit_WidgetExtension.entitlements */,
				BE4AC6782B294DD000254989 /* Configuration */,
				BEE5A33E2AB974FA003339EB /* DJTest */,
				BE435AB22AD794440076780C /* LXToolKit_Widget */,
				BE3067C22AE79C4600E9577C /* EmojiRangersIntents */,
				BE1FBD4C2BA434D400B9A7CB /* DynamicLandExtension */,
				BEE5A33D2AB974FA003339EB /* Products */,
				AECCFA58141E2374488A4CFB /* Pods */,
				A36CD53F3D1845E9E077C9BE /* Frameworks */,
			);
			sourceTree = "<group>";
		};
		BEE5A33D2AB974FA003339EB /* Products */ = {
			isa = PBXGroup;
			children = (
				BEE5A33C2AB974FA003339EB /* DJTest.app */,
				BE435AAD2AD794430076780C /* LXToolKit_WidgetExtension.appex */,
				BE3067C12AE79C4600E9577C /* EmojiRangersIntents.appex */,
				BE1FBD492BA434D300B9A7CB /* DynamicLandExtensionExtension.appex */,
			);
			name = Products;
			sourceTree = "<group>";
		};
		BEE5A33E2AB974FA003339EB /* DJTest */ = {
			isa = PBXGroup;
			children = (
				BE1FBD5E2BA4371500B9A7CB /* dynamic land */,
				BE6D6CD52B6A2E02000700DF /* DJ.daily */,
				BE491F9E2B50D6160001B3D8 /* DJ */,
				BEB385582B3AE79400D14351 /* Flutter_Ex */,
				BE3067D12AE7A00600E9577C /* DJTest.entitlements */,
				BE720D9B2AE68CB300F016C5 /* Daily */,
				BE29938A2AF0A28D00767EA0 /* Manager */,
				BEE5A33F2AB974FA003339EB /* AppDelegate.swift */,
				BEE5A3412AB974FA003339EB /* SceneDelegate.swift */,
				BEE5A3432AB974FA003339EB /* ViewController.swift */,
				BEA850F92B216B6100C6D019 /* LXFirstVC.swift */,
				BE56655E2B2C3CAD00D24B7C /* DJTestRouter.swift */,
				BE1390A72B0B6903009B2BAA /* LXOutlineVC.swift */,
				BEABE2982B5251CC00CD07B6 /* LXOutlineParamCell.swift */,
				BEE5A3452AB974FA003339EB /* Main.storyboard */,
				BEE5A3482AB974FB003339EB /* Assets.xcassets */,
				BEF4B35F2AF3397900DA0607 /* DJTest.xcstrings */,
				BEE5A34A2AB974FB003339EB /* LaunchScreen.storyboard */,
				BE0C98B72AF23BA400489AD7 /* GoogleService-Info.plist */,
				BEE5A34D2AB974FB003339EB /* Info-Release.plist */,
				BE9649972B3E950E00BCB578 /* Info-Debug.plist */,
				BE99436C2B96C20A00A08BA0 /* Settings.bundle */,
				BEFB9B1B2B0CC4FB008B35F7 /* DJTest-Bridging-Header.h */,
				BE6D74E42B6A32BA000700DF /* PrefixHeader.pch */,
			);
			path = DJTest;
			sourceTree = "<group>";
		};
		BEFA8DCE2AE8ED9500933131 /* Game Status */ = {
			isa = PBXGroup;
			children = (
				BEFA8DCF2AE8EDA400933131 /* AdventureViewModel.swift */,
				BEFA8DD32AE8EDC400933131 /* AdventureView.swift */,
				BEFA8E732AE90A8800933131 /* DetailView.swift */,
			);
			path = "Game Status";
			sourceTree = "<group>";
		};
/* End PBXGroup section */

/* Begin PBXNativeTarget section */
		BE1FBD482BA434D300B9A7CB /* DynamicLandExtensionExtension */ = {
			isa = PBXNativeTarget;
			buildConfigurationList = BE1FBD5D2BA434D600B9A7CB /* Build configuration list for PBXNativeTarget "DynamicLandExtensionExtension" */;
			buildPhases = (
				BE1FBD452BA434D300B9A7CB /* Sources */,
				BE1FBD462BA434D300B9A7CB /* Frameworks */,
				BE1FBD472BA434D300B9A7CB /* Resources */,
			);
			buildRules = (
			);
			dependencies = (
			);
			name = DynamicLandExtensionExtension;
			productName = DynamicLandExtensionExtension;
			productReference = BE1FBD492BA434D300B9A7CB /* DynamicLandExtensionExtension.appex */;
			productType = "com.apple.product-type.app-extension";
		};
		BE3067C02AE79C4600E9577C /* EmojiRangersIntents */ = {
			isa = PBXNativeTarget;
			buildConfigurationList = BE3067CB2AE79C4600E9577C /* Build configuration list for PBXNativeTarget "EmojiRangersIntents" */;
			buildPhases = (
				BE3067BD2AE79C4600E9577C /* Sources */,
				BE3067BE2AE79C4600E9577C /* Frameworks */,
				BE3067BF2AE79C4600E9577C /* Resources */,
			);
			buildRules = (
			);
			dependencies = (
			);
			name = EmojiRangersIntents;
			productName = EmojiRangersIntents;
			productReference = BE3067C12AE79C4600E9577C /* EmojiRangersIntents.appex */;
			productType = "com.apple.product-type.extensionkit-extension";
		};
		BE435AAC2AD794430076780C /* LXToolKit_WidgetExtension */ = {
			isa = PBXNativeTarget;
			buildConfigurationList = BE435AC42AD794450076780C /* Build configuration list for PBXNativeTarget "LXToolKit_WidgetExtension" */;
			buildPhases = (
				BE435AA92AD794430076780C /* Sources */,
				BE435AAA2AD794430076780C /* Frameworks */,
				BE435AAB2AD794430076780C /* Resources */,
			);
			buildRules = (
			);
			dependencies = (
			);
			name = LXToolKit_WidgetExtension;
			productName = LXToolKit_WidgetExtension;
			productReference = BE435AAD2AD794430076780C /* LXToolKit_WidgetExtension.appex */;
			productType = "com.apple.product-type.app-extension";
		};
		BEE5A33B2AB974FA003339EB /* DJTest */ = {
			isa = PBXNativeTarget;
			buildConfigurationList = BEE5A3502AB974FB003339EB /* Build configuration list for PBXNativeTarget "DJTest" */;
			buildPhases = (
				6E689153D0C27833FBA34369 /* [CP] Check Pods Manifest.lock */,
				BEE5A3382AB974FA003339EB /* Sources */,
				BEE5A3392AB974FA003339EB /* Frameworks */,
				BEE5A33A2AB974FA003339EB /* Resources */,
				BE435AC12AD794450076780C /* Embed Foundation Extensions */,
				BE3067CE2AE79C4600E9577C /* Embed ExtensionKit Extensions */,
				BE68A5F72AEBD92200267457 /* FirebaseCrashlytics */,
				F30D86F4BFAE0AB0F883B584 /* [CP] Copy Pods Resources */,
				D020C756606E7AEB35D1E58C /* [CP] Embed Pods Frameworks */,
			);
			buildRules = (
			);
			dependencies = (
				BE435ABF2AD794450076780C /* PBXTargetDependency */,
				BE3067C92AE79C4600E9577C /* PBXTargetDependency */,
				BE1FBD592BA434D600B9A7CB /* PBXTargetDependency */,
			);
			name = DJTest;
			productName = DJTest;
			productReference = BEE5A33C2AB974FA003339EB /* DJTest.app */;
			productType = "com.apple.product-type.application";
		};
/* End PBXNativeTarget section */

/* Begin PBXProject section */
		BEE5A3342AB974FA003339EB /* Project object */ = {
			isa = PBXProject;
			attributes = {
				BuildIndependentTargetsInParallel = 1;
				LastSwiftUpdateCheck = 1520;
				LastUpgradeCheck = 1500;
				TargetAttributes = {
					BE1FBD482BA434D300B9A7CB = {
						CreatedOnToolsVersion = 15.2;
					};
					BE3067C02AE79C4600E9577C = {
						CreatedOnToolsVersion = 15.0;
					};
					BE435AAC2AD794430076780C = {
						CreatedOnToolsVersion = 15.0;
					};
					BEE5A33B2AB974FA003339EB = {
						CreatedOnToolsVersion = 15.0;
						LastSwiftMigration = 1500;
					};
				};
			};
			buildConfigurationList = BEE5A3372AB974FA003339EB /* Build configuration list for PBXProject "DJTest" */;
			compatibilityVersion = "Xcode 14.0";
			developmentRegion = en;
			hasScannedForEncodings = 0;
			knownRegions = (
				en,
				Base,
				"zh-Hans",
			);
			mainGroup = BEE5A3332AB974FA003339EB;
			productRefGroup = BEE5A33D2AB974FA003339EB /* Products */;
			projectDirPath = "";
			projectRoot = "";
			targets = (
				BEE5A33B2AB974FA003339EB /* DJTest */,
				BE435AAC2AD794430076780C /* LXToolKit_WidgetExtension */,
				BE3067C02AE79C4600E9577C /* EmojiRangersIntents */,
				BE1FBD482BA434D300B9A7CB /* DynamicLandExtensionExtension */,
			);
		};
/* End PBXProject section */

/* Begin PBXResourcesBuildPhase section */
		BE1FBD472BA434D300B9A7CB /* Resources */ = {
			isa = PBXResourcesBuildPhase;
			buildActionMask = 2147483647;
			files = (
				BE1FBD562BA434D600B9A7CB /* Assets.xcassets in Resources */,
			);
			runOnlyForDeploymentPostprocessing = 0;
		};
		BE3067BF2AE79C4600E9577C /* Resources */ = {
			isa = PBXResourcesBuildPhase;
			buildActionMask = 2147483647;
			files = (
			);
			runOnlyForDeploymentPostprocessing = 0;
		};
		BE435AAB2AD794430076780C /* Resources */ = {
			isa = PBXResourcesBuildPhase;
			buildActionMask = 2147483647;
			files = (
				BE435ABC2AD794450076780C /* Assets.xcassets in Resources */,
			);
			runOnlyForDeploymentPostprocessing = 0;
		};
		BEE5A33A2AB974FA003339EB /* Resources */ = {
			isa = PBXResourcesBuildPhase;
			buildActionMask = 2147483647;
			files = (
				BEE5A34C2AB974FB003339EB /* LaunchScreen.storyboard in Resources */,
				BEF4B3602AF3397900DA0607 /* DJTest.xcstrings in Resources */,
				BE0C98B82AF23BA400489AD7 /* GoogleService-Info.plist in Resources */,
				BEE5A3472AB974FA003339EB /* Main.storyboard in Resources */,
				BE49D2662B51274F0001B3D8 /* Assets.xcassets in Resources */,
				BE99436D2B96C20A00A08BA0 /* Settings.bundle in Resources */,
			);
			runOnlyForDeploymentPostprocessing = 0;
		};
/* End PBXResourcesBuildPhase section */

/* Begin PBXShellScriptBuildPhase section */
		6E689153D0C27833FBA34369 /* [CP] Check Pods Manifest.lock */ = {
			isa = PBXShellScriptBuildPhase;
			buildActionMask = 2147483647;
			files = (
			);
			inputFileListPaths = (
			);
			inputPaths = (
				"${PODS_PODFILE_DIR_PATH}/Podfile.lock",
				"${PODS_ROOT}/Manifest.lock",
			);
			name = "[CP] Check Pods Manifest.lock";
			outputFileListPaths = (
			);
			outputPaths = (
				"$(DERIVED_FILE_DIR)/Pods-DJTest-checkManifestLockResult.txt",
			);
			runOnlyForDeploymentPostprocessing = 0;
			shellPath = /bin/sh;
			shellScript = "diff \"${PODS_PODFILE_DIR_PATH}/Podfile.lock\" \"${PODS_ROOT}/Manifest.lock\" > /dev/null\nif [ $? != 0 ] ; then\n    # print error to STDERR\n    echo \"error: The sandbox is not in sync with the Podfile.lock. Run 'pod install' or update your CocoaPods installation.\" >&2\n    exit 1\nfi\n# This output is used by Xcode 'outputs' to avoid re-running this script phase.\necho \"SUCCESS\" > \"${SCRIPT_OUTPUT_FILE_0}\"\n";
			showEnvVarsInLog = 0;
		};
		BE68A5F72AEBD92200267457 /* FirebaseCrashlytics */ = {
			isa = PBXShellScriptBuildPhase;
			buildActionMask = 2147483647;
			files = (
			);
			inputFileListPaths = (
			);
			inputPaths = (
				"${DWARF_DSYM_FOLDER_PATH}/${DWARF_DSYM_FILE_NAME}",
				"${DWARF_DSYM_FOLDER_PATH}/${DWARF_DSYM_FILE_NAME}/Contents/Resources/DWARF/${PRODUCT_NAME}",
				"${DWARF_DSYM_FOLDER_PATH}/${DWARF_DSYM_FILE_NAME}/Contents/Info.plist",
				"${TARGET_BUILD_DIR}/${UNLOCALIZED_RESOURCES_FOLDER_PATH}/GoogleService-Info.plist",
				"${TARGET_BUILD_DIR}/${EXECUTABLE_PATH}",
			);
			name = FirebaseCrashlytics;
			outputFileListPaths = (
			);
			outputPaths = (
			);
			runOnlyForDeploymentPostprocessing = 0;
			shellPath = /bin/sh;
			shellScript = "# Type a script or drag a script file from your workspace to insert its path.\n\"${PODS_ROOT}/FirebaseCrashlytics/run\"\n\n\necho \"-->1: \", ${DWARF_DSYM_FOLDER_PATH}/${DWARF_DSYM_FILE_NAME}\necho \"-->2: \", ${DWARF_DSYM_FOLDER_PATH}/${DWARF_DSYM_FILE_NAME}/Contents/Resources/DWARF/${PRODUCT_NAME}\necho \"-->3: \", ${DWARF_DSYM_FOLDER_PATH}/${DWARF_DSYM_FILE_NAME}/Contents/Info.plist\necho \"-->4: \", $(TARGET_BUILD_DIR)/$(UNLOCALIZED_RESOURCES_FOLDER_PATH)/GoogleService-Info.plist\necho \"-->4.1: \", ${TARGET_BUILD_DIR}/${UNLOCALIZED_RESOURCES_FOLDER_PATH}/GoogleService-Info.plist\necho \"-->5: \", $(TARGET_BUILD_DIR)/$(EXECUTABLE_PATH)\necho \"-->5.1: \", ${TARGET_BUILD_DIR}/${EXECUTABLE_PATH}\necho \"-->TARGET_BUILD_DIR: \", $TARGET_BUILD_DIR\necho \"-->UNLOCALIZED_RESOURCES_FOLDER_PATH: \", $UNLOCALIZED_RESOURCES_FOLDER_PATH\necho \"EXECUTABLE_PATH: \", $EXECUTABLE_PATH\n";
		};
		D020C756606E7AEB35D1E58C /* [CP] Embed Pods Frameworks */ = {
			isa = PBXShellScriptBuildPhase;
			buildActionMask = 2147483647;
			files = (
			);
			inputFileListPaths = (
			);
			name = "[CP] Embed Pods Frameworks";
			outputFileListPaths = (
			);
			runOnlyForDeploymentPostprocessing = 0;
			shellPath = /bin/sh;
			shellScript = "\"${PODS_ROOT}/Target Support Files/Pods-DJTest/Pods-DJTest-frameworks.sh\"\n";
			showEnvVarsInLog = 0;
		};
		F30D86F4BFAE0AB0F883B584 /* [CP] Copy Pods Resources */ = {
			isa = PBXShellScriptBuildPhase;
			buildActionMask = 2147483647;
			files = (
			);
			inputFileListPaths = (
			);
			name = "[CP] Copy Pods Resources";
			outputFileListPaths = (
			);
			runOnlyForDeploymentPostprocessing = 0;
			shellPath = /bin/sh;
			shellScript = "\"${PODS_ROOT}/Target Support Files/Pods-DJTest/Pods-DJTest-resources.sh\"\n";
			showEnvVarsInLog = 0;
		};
/* End PBXShellScriptBuildPhase section */

/* Begin PBXSourcesBuildPhase section */
		BE1FBD452BA434D300B9A7CB /* Sources */ = {
			isa = PBXSourcesBuildPhase;
			buildActionMask = 2147483647;
			files = (
				BE1FBD6E2BA46EFD00B9A7CB /* HealthLevelShape.swift in Sources */,
				BEACF6E92BA81E5D000FADAF /* SuperCharge.swift in Sources */,
				BE1FBD692BA441A500B9A7CB /* LXAvatarView.swift in Sources */,
				BE1FBD6C2BA4426B00B9A7CB /* ImageURLProtocol.swift in Sources */,
				BE1FBD6B2BA4424D00B9A7CB /* EmojiRanger.swift in Sources */,
				BE1FBD522BA434D400B9A7CB /* DynamicLandExtension.swift in Sources */,
				BEACF6F62BA8285C000FADAF /* LXHealthLevelShape.swift in Sources */,
				BEACF6F52BA82853000FADAF /* LXAllCharactersView.swift in Sources */,
				BEACF6E82BA7EB28000FADAF /* LXAppIntentProvider.swift in Sources */,
				BEACF6EE2BA824E7000FADAF /* LXLeaderboardProvider.swift in Sources */,
				BE1FBD6A2BA441B000B9A7CB /* LXActivityAvatarView.swift in Sources */,
				BE1FBD542BA434D400B9A7CB /* AppIntent.swift in Sources */,
				BE1FBD6D2BA442B300B9A7CB /* GameColors.swift in Sources */,
				BE1FBD4E2BA434D400B9A7CB /* DynamicLandExtensionBundle.swift in Sources */,
				BE1FBD502BA434D400B9A7CB /* DynamicLandExtensionLiveActivity.swift in Sources */,
			);
			runOnlyForDeploymentPostprocessing = 0;
		};
		BE3067BD2AE79C4600E9577C /* Sources */ = {
			isa = PBXSourcesBuildPhase;
			buildActionMask = 2147483647;
			files = (
				BE3067C42AE79C4600E9577C /* EmojiRangersIntentsExtension.swift in Sources */,
				BEFA8DC22AE8EAE400933131 /* HeroNameView.swift in Sources */,
				BEFA8DC42AE8EAE900933131 /* AdventureLiveActivityContent.swift in Sources */,
				BEFA8DC62AE8EAFD00933131 /* ImageURLProtocol.swift in Sources */,
				BEFA8DBE2AE8EAB900933131 /* HealthLevelShape.swift in Sources */,
				BE3067D02AE79DE800E9577C /* IntentHandler.swift in Sources */,
				BEFA8DBA2AE8EA6F00933131 /* AllCharactersView.swift in Sources */,
				BE3067D72AE7A53E00E9577C /* EmojiRangersWidget.intentdefinition in Sources */,
				BEFA8DBC2AE8EAB300933131 /* AvatarView.swift in Sources */,
				BE3067C62AE79C4600E9577C /* EmojiRangersIntents.swift in Sources */,
				BEFA8DB82AE8E8C200933131 /* EmojiRanger.swift in Sources */,
				BEFA8DC02AE8EAD800933131 /* GameColors.swift in Sources */,
				BEFA8DC82AE8EB1000933131 /* AdventureAttributes.swift in Sources */,
			);
			runOnlyForDeploymentPostprocessing = 0;
		};
		BE435AA92AD794430076780C /* Sources */ = {
			isa = PBXSourcesBuildPhase;
			buildActionMask = 2147483647;
			files = (
				BEFA8DBD2AE8EAB900933131 /* HealthLevelShape.swift in Sources */,
				BEFA8DCB2AE8EC6700933131 /* EmojiRangersWidget.swift in Sources */,
				BEFA8DC72AE8EB0F00933131 /* AdventureAttributes.swift in Sources */,
				BEFA8DC32AE8EAE800933131 /* AdventureLiveActivityContent.swift in Sources */,
				BE435AB82AD794440076780C /* LXToolKit_Widget.swift in Sources */,
				BEFA8DB72AE8E8C100933131 /* EmojiRanger.swift in Sources */,
				BE435ABA2AD794440076780C /* AppIntent.swift in Sources */,
				BEFA8DCA2AE8EC6000933131 /* AdventureActivityConfiguration.swift in Sources */,
				BE3069A32AE7AC4200E9577C /* EmojiRangersWidget.intentdefinition in Sources */,
				BEFA8DB52AE8E79F00933131 /* LeaderboardWidget.swift in Sources */,
				BE435AB42AD794440076780C /* LXToolKit_WidgetBundle.swift in Sources */,
				BEFA8DB92AE8EA6E00933131 /* AllCharactersView.swift in Sources */,
				BEFA8DC92AE8EC5700933131 /* IOSIntentProvider.swift in Sources */,
				BEFA8DC52AE8EAFC00933131 /* ImageURLProtocol.swift in Sources */,
				BEFA8DBB2AE8EAB200933131 /* AvatarView.swift in Sources */,
				BE435AB62AD794440076780C /* LXToolKit_WidgetLiveActivity.swift in Sources */,
				BEFA8DBF2AE8EAD700933131 /* GameColors.swift in Sources */,
				BEFA8DCC2AE8ED0200933131 /* SuperCharge.swift in Sources */,
				BEFA8DCD2AE8ED0D00933131 /* EmojiRangerSelection.swift in Sources */,
				BEFA8DC12AE8EAE300933131 /* HeroNameView.swift in Sources */,
			);
			runOnlyForDeploymentPostprocessing = 0;
		};
		BEE5A3382AB974FA003339EB /* Sources */ = {
			isa = PBXSourcesBuildPhase;
			buildActionMask = 2147483647;
			files = (
				BE3067B02AE76A5300E9577C /* AdventureLiveActivityContent.swift in Sources */,
				BE3067AE2AE7674100E9577C /* AvatarView.swift in Sources */,
				BEB385602B3AEEFA00D14351 /* LXDoubleVC.swift in Sources */,
				BEABE2992B5251CC00CD07B6 /* LXOutlineParamCell.swift in Sources */,
				BE1FBD682BA440FC00B9A7CB /* LXAvatarView.swift in Sources */,
				BE5267DB2B3F130200F1371C /* LXFlutterSampleVC.swift in Sources */,
				BE1FBD612BA4379E00B9A7CB /* DynamicLandExtensionLiveActivity.swift in Sources */,
				BE720DA72AE68FAA00F016C5 /* EmojiRanger.swift in Sources */,
				BEB3855A2B3AE7B700D14351 /* LXSingleVC.swift in Sources */,
				BE3067AC2AE7636A00E9577C /* HeroNameView.swift in Sources */,
				BE3067B72AE795ED00E9577C /* SuperCharge.swift in Sources */,
				BE6D6CDD2B6A2E59000700DF /* DJQuickHomeVC.m in Sources */,
				BE3067A52AE75AE600E9577C /* HealthLevelShape.swift in Sources */,
				BE3067A82AE75D8C00E9577C /* ImageURLProtocol.swift in Sources */,
				BE41011F2B550D1600E260F7 /* LXFlutterVC.swift in Sources */,
				BEF991152B9EAB1C00DB9692 /* DJRouter.swift in Sources */,
				BE3069A22AE7AC4100E9577C /* EmojiRangersWidget.intentdefinition in Sources */,
				BE720DA62AE68FAA00F016C5 /* AdventureAttributes.swift in Sources */,
				BE3067B92AE7980700E9577C /* EmojiRangerSelection.swift in Sources */,
				BE1FBD662BA4409300B9A7CB /* LXActivityAvatarView.swift in Sources */,
				BE1FBD602BA4372600B9A7CB /* ActivityVM.swift in Sources */,
				BE0E35F22B5182B900F661E1 /* DJRouterObjc.m in Sources */,
				BEE5A3442AB974FA003339EB /* ViewController.swift in Sources */,
				BEB3855C2B3AEB7F00D14351 /* LXHostVC.swift in Sources */,
				BE720D9E2AE68CB300F016C5 /* DJActivityVC.swift in Sources */,
				BE0E35F12B5182B900F661E1 /* DJLibsManager.swift in Sources */,
				BEFA8DD02AE8EDA400933131 /* AdventureViewModel.swift in Sources */,
				BE3067B22AE76FCF00E9577C /* AllCharactersView.swift in Sources */,
				BE1FBD632BA4399700B9A7CB /* LXDynamicLandVC.swift in Sources */,
				BEE5A3402AB974FA003339EB /* AppDelegate.swift in Sources */,
				BE1390A82B0B6903009B2BAA /* LXOutlineVC.swift in Sources */,
				BEFA8E782AE90DA100933131 /* EmojiRangersApp.swift in Sources */,
				BEE5A3422AB974FA003339EB /* SceneDelegate.swift in Sources */,
				BEB3855E2B3AED7C00D14351 /* DataModel.swift in Sources */,
				BE855BB92AF0A64D00F95956 /* LXAMapTestVC.swift in Sources */,
				BE29938C2AF0A29F00767EA0 /* LXLibManager.swift in Sources */,
				BEFA8E742AE90A8800933131 /* DetailView.swift in Sources */,
				BEA850FA2B216B6100C6D019 /* LXFirstVC.swift in Sources */,
				BE3067A32AE75AB400E9577C /* GameColors.swift in Sources */,
				BE56655F2B2C3CAD00D24B7C /* DJTestRouter.swift in Sources */,
				BEFA8DD42AE8EDC400933131 /* AdventureView.swift in Sources */,
			);
			runOnlyForDeploymentPostprocessing = 0;
		};
/* End PBXSourcesBuildPhase section */

/* Begin PBXTargetDependency section */
		BE1FBD592BA434D600B9A7CB /* PBXTargetDependency */ = {
			isa = PBXTargetDependency;
			target = BE1FBD482BA434D300B9A7CB /* DynamicLandExtensionExtension */;
			targetProxy = BE1FBD582BA434D600B9A7CB /* PBXContainerItemProxy */;
		};
		BE3067C92AE79C4600E9577C /* PBXTargetDependency */ = {
			isa = PBXTargetDependency;
			target = BE3067C02AE79C4600E9577C /* EmojiRangersIntents */;
			targetProxy = BE3067C82AE79C4600E9577C /* PBXContainerItemProxy */;
		};
		BE435ABF2AD794450076780C /* PBXTargetDependency */ = {
			isa = PBXTargetDependency;
			target = BE435AAC2AD794430076780C /* LXToolKit_WidgetExtension */;
			targetProxy = BE435ABE2AD794450076780C /* PBXContainerItemProxy */;
		};
/* End PBXTargetDependency section */

/* Begin PBXVariantGroup section */
		BEE5A3452AB974FA003339EB /* Main.storyboard */ = {
			isa = PBXVariantGroup;
			children = (
				BEE5A3462AB974FA003339EB /* Base */,
			);
			name = Main.storyboard;
			sourceTree = "<group>";
		};
		BEE5A34A2AB974FB003339EB /* LaunchScreen.storyboard */ = {
			isa = PBXVariantGroup;
			children = (
				BEE5A34B2AB974FB003339EB /* Base */,
			);
			name = LaunchScreen.storyboard;
			sourceTree = "<group>";
		};
/* End PBXVariantGroup section */

/* Begin XCBuildConfiguration section */
		BE1FBD5B2BA434D600B9A7CB /* Debug */ = {
			isa = XCBuildConfiguration;
			buildSettings = {
				ASSETCATALOG_COMPILER_GLOBAL_ACCENT_COLOR_NAME = AccentColor;
				ASSETCATALOG_COMPILER_WIDGET_BACKGROUND_COLOR_NAME = WidgetBackground;
				CODE_SIGN_STYLE = Automatic;
				CURRENT_PROJECT_VERSION = 1;
				DEVELOPMENT_TEAM = 6C6JHMW46K;
				GENERATE_INFOPLIST_FILE = YES;
				INFOPLIST_FILE = DynamicLandExtension/Info.plist;
				INFOPLIST_KEY_CFBundleDisplayName = DynamicLandExtension;
				INFOPLIST_KEY_NSHumanReadableCopyright = "";
				IPHONEOS_DEPLOYMENT_TARGET = 16.2;
				LD_RUNPATH_SEARCH_PATHS = (
					"$(inherited)",
					"@executable_path/Frameworks",
					"@executable_path/../../Frameworks",
				);
				MARKETING_VERSION = 1.0;
				PRODUCT_BUNDLE_IDENTIFIER = com.lx.lxtoolkit.DynamicLandExtension;
				PRODUCT_NAME = "$(TARGET_NAME)";
				SKIP_INSTALL = YES;
				SWIFT_EMIT_LOC_STRINGS = YES;
				SWIFT_VERSION = 5.0;
				TARGETED_DEVICE_FAMILY = "1,2";
			};
			name = Debug;
		};
		BE1FBD5C2BA434D600B9A7CB /* Release */ = {
			isa = XCBuildConfiguration;
			buildSettings = {
				ASSETCATALOG_COMPILER_GLOBAL_ACCENT_COLOR_NAME = AccentColor;
				ASSETCATALOG_COMPILER_WIDGET_BACKGROUND_COLOR_NAME = WidgetBackground;
				CODE_SIGN_STYLE = Automatic;
				CURRENT_PROJECT_VERSION = 1;
				DEVELOPMENT_TEAM = 6C6JHMW46K;
				GENERATE_INFOPLIST_FILE = YES;
				INFOPLIST_FILE = DynamicLandExtension/Info.plist;
				INFOPLIST_KEY_CFBundleDisplayName = DynamicLandExtension;
				INFOPLIST_KEY_NSHumanReadableCopyright = "";
				IPHONEOS_DEPLOYMENT_TARGET = 16.2;
				LD_RUNPATH_SEARCH_PATHS = (
					"$(inherited)",
					"@executable_path/Frameworks",
					"@executable_path/../../Frameworks",
				);
				MARKETING_VERSION = 1.0;
				PRODUCT_BUNDLE_IDENTIFIER = com.lx.lxtoolkit.DynamicLandExtension;
				PRODUCT_NAME = "$(TARGET_NAME)";
				SKIP_INSTALL = YES;
				SWIFT_EMIT_LOC_STRINGS = YES;
				SWIFT_VERSION = 5.0;
				TARGETED_DEVICE_FAMILY = "1,2";
			};
			name = Release;
		};
		BE3067CC2AE79C4600E9577C /* Debug */ = {
			isa = XCBuildConfiguration;
			buildSettings = {
				CODE_SIGN_ENTITLEMENTS = EmojiRangersIntents/EmojiRangersIntents.entitlements;
				CODE_SIGN_STYLE = Automatic;
				CURRENT_PROJECT_VERSION = 1;
				DEVELOPMENT_TEAM = 6C6JHMW46K;
				GENERATE_INFOPLIST_FILE = YES;
				INFOPLIST_FILE = EmojiRangersIntents/Info.plist;
				INFOPLIST_KEY_CFBundleDisplayName = EmojiRangersIntents;
				INFOPLIST_KEY_NSHumanReadableCopyright = "";
				IPHONEOS_DEPLOYMENT_TARGET = 16.0;
				LD_RUNPATH_SEARCH_PATHS = (
					"$(inherited)",
					"@executable_path/Frameworks",
					"@executable_path/../../Frameworks",
				);
				MARKETING_VERSION = 1.0;
				PRODUCT_BUNDLE_IDENTIFIER = com.lx.lxtoolkit.EmojiRangersIntents;
				PRODUCT_NAME = "$(TARGET_NAME)";
				SKIP_INSTALL = YES;
				SWIFT_EMIT_LOC_STRINGS = YES;
				SWIFT_VERSION = 5.0;
				TARGETED_DEVICE_FAMILY = "1,2";
			};
			name = Debug;
		};
		BE3067CD2AE79C4600E9577C /* Release */ = {
			isa = XCBuildConfiguration;
			buildSettings = {
				CODE_SIGN_ENTITLEMENTS = EmojiRangersIntents/EmojiRangersIntents.entitlements;
				CODE_SIGN_STYLE = Automatic;
				CURRENT_PROJECT_VERSION = 1;
				DEVELOPMENT_TEAM = 6C6JHMW46K;
				GENERATE_INFOPLIST_FILE = YES;
				INFOPLIST_FILE = EmojiRangersIntents/Info.plist;
				INFOPLIST_KEY_CFBundleDisplayName = EmojiRangersIntents;
				INFOPLIST_KEY_NSHumanReadableCopyright = "";
				IPHONEOS_DEPLOYMENT_TARGET = 16.0;
				LD_RUNPATH_SEARCH_PATHS = (
					"$(inherited)",
					"@executable_path/Frameworks",
					"@executable_path/../../Frameworks",
				);
				MARKETING_VERSION = 1.0;
				PRODUCT_BUNDLE_IDENTIFIER = com.lx.lxtoolkit.EmojiRangersIntents;
				PRODUCT_NAME = "$(TARGET_NAME)";
				SKIP_INSTALL = YES;
				SWIFT_EMIT_LOC_STRINGS = YES;
				SWIFT_VERSION = 5.0;
				TARGETED_DEVICE_FAMILY = "1,2";
			};
			name = Release;
		};
		BE435AC22AD794450076780C /* Debug */ = {
			isa = XCBuildConfiguration;
			buildSettings = {
				ASSETCATALOG_COMPILER_GLOBAL_ACCENT_COLOR_NAME = AccentColor;
				ASSETCATALOG_COMPILER_WIDGET_BACKGROUND_COLOR_NAME = WidgetBackground;
				CODE_SIGN_ENTITLEMENTS = LXToolKit_WidgetExtension.entitlements;
				CODE_SIGN_STYLE = Automatic;
				CURRENT_PROJECT_VERSION = 1;
				DEVELOPMENT_TEAM = 6C6JHMW46K;
				GENERATE_INFOPLIST_FILE = YES;
				INFOPLIST_FILE = LXToolKit_Widget/Info.plist;
				INFOPLIST_KEY_CFBundleDisplayName = LXToolKit_Widget;
				INFOPLIST_KEY_NSHumanReadableCopyright = "";
				IPHONEOS_DEPLOYMENT_TARGET = 16.2;
				LD_RUNPATH_SEARCH_PATHS = (
					"$(inherited)",
					"@executable_path/Frameworks",
					"@executable_path/../../Frameworks",
				);
				MARKETING_VERSION = 1.0;
				PRODUCT_BUNDLE_IDENTIFIER = "com.lx.lxtoolkit.LXToolKit-Widget";
				PRODUCT_NAME = "$(TARGET_NAME)";
				SKIP_INSTALL = YES;
				SWIFT_EMIT_LOC_STRINGS = YES;
				SWIFT_VERSION = 5.0;
				TARGETED_DEVICE_FAMILY = "1,2";
			};
			name = Debug;
		};
		BE435AC32AD794450076780C /* Release */ = {
			isa = XCBuildConfiguration;
			buildSettings = {
				ASSETCATALOG_COMPILER_GLOBAL_ACCENT_COLOR_NAME = AccentColor;
				ASSETCATALOG_COMPILER_WIDGET_BACKGROUND_COLOR_NAME = WidgetBackground;
				CODE_SIGN_ENTITLEMENTS = LXToolKit_WidgetExtension.entitlements;
				CODE_SIGN_STYLE = Automatic;
				CURRENT_PROJECT_VERSION = 1;
				DEVELOPMENT_TEAM = 6C6JHMW46K;
				GENERATE_INFOPLIST_FILE = YES;
				INFOPLIST_FILE = LXToolKit_Widget/Info.plist;
				INFOPLIST_KEY_CFBundleDisplayName = LXToolKit_Widget;
				INFOPLIST_KEY_NSHumanReadableCopyright = "";
				IPHONEOS_DEPLOYMENT_TARGET = 16.2;
				LD_RUNPATH_SEARCH_PATHS = (
					"$(inherited)",
					"@executable_path/Frameworks",
					"@executable_path/../../Frameworks",
				);
				MARKETING_VERSION = 1.0;
				PRODUCT_BUNDLE_IDENTIFIER = "com.lx.lxtoolkit.LXToolKit-Widget";
				PRODUCT_NAME = "$(TARGET_NAME)";
				SKIP_INSTALL = YES;
				SWIFT_EMIT_LOC_STRINGS = YES;
				SWIFT_VERSION = 5.0;
				TARGETED_DEVICE_FAMILY = "1,2";
			};
			name = Release;
		};
		BEE5A34E2AB974FB003339EB /* Debug */ = {
			isa = XCBuildConfiguration;
			buildSettings = {
				ALWAYS_SEARCH_USER_PATHS = NO;
				ASSETCATALOG_COMPILER_GENERATE_SWIFT_ASSET_SYMBOL_EXTENSIONS = YES;
				CLANG_ANALYZER_NONNULL = YES;
				CLANG_ANALYZER_NUMBER_OBJECT_CONVERSION = YES_AGGRESSIVE;
				CLANG_CXX_LANGUAGE_STANDARD = "gnu++20";
				CLANG_ENABLE_MODULES = YES;
				CLANG_ENABLE_OBJC_ARC = YES;
				CLANG_ENABLE_OBJC_WEAK = YES;
				CLANG_WARN_BLOCK_CAPTURE_AUTORELEASING = YES;
				CLANG_WARN_BOOL_CONVERSION = YES;
				CLANG_WARN_COMMA = YES;
				CLANG_WARN_CONSTANT_CONVERSION = YES;
				CLANG_WARN_DEPRECATED_OBJC_IMPLEMENTATIONS = YES;
				CLANG_WARN_DIRECT_OBJC_ISA_USAGE = YES_ERROR;
				CLANG_WARN_DOCUMENTATION_COMMENTS = YES;
				CLANG_WARN_EMPTY_BODY = YES;
				CLANG_WARN_ENUM_CONVERSION = YES;
				CLANG_WARN_INFINITE_RECURSION = YES;
				CLANG_WARN_INT_CONVERSION = YES;
				CLANG_WARN_NON_LITERAL_NULL_CONVERSION = YES;
				CLANG_WARN_OBJC_IMPLICIT_RETAIN_SELF = YES;
				CLANG_WARN_OBJC_LITERAL_CONVERSION = YES;
				CLANG_WARN_OBJC_ROOT_CLASS = YES_ERROR;
				CLANG_WARN_QUOTED_INCLUDE_IN_FRAMEWORK_HEADER = YES;
				CLANG_WARN_RANGE_LOOP_ANALYSIS = YES;
				CLANG_WARN_STRICT_PROTOTYPES = YES;
				CLANG_WARN_SUSPICIOUS_MOVE = YES;
				CLANG_WARN_UNGUARDED_AVAILABILITY = YES_AGGRESSIVE;
				CLANG_WARN_UNREACHABLE_CODE = YES;
				CLANG_WARN__DUPLICATE_METHOD_MATCH = YES;
				COPY_PHASE_STRIP = NO;
				DEBUG_INFORMATION_FORMAT = dwarf;
				ENABLE_STRICT_OBJC_MSGSEND = YES;
				ENABLE_TESTABILITY = YES;
				ENABLE_USER_SCRIPT_SANDBOXING = YES;
				GCC_C_LANGUAGE_STANDARD = gnu17;
				GCC_DYNAMIC_NO_PIC = NO;
				GCC_NO_COMMON_BLOCKS = YES;
				GCC_OPTIMIZATION_LEVEL = 0;
				GCC_PREPROCESSOR_DEFINITIONS = (
					"DEBUG=1",
					"$(inherited)",
				);
				GCC_WARN_64_TO_32_BIT_CONVERSION = YES;
				GCC_WARN_ABOUT_RETURN_TYPE = YES_ERROR;
				GCC_WARN_UNDECLARED_SELECTOR = YES;
				GCC_WARN_UNINITIALIZED_AUTOS = YES_AGGRESSIVE;
				GCC_WARN_UNUSED_FUNCTION = YES;
				GCC_WARN_UNUSED_VARIABLE = YES;
				IPHONEOS_DEPLOYMENT_TARGET = 13.0;
				LOCALIZATION_PREFERS_STRING_CATALOGS = YES;
				MTL_ENABLE_DEBUG_INFO = INCLUDE_SOURCE;
				MTL_FAST_MATH = YES;
				ONLY_ACTIVE_ARCH = YES;
				SDKROOT = iphoneos;
				SWIFT_ACTIVE_COMPILATION_CONDITIONS = "DEBUG $(inherited)";
				SWIFT_OPTIMIZATION_LEVEL = "-Onone";
			};
			name = Debug;
		};
		BEE5A34F2AB974FB003339EB /* Release */ = {
			isa = XCBuildConfiguration;
			buildSettings = {
				ALWAYS_SEARCH_USER_PATHS = NO;
				ASSETCATALOG_COMPILER_GENERATE_SWIFT_ASSET_SYMBOL_EXTENSIONS = YES;
				CLANG_ANALYZER_NONNULL = YES;
				CLANG_ANALYZER_NUMBER_OBJECT_CONVERSION = YES_AGGRESSIVE;
				CLANG_CXX_LANGUAGE_STANDARD = "gnu++20";
				CLANG_ENABLE_MODULES = YES;
				CLANG_ENABLE_OBJC_ARC = YES;
				CLANG_ENABLE_OBJC_WEAK = YES;
				CLANG_WARN_BLOCK_CAPTURE_AUTORELEASING = YES;
				CLANG_WARN_BOOL_CONVERSION = YES;
				CLANG_WARN_COMMA = YES;
				CLANG_WARN_CONSTANT_CONVERSION = YES;
				CLANG_WARN_DEPRECATED_OBJC_IMPLEMENTATIONS = YES;
				CLANG_WARN_DIRECT_OBJC_ISA_USAGE = YES_ERROR;
				CLANG_WARN_DOCUMENTATION_COMMENTS = YES;
				CLANG_WARN_EMPTY_BODY = YES;
				CLANG_WARN_ENUM_CONVERSION = YES;
				CLANG_WARN_INFINITE_RECURSION = YES;
				CLANG_WARN_INT_CONVERSION = YES;
				CLANG_WARN_NON_LITERAL_NULL_CONVERSION = YES;
				CLANG_WARN_OBJC_IMPLICIT_RETAIN_SELF = YES;
				CLANG_WARN_OBJC_LITERAL_CONVERSION = YES;
				CLANG_WARN_OBJC_ROOT_CLASS = YES_ERROR;
				CLANG_WARN_QUOTED_INCLUDE_IN_FRAMEWORK_HEADER = YES;
				CLANG_WARN_RANGE_LOOP_ANALYSIS = YES;
				CLANG_WARN_STRICT_PROTOTYPES = YES;
				CLANG_WARN_SUSPICIOUS_MOVE = YES;
				CLANG_WARN_UNGUARDED_AVAILABILITY = YES_AGGRESSIVE;
				CLANG_WARN_UNREACHABLE_CODE = YES;
				CLANG_WARN__DUPLICATE_METHOD_MATCH = YES;
				COPY_PHASE_STRIP = NO;
				DEBUG_INFORMATION_FORMAT = "dwarf-with-dsym";
				ENABLE_NS_ASSERTIONS = NO;
				ENABLE_STRICT_OBJC_MSGSEND = YES;
				ENABLE_USER_SCRIPT_SANDBOXING = YES;
				GCC_C_LANGUAGE_STANDARD = gnu17;
				GCC_NO_COMMON_BLOCKS = YES;
				GCC_WARN_64_TO_32_BIT_CONVERSION = YES;
				GCC_WARN_ABOUT_RETURN_TYPE = YES_ERROR;
				GCC_WARN_UNDECLARED_SELECTOR = YES;
				GCC_WARN_UNINITIALIZED_AUTOS = YES_AGGRESSIVE;
				GCC_WARN_UNUSED_FUNCTION = YES;
				GCC_WARN_UNUSED_VARIABLE = YES;
				IPHONEOS_DEPLOYMENT_TARGET = 13.0;
				LOCALIZATION_PREFERS_STRING_CATALOGS = YES;
				MTL_ENABLE_DEBUG_INFO = NO;
				MTL_FAST_MATH = YES;
				SDKROOT = iphoneos;
				SWIFT_COMPILATION_MODE = wholemodule;
				VALIDATE_PRODUCT = YES;
			};
			name = Release;
		};
		BEE5A3512AB974FB003339EB /* Debug */ = {
			isa = XCBuildConfiguration;
			baseConfigurationReference = BE4ADA5D2B298E5200254989 /* Debug.xcconfig */;
			buildSettings = {
				ALWAYS_EMBED_SWIFT_STANDARD_LIBRARIES = "$(inherited)";
				ASSETCATALOG_COMPILER_GLOBAL_ACCENT_COLOR_NAME = AccentColor;
				CLANG_ENABLE_MODULES = YES;
				CODE_SIGN_ENTITLEMENTS = DJTest/DJTest.entitlements;
				CODE_SIGN_STYLE = Automatic;
				CURRENT_PROJECT_VERSION = "$(CURRENT_PROJECT_VERSION)";
				DEBUG_INFORMATION_FORMAT = "dwarf-with-dsym";
				DEVELOPMENT_TEAM = 6C6JHMW46K;
				ENABLE_USER_SCRIPT_SANDBOXING = NO;
				GCC_PREFIX_HEADER = "$(SRCROOT)/DJTest/PrefixHeader.pch";
				GENERATE_INFOPLIST_FILE = YES;
				INFOPLIST_FILE = "$(INFOPLIST_FILE)";
				INFOPLIST_KEY_CFBundleDisplayName = "$(DISPLAY_NAME)";
				INFOPLIST_KEY_NSSupportsLiveActivities = YES;
				INFOPLIST_KEY_NSSupportsLiveActivitiesFrequentUpdates = YES;
				INFOPLIST_KEY_UIApplicationSupportsIndirectInputEvents = YES;
				INFOPLIST_KEY_UILaunchStoryboardName = LaunchScreen;
				INFOPLIST_KEY_UIMainStoryboardFile = Main;
				INFOPLIST_KEY_UISupportedInterfaceOrientations_iPad = "UIInterfaceOrientationPortrait UIInterfaceOrientationPortraitUpsideDown UIInterfaceOrientationLandscapeLeft UIInterfaceOrientationLandscapeRight";
				INFOPLIST_KEY_UISupportedInterfaceOrientations_iPhone = "UIInterfaceOrientationPortrait UIInterfaceOrientationLandscapeLeft UIInterfaceOrientationLandscapeRight";
				IPHONEOS_DEPLOYMENT_TARGET = 13.0;
				LD_RUNPATH_SEARCH_PATHS = (
					"$(inherited)",
					"@executable_path/Frameworks",
				);
				MACH_O_TYPE = mh_execute;
				MARKETING_VERSION = "$(MARKETING_VERSION)";
				PRODUCT_BUNDLE_IDENTIFIER = "$(PRODUCT_BUNDLE_IDENTIFIER)";
				PRODUCT_NAME = "$(PRODUCT_NAME)";
				SWIFT_EMIT_LOC_STRINGS = YES;
				SWIFT_OBJC_BRIDGING_HEADER = "DJTest/DJTest-Bridging-Header.h";
				SWIFT_OPTIMIZATION_LEVEL = "-Onone";
				SWIFT_VERSION = 5.0;
				TARGETED_DEVICE_FAMILY = "1,2";
			};
			name = Debug;
		};
		BEE5A3522AB974FB003339EB /* Release */ = {
			isa = XCBuildConfiguration;
			baseConfigurationReference = BE4ADA602B298E5200254989 /* Release.xcconfig */;
			buildSettings = {
				ALWAYS_EMBED_SWIFT_STANDARD_LIBRARIES = "$(inherited)";
				ASSETCATALOG_COMPILER_GLOBAL_ACCENT_COLOR_NAME = AccentColor;
				CLANG_ENABLE_MODULES = YES;
				CODE_SIGN_ENTITLEMENTS = DJTest/DJTest.entitlements;
				CODE_SIGN_STYLE = Automatic;
				CURRENT_PROJECT_VERSION = "$(CURRENT_PROJECT_VERSION)";
				DEVELOPMENT_TEAM = 6C6JHMW46K;
				ENABLE_USER_SCRIPT_SANDBOXING = NO;
				GCC_PREFIX_HEADER = "$(SRCROOT)/DJTest/PrefixHeader.pch";
				GENERATE_INFOPLIST_FILE = YES;
				INFOPLIST_FILE = "$(INFOPLIST_FILE)";
				INFOPLIST_KEY_CFBundleDisplayName = "$(DISPLAY_NAME)";
				INFOPLIST_KEY_NSSupportsLiveActivities = YES;
				INFOPLIST_KEY_NSSupportsLiveActivitiesFrequentUpdates = YES;
				INFOPLIST_KEY_UIApplicationSupportsIndirectInputEvents = YES;
				INFOPLIST_KEY_UILaunchStoryboardName = LaunchScreen;
				INFOPLIST_KEY_UIMainStoryboardFile = Main;
				INFOPLIST_KEY_UISupportedInterfaceOrientations_iPad = "UIInterfaceOrientationPortrait UIInterfaceOrientationPortraitUpsideDown UIInterfaceOrientationLandscapeLeft UIInterfaceOrientationLandscapeRight";
				INFOPLIST_KEY_UISupportedInterfaceOrientations_iPhone = "UIInterfaceOrientationPortrait UIInterfaceOrientationLandscapeLeft UIInterfaceOrientationLandscapeRight";
				IPHONEOS_DEPLOYMENT_TARGET = 13.0;
				LD_RUNPATH_SEARCH_PATHS = (
					"$(inherited)",
					"@executable_path/Frameworks",
				);
				MACH_O_TYPE = mh_execute;
				MARKETING_VERSION = "$(MARKETING_VERSION)";
				PRODUCT_BUNDLE_IDENTIFIER = "$(PRODUCT_BUNDLE_IDENTIFIER)";
				PRODUCT_NAME = "$(PRODUCT_NAME)";
				SWIFT_EMIT_LOC_STRINGS = YES;
				SWIFT_OBJC_BRIDGING_HEADER = "DJTest/DJTest-Bridging-Header.h";
				SWIFT_VERSION = 5.0;
				TARGETED_DEVICE_FAMILY = "1,2";
			};
			name = Release;
		};
/* End XCBuildConfiguration section */

/* Begin XCConfigurationList section */
		BE1FBD5D2BA434D600B9A7CB /* Build configuration list for PBXNativeTarget "DynamicLandExtensionExtension" */ = {
			isa = XCConfigurationList;
			buildConfigurations = (
				BE1FBD5B2BA434D600B9A7CB /* Debug */,
				BE1FBD5C2BA434D600B9A7CB /* Release */,
			);
			defaultConfigurationIsVisible = 0;
			defaultConfigurationName = Release;
		};
		BE3067CB2AE79C4600E9577C /* Build configuration list for PBXNativeTarget "EmojiRangersIntents" */ = {
			isa = XCConfigurationList;
			buildConfigurations = (
				BE3067CC2AE79C4600E9577C /* Debug */,
				BE3067CD2AE79C4600E9577C /* Release */,
			);
			defaultConfigurationIsVisible = 0;
			defaultConfigurationName = Release;
		};
		BE435AC42AD794450076780C /* Build configuration list for PBXNativeTarget "LXToolKit_WidgetExtension" */ = {
			isa = XCConfigurationList;
			buildConfigurations = (
				BE435AC22AD794450076780C /* Debug */,
				BE435AC32AD794450076780C /* Release */,
			);
			defaultConfigurationIsVisible = 0;
			defaultConfigurationName = Release;
		};
		BEE5A3372AB974FA003339EB /* Build configuration list for PBXProject "DJTest" */ = {
			isa = XCConfigurationList;
			buildConfigurations = (
				BEE5A34E2AB974FB003339EB /* Debug */,
				BEE5A34F2AB974FB003339EB /* Release */,
			);
			defaultConfigurationIsVisible = 0;
			defaultConfigurationName = Release;
		};
		BEE5A3502AB974FB003339EB /* Build configuration list for PBXNativeTarget "DJTest" */ = {
			isa = XCConfigurationList;
			buildConfigurations = (
				BEE5A3512AB974FB003339EB /* Debug */,
				BEE5A3522AB974FB003339EB /* Release */,
			);
			defaultConfigurationIsVisible = 0;
			defaultConfigurationName = Release;
		};
/* End XCConfigurationList section */
	};
	rootObject = BEE5A3342AB974FA003339EB /* Project object */;
}
