// !$*UTF8*$!
{
	archiveVersion = 1;
	classes = {
	};
	objectVersion = 55;
	objects = {

/* Begin PBXBuildFile section */
		7C2B0E11CDB5B12FCF8A0AE9 /* Pods_DJTest.framework in Frameworks */ = {isa = PBXBuildFile; fileRef = 03A8603741F4A5A61FCE5346 /* Pods_DJTest.framework */; };
		BE541E7929D6E2AA007E5155 /* AppDelegate.m in Sources */ = {isa = PBXBuildFile; fileRef = BE541E7829D6E2AA007E5155 /* AppDelegate.m */; };
		BE541E7C29D6E2AA007E5155 /* SceneDelegate.m in Sources */ = {isa = PBXBuildFile; fileRef = BE541E7B29D6E2AA007E5155 /* SceneDelegate.m */; };
		BE541E7F29D6E2AA007E5155 /* ViewController.m in Sources */ = {isa = PBXBuildFile; fileRef = BE541E7E29D6E2AA007E5155 /* ViewController.m */; };
		BE541E8229D6E2AA007E5155 /* Main.storyboard in Resources */ = {isa = PBXBuildFile; fileRef = BE541E8029D6E2AA007E5155 /* Main.storyboard */; };
		BE541E8429D6E2AB007E5155 /* Assets.xcassets in Resources */ = {isa = PBXBuildFile; fileRef = BE541E8329D6E2AB007E5155 /* Assets.xcassets */; };
		BE541E8729D6E2AB007E5155 /* LaunchScreen.storyboard in Resources */ = {isa = PBXBuildFile; fileRef = BE541E8529D6E2AB007E5155 /* LaunchScreen.storyboard */; };
		BE541E8A29D6E2AB007E5155 /* main.m in Sources */ = {isa = PBXBuildFile; fileRef = BE541E8929D6E2AB007E5155 /* main.m */; };
/* End PBXBuildFile section */

/* Begin PBXFileReference section */
		03A8603741F4A5A61FCE5346 /* Pods_DJTest.framework */ = {isa = PBXFileReference; explicitFileType = wrapper.framework; includeInIndex = 0; path = Pods_DJTest.framework; sourceTree = BUILT_PRODUCTS_DIR; };
		39EE965D706C9CFBE9CC37C5 /* Pods-DJTest.debug.xcconfig */ = {isa = PBXFileReference; includeInIndex = 1; lastKnownFileType = text.xcconfig; name = "Pods-DJTest.debug.xcconfig"; path = "Target Support Files/Pods-DJTest/Pods-DJTest.debug.xcconfig"; sourceTree = "<group>"; };
		5D339BEB00EA8FA52E5D36E7 /* Pods-DJTest.release.xcconfig */ = {isa = PBXFileReference; includeInIndex = 1; lastKnownFileType = text.xcconfig; name = "Pods-DJTest.release.xcconfig"; path = "Target Support Files/Pods-DJTest/Pods-DJTest.release.xcconfig"; sourceTree = "<group>"; };
		BE541E7429D6E2AA007E5155 /* DJTest.app */ = {isa = PBXFileReference; explicitFileType = wrapper.application; includeInIndex = 0; path = DJTest.app; sourceTree = BUILT_PRODUCTS_DIR; };
		BE541E7729D6E2AA007E5155 /* AppDelegate.h */ = {isa = PBXFileReference; lastKnownFileType = sourcecode.c.h; path = AppDelegate.h; sourceTree = "<group>"; };
		BE541E7829D6E2AA007E5155 /* AppDelegate.m */ = {isa = PBXFileReference; lastKnownFileType = sourcecode.c.objc; path = AppDelegate.m; sourceTree = "<group>"; };
		BE541E7A29D6E2AA007E5155 /* SceneDelegate.h */ = {isa = PBXFileReference; lastKnownFileType = sourcecode.c.h; path = SceneDelegate.h; sourceTree = "<group>"; };
		BE541E7B29D6E2AA007E5155 /* SceneDelegate.m */ = {isa = PBXFileReference; lastKnownFileType = sourcecode.c.objc; path = SceneDelegate.m; sourceTree = "<group>"; };
		BE541E7D29D6E2AA007E5155 /* ViewController.h */ = {isa = PBXFileReference; lastKnownFileType = sourcecode.c.h; path = ViewController.h; sourceTree = "<group>"; };
		BE541E7E29D6E2AA007E5155 /* ViewController.m */ = {isa = PBXFileReference; lastKnownFileType = sourcecode.c.objc; path = ViewController.m; sourceTree = "<group>"; };
		BE541E8129D6E2AA007E5155 /* Base */ = {isa = PBXFileReference; lastKnownFileType = file.storyboard; name = Base; path = Base.lproj/Main.storyboard; sourceTree = "<group>"; };
		BE541E8329D6E2AB007E5155 /* Assets.xcassets */ = {isa = PBXFileReference; lastKnownFileType = folder.assetcatalog; path = Assets.xcassets; sourceTree = "<group>"; };
		BE541E8629D6E2AB007E5155 /* Base */ = {isa = PBXFileReference; lastKnownFileType = file.storyboard; name = Base; path = Base.lproj/LaunchScreen.storyboard; sourceTree = "<group>"; };
		BE541E8829D6E2AB007E5155 /* Info.plist */ = {isa = PBXFileReference; lastKnownFileType = text.plist.xml; path = Info.plist; sourceTree = "<group>"; };
		BE541E8929D6E2AB007E5155 /* main.m */ = {isa = PBXFileReference; lastKnownFileType = sourcecode.c.objc; path = main.m; sourceTree = "<group>"; };
/* End PBXFileReference section */

/* Begin PBXFrameworksBuildPhase section */
		BE541E7129D6E2AA007E5155 /* Frameworks */ = {
			isa = PBXFrameworksBuildPhase;
			buildActionMask = 2147483647;
			files = (
				7C2B0E11CDB5B12FCF8A0AE9 /* Pods_DJTest.framework in Frameworks */,
			);
			runOnlyForDeploymentPostprocessing = 0;
		};
/* End PBXFrameworksBuildPhase section */

/* Begin PBXGroup section */
		AF04E3E07D7455222F5B8941 /* Frameworks */ = {
			isa = PBXGroup;
			children = (
				03A8603741F4A5A61FCE5346 /* Pods_DJTest.framework */,
			);
			name = Frameworks;
			sourceTree = "<group>";
		};
		BE541E6B29D6E2AA007E5155 = {
			isa = PBXGroup;
			children = (
				BE541E7629D6E2AA007E5155 /* DJTest */,
				BE541E7529D6E2AA007E5155 /* Products */,
				D227E1243BBBEB79B0250E5B /* Pods */,
				AF04E3E07D7455222F5B8941 /* Frameworks */,
			);
			sourceTree = "<group>";
		};
		BE541E7529D6E2AA007E5155 /* Products */ = {
			isa = PBXGroup;
			children = (
				BE541E7429D6E2AA007E5155 /* DJTest.app */,
			);
			name = Products;
			sourceTree = "<group>";
		};
		BE541E7629D6E2AA007E5155 /* DJTest */ = {
			isa = PBXGroup;
			children = (
				BE541E7729D6E2AA007E5155 /* AppDelegate.h */,
				BE541E7829D6E2AA007E5155 /* AppDelegate.m */,
				BE541E7A29D6E2AA007E5155 /* SceneDelegate.h */,
				BE541E7B29D6E2AA007E5155 /* SceneDelegate.m */,
				BE541E7D29D6E2AA007E5155 /* ViewController.h */,
				BE541E7E29D6E2AA007E5155 /* ViewController.m */,
				BE541E8029D6E2AA007E5155 /* Main.storyboard */,
				BE541E8329D6E2AB007E5155 /* Assets.xcassets */,
				BE541E8529D6E2AB007E5155 /* LaunchScreen.storyboard */,
				BE541E8829D6E2AB007E5155 /* Info.plist */,
				BE541E8929D6E2AB007E5155 /* main.m */,
			);
			path = DJTest;
			sourceTree = "<group>";
		};
		D227E1243BBBEB79B0250E5B /* Pods */ = {
			isa = PBXGroup;
			children = (
				39EE965D706C9CFBE9CC37C5 /* Pods-DJTest.debug.xcconfig */,
				5D339BEB00EA8FA52E5D36E7 /* Pods-DJTest.release.xcconfig */,
			);
			path = Pods;
			sourceTree = "<group>";
		};
/* End PBXGroup section */

/* Begin PBXNativeTarget section */
		BE541E7329D6E2AA007E5155 /* DJTest */ = {
			isa = PBXNativeTarget;
			buildConfigurationList = BE541E8D29D6E2AB007E5155 /* Build configuration list for PBXNativeTarget "DJTest" */;
			buildPhases = (
				B7D5FC1C51408F30D7F193B6 /* [CP] Check Pods Manifest.lock */,
				BE541E7029D6E2AA007E5155 /* Sources */,
				BE541E7129D6E2AA007E5155 /* Frameworks */,
				BE541E7229D6E2AA007E5155 /* Resources */,
				C81FB1D6C6B81B272D3DA47C /* [CP] Embed Pods Frameworks */,
			);
			buildRules = (
			);
			dependencies = (
			);
			name = DJTest;
			productName = DJTest;
			productReference = BE541E7429D6E2AA007E5155 /* DJTest.app */;
			productType = "com.apple.product-type.application";
		};
/* End PBXNativeTarget section */

/* Begin PBXProject section */
		BE541E6C29D6E2AA007E5155 /* Project object */ = {
			isa = PBXProject;
			attributes = {
				BuildIndependentTargetsInParallel = 1;
				LastUpgradeCheck = 1420;
				TargetAttributes = {
					BE541E7329D6E2AA007E5155 = {
						CreatedOnToolsVersion = 14.2;
					};
				};
			};
			buildConfigurationList = BE541E6F29D6E2AA007E5155 /* Build configuration list for PBXProject "DJTest" */;
			compatibilityVersion = "Xcode 13.0";
			developmentRegion = en;
			hasScannedForEncodings = 0;
			knownRegions = (
				en,
				Base,
				"zh-Hans",
				de,
				ja,
				es,
				da,
				it,
				sv,
				"zh-Hant",
				"pt-BR",
				fr,
				nl,
				"pt-PT",
				ar,
				fa,
				nb,
				bg,
				cs,
				km,
				ko,
				"km-KH",
				tr,
				pl,
				vi,
				ru,
				id,
				th,
				ro,
			);
			mainGroup = BE541E6B29D6E2AA007E5155;
			productRefGroup = BE541E7529D6E2AA007E5155 /* Products */;
			projectDirPath = "";
			projectRoot = "";
			targets = (
				BE541E7329D6E2AA007E5155 /* DJTest */,
			);
		};
/* End PBXProject section */

/* Begin PBXResourcesBuildPhase section */
		BE541E7229D6E2AA007E5155 /* Resources */ = {
			isa = PBXResourcesBuildPhase;
			buildActionMask = 2147483647;
			files = (
				BE541E8729D6E2AB007E5155 /* LaunchScreen.storyboard in Resources */,
				BE541E8429D6E2AB007E5155 /* Assets.xcassets in Resources */,
				BE541E8229D6E2AA007E5155 /* Main.storyboard in Resources */,
			);
			runOnlyForDeploymentPostprocessing = 0;
		};
/* End PBXResourcesBuildPhase section */

/* Begin PBXShellScriptBuildPhase section */
		B7D5FC1C51408F30D7F193B6 /* [CP] Check Pods Manifest.lock */ = {
			isa = PBXShellScriptBuildPhase;
			buildActionMask = 2147483647;
			files = (
			);
			inputFileListPaths = (
			);
			inputPaths = (
				"${PODS_PODFILE_DIR_PATH}/Podfile.lock",
				"${PODS_ROOT}/Manifest.lock",
			);
			name = "[CP] Check Pods Manifest.lock";
			outputFileListPaths = (
			);
			outputPaths = (
				"$(DERIVED_FILE_DIR)/Pods-DJTest-checkManifestLockResult.txt",
			);
			runOnlyForDeploymentPostprocessing = 0;
			shellPath = /bin/sh;
			shellScript = "diff \"${PODS_PODFILE_DIR_PATH}/Podfile.lock\" \"${PODS_ROOT}/Manifest.lock\" > /dev/null\nif [ $? != 0 ] ; then\n    # print error to STDERR\n    echo \"error: The sandbox is not in sync with the Podfile.lock. Run 'pod install' or update your CocoaPods installation.\" >&2\n    exit 1\nfi\n# This output is used by Xcode 'outputs' to avoid re-running this script phase.\necho \"SUCCESS\" > \"${SCRIPT_OUTPUT_FILE_0}\"\n";
			showEnvVarsInLog = 0;
		};
		C81FB1D6C6B81B272D3DA47C /* [CP] Embed Pods Frameworks */ = {
			isa = PBXShellScriptBuildPhase;
			buildActionMask = 2147483647;
			files = (
			);
			inputFileListPaths = (
			);
			name = "[CP] Embed Pods Frameworks";
			outputFileListPaths = (
			);
			runOnlyForDeploymentPostprocessing = 0;
			shellPath = /bin/sh;
			shellScript = "\"${PODS_ROOT}/Target Support Files/Pods-DJTest/Pods-DJTest-frameworks.sh\"\n";
			showEnvVarsInLog = 0;
		};
/* End PBXShellScriptBuildPhase section */

/* Begin PBXSourcesBuildPhase section */
		BE541E7029D6E2AA007E5155 /* Sources */ = {
			isa = PBXSourcesBuildPhase;
			buildActionMask = 2147483647;
			files = (
				BE541E7F29D6E2AA007E5155 /* ViewController.m in Sources */,
				BE541E7929D6E2AA007E5155 /* AppDelegate.m in Sources */,
				BE541E8A29D6E2AB007E5155 /* main.m in Sources */,
				BE541E7C29D6E2AA007E5155 /* SceneDelegate.m in Sources */,
			);
			runOnlyForDeploymentPostprocessing = 0;
		};
/* End PBXSourcesBuildPhase section */

/* Begin PBXVariantGroup section */
		BE541E8029D6E2AA007E5155 /* Main.storyboard */ = {
			isa = PBXVariantGroup;
			children = (
				BE541E8129D6E2AA007E5155 /* Base */,
			);
			name = Main.storyboard;
			sourceTree = "<group>";
		};
		BE541E8529D6E2AB007E5155 /* LaunchScreen.storyboard */ = {
			isa = PBXVariantGroup;
			children = (
				BE541E8629D6E2AB007E5155 /* Base */,
			);
			name = LaunchScreen.storyboard;
			sourceTree = "<group>";
		};
/* End PBXVariantGroup section */

/* Begin XCBuildConfiguration section */
		BE541E8B29D6E2AB007E5155 /* Debug */ = {
			isa = XCBuildConfiguration;
			buildSettings = {
				ALWAYS_SEARCH_USER_PATHS = NO;
				CLANG_ANALYZER_NONNULL = YES;
				CLANG_ANALYZER_NUMBER_OBJECT_CONVERSION = YES_AGGRESSIVE;
				CLANG_CXX_LANGUAGE_STANDARD = "gnu++20";
				CLANG_ENABLE_MODULES = YES;
				CLANG_ENABLE_OBJC_ARC = YES;
				CLANG_ENABLE_OBJC_WEAK = YES;
				CLANG_WARN_BLOCK_CAPTURE_AUTORELEASING = YES;
				CLANG_WARN_BOOL_CONVERSION = YES;
				CLANG_WARN_COMMA = YES;
				CLANG_WARN_CONSTANT_CONVERSION = YES;
				CLANG_WARN_DEPRECATED_OBJC_IMPLEMENTATIONS = YES;
				CLANG_WARN_DIRECT_OBJC_ISA_USAGE = YES_ERROR;
				CLANG_WARN_DOCUMENTATION_COMMENTS = YES;
				CLANG_WARN_EMPTY_BODY = YES;
				CLANG_WARN_ENUM_CONVERSION = YES;
				CLANG_WARN_INFINITE_RECURSION = YES;
				CLANG_WARN_INT_CONVERSION = YES;
				CLANG_WARN_NON_LITERAL_NULL_CONVERSION = YES;
				CLANG_WARN_OBJC_IMPLICIT_RETAIN_SELF = YES;
				CLANG_WARN_OBJC_LITERAL_CONVERSION = YES;
				CLANG_WARN_OBJC_ROOT_CLASS = YES_ERROR;
				CLANG_WARN_QUOTED_INCLUDE_IN_FRAMEWORK_HEADER = YES;
				CLANG_WARN_RANGE_LOOP_ANALYSIS = YES;
				CLANG_WARN_STRICT_PROTOTYPES = YES;
				CLANG_WARN_SUSPICIOUS_MOVE = YES;
				CLANG_WARN_UNGUARDED_AVAILABILITY = YES_AGGRESSIVE;
				CLANG_WARN_UNREACHABLE_CODE = YES;
				CLANG_WARN__DUPLICATE_METHOD_MATCH = YES;
				COPY_PHASE_STRIP = NO;
				DEBUG_INFORMATION_FORMAT = dwarf;
				ENABLE_STRICT_OBJC_MSGSEND = YES;
				ENABLE_TESTABILITY = YES;
				GCC_C_LANGUAGE_STANDARD = gnu11;
				GCC_DYNAMIC_NO_PIC = NO;
				GCC_NO_COMMON_BLOCKS = YES;
				GCC_OPTIMIZATION_LEVEL = 0;
				GCC_PREPROCESSOR_DEFINITIONS = (
					"DEBUG=1",
					"$(inherited)",
				);
				GCC_WARN_64_TO_32_BIT_CONVERSION = YES;
				GCC_WARN_ABOUT_RETURN_TYPE = YES_ERROR;
				GCC_WARN_UNDECLARED_SELECTOR = YES;
				GCC_WARN_UNINITIALIZED_AUTOS = YES_AGGRESSIVE;
				GCC_WARN_UNUSED_FUNCTION = YES;
				GCC_WARN_UNUSED_VARIABLE = YES;
				IPHONEOS_DEPLOYMENT_TARGET = 16.2;
				MTL_ENABLE_DEBUG_INFO = INCLUDE_SOURCE;
				MTL_FAST_MATH = YES;
				ONLY_ACTIVE_ARCH = YES;
				SDKROOT = iphoneos;
			};
			name = Debug;
		};
		BE541E8C29D6E2AB007E5155 /* Release */ = {
			isa = XCBuildConfiguration;
			buildSettings = {
				ALWAYS_SEARCH_USER_PATHS = NO;
				CLANG_ANALYZER_NONNULL = YES;
				CLANG_ANALYZER_NUMBER_OBJECT_CONVERSION = YES_AGGRESSIVE;
				CLANG_CXX_LANGUAGE_STANDARD = "gnu++20";
				CLANG_ENABLE_MODULES = YES;
				CLANG_ENABLE_OBJC_ARC = YES;
				CLANG_ENABLE_OBJC_WEAK = YES;
				CLANG_WARN_BLOCK_CAPTURE_AUTORELEASING = YES;
				CLANG_WARN_BOOL_CONVERSION = YES;
				CLANG_WARN_COMMA = YES;
				CLANG_WARN_CONSTANT_CONVERSION = YES;
				CLANG_WARN_DEPRECATED_OBJC_IMPLEMENTATIONS = YES;
				CLANG_WARN_DIRECT_OBJC_ISA_USAGE = YES_ERROR;
				CLANG_WARN_DOCUMENTATION_COMMENTS = YES;
				CLANG_WARN_EMPTY_BODY = YES;
				CLANG_WARN_ENUM_CONVERSION = YES;
				CLANG_WARN_INFINITE_RECURSION = YES;
				CLANG_WARN_INT_CONVERSION = YES;
				CLANG_WARN_NON_LITERAL_NULL_CONVERSION = YES;
				CLANG_WARN_OBJC_IMPLICIT_RETAIN_SELF = YES;
				CLANG_WARN_OBJC_LITERAL_CONVERSION = YES;
				CLANG_WARN_OBJC_ROOT_CLASS = YES_ERROR;
				CLANG_WARN_QUOTED_INCLUDE_IN_FRAMEWORK_HEADER = YES;
				CLANG_WARN_RANGE_LOOP_ANALYSIS = YES;
				CLANG_WARN_STRICT_PROTOTYPES = YES;
				CLANG_WARN_SUSPICIOUS_MOVE = YES;
				CLANG_WARN_UNGUARDED_AVAILABILITY = YES_AGGRESSIVE;
				CLANG_WARN_UNREACHABLE_CODE = YES;
				CLANG_WARN__DUPLICATE_METHOD_MATCH = YES;
				COPY_PHASE_STRIP = NO;
				DEBUG_INFORMATION_FORMAT = "dwarf-with-dsym";
				ENABLE_NS_ASSERTIONS = NO;
				ENABLE_STRICT_OBJC_MSGSEND = YES;
				GCC_C_LANGUAGE_STANDARD = gnu11;
				GCC_NO_COMMON_BLOCKS = YES;
				GCC_WARN_64_TO_32_BIT_CONVERSION = YES;
				GCC_WARN_ABOUT_RETURN_TYPE = YES_ERROR;
				GCC_WARN_UNDECLARED_SELECTOR = YES;
				GCC_WARN_UNINITIALIZED_AUTOS = YES_AGGRESSIVE;
				GCC_WARN_UNUSED_FUNCTION = YES;
				GCC_WARN_UNUSED_VARIABLE = YES;
				IPHONEOS_DEPLOYMENT_TARGET = 16.2;
				MTL_ENABLE_DEBUG_INFO = NO;
				MTL_FAST_MATH = YES;
				SDKROOT = iphoneos;
				VALIDATE_PRODUCT = YES;
			};
			name = Release;
		};
		BE541E8E29D6E2AB007E5155 /* Debug */ = {
			isa = XCBuildConfiguration;
			baseConfigurationReference = 39EE965D706C9CFBE9CC37C5 /* Pods-DJTest.debug.xcconfig */;
			buildSettings = {
				ASSETCATALOG_COMPILER_APPICON_NAME = AppIcon;
				ASSETCATALOG_COMPILER_GLOBAL_ACCENT_COLOR_NAME = AccentColor;
				CODE_SIGN_STYLE = Automatic;
				CURRENT_PROJECT_VERSION = 1;
				DEVELOPMENT_TEAM = 6C6JHMW46K;
				GENERATE_INFOPLIST_FILE = YES;
				INFOPLIST_FILE = DJTest/Info.plist;
				INFOPLIST_KEY_UIApplicationSupportsIndirectInputEvents = YES;
				INFOPLIST_KEY_UILaunchStoryboardName = LaunchScreen;
				INFOPLIST_KEY_UIMainStoryboardFile = Main;
				INFOPLIST_KEY_UISupportedInterfaceOrientations_iPad = "UIInterfaceOrientationPortrait UIInterfaceOrientationPortraitUpsideDown UIInterfaceOrientationLandscapeLeft UIInterfaceOrientationLandscapeRight";
				INFOPLIST_KEY_UISupportedInterfaceOrientations_iPhone = "UIInterfaceOrientationPortrait UIInterfaceOrientationLandscapeLeft UIInterfaceOrientationLandscapeRight";
				IPHONEOS_DEPLOYMENT_TARGET = 13.0;
				LD_RUNPATH_SEARCH_PATHS = (
					"$(inherited)",
					"@executable_path/Frameworks",
				);
				MARKETING_VERSION = 1.0;
				PRODUCT_BUNDLE_IDENTIFIER = com.lx.DJTest;
				PRODUCT_NAME = "$(TARGET_NAME)";
				SWIFT_EMIT_LOC_STRINGS = YES;
				SWIFT_VERSION = 5.0;
				TARGETED_DEVICE_FAMILY = "1,2";
			};
			name = Debug;
		};
		BE541E8F29D6E2AB007E5155 /* Release */ = {
			isa = XCBuildConfiguration;
			baseConfigurationReference = 5D339BEB00EA8FA52E5D36E7 /* Pods-DJTest.release.xcconfig */;
			buildSettings = {
				ASSETCATALOG_COMPILER_APPICON_NAME = AppIcon;
				ASSETCATALOG_COMPILER_GLOBAL_ACCENT_COLOR_NAME = AccentColor;
				CODE_SIGN_STYLE = Automatic;
				CURRENT_PROJECT_VERSION = 1;
				DEVELOPMENT_TEAM = 6C6JHMW46K;
				GENERATE_INFOPLIST_FILE = YES;
				INFOPLIST_FILE = DJTest/Info.plist;
				INFOPLIST_KEY_UIApplicationSupportsIndirectInputEvents = YES;
				INFOPLIST_KEY_UILaunchStoryboardName = LaunchScreen;
				INFOPLIST_KEY_UIMainStoryboardFile = Main;
				INFOPLIST_KEY_UISupportedInterfaceOrientations_iPad = "UIInterfaceOrientationPortrait UIInterfaceOrientationPortraitUpsideDown UIInterfaceOrientationLandscapeLeft UIInterfaceOrientationLandscapeRight";
				INFOPLIST_KEY_UISupportedInterfaceOrientations_iPhone = "UIInterfaceOrientationPortrait UIInterfaceOrientationLandscapeLeft UIInterfaceOrientationLandscapeRight";
				IPHONEOS_DEPLOYMENT_TARGET = 13.0;
				LD_RUNPATH_SEARCH_PATHS = (
					"$(inherited)",
					"@executable_path/Frameworks",
				);
				MARKETING_VERSION = 1.0;
				PRODUCT_BUNDLE_IDENTIFIER = com.lx.DJTest;
				PRODUCT_NAME = "$(TARGET_NAME)";
				SWIFT_EMIT_LOC_STRINGS = YES;
				SWIFT_VERSION = 5.0;
				TARGETED_DEVICE_FAMILY = "1,2";
			};
			name = Release;
		};
/* End XCBuildConfiguration section */

/* Begin XCConfigurationList section */
		BE541E6F29D6E2AA007E5155 /* Build configuration list for PBXProject "DJTest" */ = {
			isa = XCConfigurationList;
			buildConfigurations = (
				BE541E8B29D6E2AB007E5155 /* Debug */,
				BE541E8C29D6E2AB007E5155 /* Release */,
			);
			defaultConfigurationIsVisible = 0;
			defaultConfigurationName = Release;
		};
		BE541E8D29D6E2AB007E5155 /* Build configuration list for PBXNativeTarget "DJTest" */ = {
			isa = XCConfigurationList;
			buildConfigurations = (
				BE541E8E29D6E2AB007E5155 /* Debug */,
				BE541E8F29D6E2AB007E5155 /* Release */,
			);
			defaultConfigurationIsVisible = 0;
			defaultConfigurationName = Release;
		};
/* End XCConfigurationList section */
	};
	rootObject = BE541E6C29D6E2AA007E5155 /* Project object */;
}
