// !$*UTF8*$!
{
	archiveVersion = 1;
	classes = {
	};
	objectVersion = 46;
	objects = {

/* Begin PBXBuildFile section */
		59ABB36C7F5DA5F22272775A /* libPods-LXToolKitObjc_Example.a in Frameworks */ = {isa = PBXBuildFile; fileRef = BF8B133A6C025C3611DA62F2 /* libPods-LXToolKitObjc_Example.a */; };
		6003F58E195388D20070C39A /* Foundation.framework in Frameworks */ = {isa = PBXBuildFile; fileRef = 6003F58D195388D20070C39A /* Foundation.framework */; };
		6003F590195388D20070C39A /* CoreGraphics.framework in Frameworks */ = {isa = PBXBuildFile; fileRef = 6003F58F195388D20070C39A /* CoreGraphics.framework */; };
		6003F592195388D20070C39A /* UIKit.framework in Frameworks */ = {isa = PBXBuildFile; fileRef = 6003F591195388D20070C39A /* UIKit.framework */; };
		6003F598195388D20070C39A /* InfoPlist.strings in Resources */ = {isa = PBXBuildFile; fileRef = 6003F596195388D20070C39A /* InfoPlist.strings */; };
		6003F59A195388D20070C39A /* main.m in Sources */ = {isa = PBXBuildFile; fileRef = 6003F599195388D20070C39A /* main.m */; };
		6003F59E195388D20070C39A /* LXAppDelegate.m in Sources */ = {isa = PBXBuildFile; fileRef = 6003F59D195388D20070C39A /* LXAppDelegate.m */; };
		6003F5A7195388D20070C39A /* LXViewController.m in Sources */ = {isa = PBXBuildFile; fileRef = 6003F5A6195388D20070C39A /* LXViewController.m */; };
		6003F5A9195388D20070C39A /* Images.xcassets in Resources */ = {isa = PBXBuildFile; fileRef = 6003F5A8195388D20070C39A /* Images.xcassets */; };
		6003F5B0195388D20070C39A /* XCTest.framework in Frameworks */ = {isa = PBXBuildFile; fileRef = 6003F5AF195388D20070C39A /* XCTest.framework */; };
		6003F5B1195388D20070C39A /* Foundation.framework in Frameworks */ = {isa = PBXBuildFile; fileRef = 6003F58D195388D20070C39A /* Foundation.framework */; };
		6003F5B2195388D20070C39A /* UIKit.framework in Frameworks */ = {isa = PBXBuildFile; fileRef = 6003F591195388D20070C39A /* UIKit.framework */; };
		6003F5BA195388D20070C39A /* InfoPlist.strings in Resources */ = {isa = PBXBuildFile; fileRef = 6003F5B8195388D20070C39A /* InfoPlist.strings */; };
		6003F5BC195388D20070C39A /* Tests.m in Sources */ = {isa = PBXBuildFile; fileRef = 6003F5BB195388D20070C39A /* Tests.m */; };
		71719F9F1E33DC2100824A3D /* LaunchScreen.storyboard in Resources */ = {isa = PBXBuildFile; fileRef = 71719F9D1E33DC2100824A3D /* LaunchScreen.storyboard */; };
		873B8AEB1B1F5CCA007FD442 /* Main.storyboard in Resources */ = {isa = PBXBuildFile; fileRef = 873B8AEA1B1F5CCA007FD442 /* Main.storyboard */; };
		BE36428E286550FB009C19C7 /* JXCategoryTitleBackgroundCellModel.m in Sources */ = {isa = PBXBuildFile; fileRef = BE36428B286550FB009C19C7 /* JXCategoryTitleBackgroundCellModel.m */; };
		BE36428F286550FB009C19C7 /* JXCategoryTitleBackgroundView.m in Sources */ = {isa = PBXBuildFile; fileRef = BE36428C286550FB009C19C7 /* JXCategoryTitleBackgroundView.m */; };
		BE364290286550FB009C19C7 /* JXCategoryTitleBackgroundCell.m in Sources */ = {isa = PBXBuildFile; fileRef = BE36428D286550FB009C19C7 /* JXCategoryTitleBackgroundCell.m */; };
		BE6042B5285F40BB00DF3EB0 /* LXClassifyVC.m in Sources */ = {isa = PBXBuildFile; fileRef = BE6042B4285F40BB00DF3EB0 /* LXClassifyVC.m */; };
		BE605070285F590500DF3EB0 /* LXClassifyListBannerCell.m in Sources */ = {isa = PBXBuildFile; fileRef = BE60506F285F590500DF3EB0 /* LXClassifyListBannerCell.m */; };
		BE605073285F5B2C00DF3EB0 /* LXClassifyListLeftView.m in Sources */ = {isa = PBXBuildFile; fileRef = BE605072285F5B2C00DF3EB0 /* LXClassifyListLeftView.m */; };
		BE63A2F3286994A9000EA644 /* LXSubCategoryPinView.m in Sources */ = {isa = PBXBuildFile; fileRef = BE63A2F2286994A9000EA644 /* LXSubCategoryPinView.m */; };
		BE7CAE78285D7F1D00A86665 /* LXNaHiddenVC.m in Sources */ = {isa = PBXBuildFile; fileRef = BE7CAE42285D7F1C00A86665 /* LXNaHiddenVC.m */; };
		BE7CAE80285D7F1D00A86665 /* LXList2VC.m in Sources */ = {isa = PBXBuildFile; fileRef = BE7CAE58285D7F1C00A86665 /* LXList2VC.m */; };
		BE7CAE81285D7F1D00A86665 /* LXPaging2VC.m in Sources */ = {isa = PBXBuildFile; fileRef = BE7CAE59285D7F1C00A86665 /* LXPaging2VC.m */; };
		BE7CAE82285D7F1D00A86665 /* LXNested2VC.m in Sources */ = {isa = PBXBuildFile; fileRef = BE7CAE5A285D7F1C00A86665 /* LXNested2VC.m */; };
		BE7CAE83285D7F1D00A86665 /* LXTableHeaderView.m in Sources */ = {isa = PBXBuildFile; fileRef = BE7CAE61285D7F1C00A86665 /* LXTableHeaderView.m */; };
		BE7CAE84285D7F1D00A86665 /* LXSectionHeaderView.m in Sources */ = {isa = PBXBuildFile; fileRef = BE7CAE62285D7F1C00A86665 /* LXSectionHeaderView.m */; };
		BE7CAE85285D7F1D00A86665 /* LXNestCell.m in Sources */ = {isa = PBXBuildFile; fileRef = BE7CAE63285D7F1C00A86665 /* LXNestCell.m */; };
		BE7CAE86285D7F1D00A86665 /* LXTableVC.m in Sources */ = {isa = PBXBuildFile; fileRef = BE7CAE65285D7F1C00A86665 /* LXTableVC.m */; };
		BE7CAE87285D7F1D00A86665 /* LXNest5VC.m in Sources */ = {isa = PBXBuildFile; fileRef = BE7CAE66285D7F1C00A86665 /* LXNest5VC.m */; };
		BE7CAE88285D7F1D00A86665 /* LXListViewController.m in Sources */ = {isa = PBXBuildFile; fileRef = BE7CAE68285D7F1C00A86665 /* LXListViewController.m */; };
		BE7CAE89285D7F1D00A86665 /* LXPagingVC.m in Sources */ = {isa = PBXBuildFile; fileRef = BE7CAE69285D7F1C00A86665 /* LXPagingVC.m */; };
		BE7CAE8A285D7F1D00A86665 /* UIWindow+JXSafeArea.m in Sources */ = {isa = PBXBuildFile; fileRef = BE7CAE6B285D7F1C00A86665 /* UIWindow+JXSafeArea.m */; };
		BE7CAE8B285D7F1D00A86665 /* LXBaseNavigationController.m in Sources */ = {isa = PBXBuildFile; fileRef = BE7CAE6D285D7F1C00A86665 /* LXBaseNavigationController.m */; };
		BE7CAE8D285D7F1D00A86665 /* LXHeaderView.m in Sources */ = {isa = PBXBuildFile; fileRef = BE7CAE75285D7F1C00A86665 /* LXHeaderView.m */; };
		BE7F30922862A6F100C09F3C /* LXClassifyListVC.m in Sources */ = {isa = PBXBuildFile; fileRef = BE7F30912862A6F100C09F3C /* LXClassifyListVC.m */; };
		BE7F4131286B01C5009D8A8A /* LXTestModel.m in Sources */ = {isa = PBXBuildFile; fileRef = BE7F4130286B01C5009D8A8A /* LXTestModel.m */; };
		BE7F4134286B01D2009D8A8A /* LXTestModelVC.m in Sources */ = {isa = PBXBuildFile; fileRef = BE7F4133286B01D2009D8A8A /* LXTestModelVC.m */; };
		BE888C50285EAF450027F9FF /* LXNest6VC.m in Sources */ = {isa = PBXBuildFile; fileRef = BE888C4F285EAF450027F9FF /* LXNest6VC.m */; };
		BE888C83285ECB010027F9FF /* LXPageCell.m in Sources */ = {isa = PBXBuildFile; fileRef = BE888C82285ECB010027F9FF /* LXPageCell.m */; };
		BE894F24284065780022EF57 /* LX0527VC.m in Sources */ = {isa = PBXBuildFile; fileRef = BE894F23284065780022EF57 /* LX0527VC.m */; };
		BE89B3A9286300C800369681 /* LXClassifyListRightVC.m in Sources */ = {isa = PBXBuildFile; fileRef = BE89B3A8286300C800369681 /* LXClassifyListRightVC.m */; };
		BE89B44D28631B7900369681 /* LXBaseFirstCategoryView.m in Sources */ = {isa = PBXBuildFile; fileRef = BE89B44C28631B7900369681 /* LXBaseFirstCategoryView.m */; };
		BE89B450286324AF00369681 /* LXFirstCategoryCell.m in Sources */ = {isa = PBXBuildFile; fileRef = BE89B44F286324AF00369681 /* LXFirstCategoryCell.m */; };
		BE9234AC285EDDC400ABB71B /* LXMyTableView.m in Sources */ = {isa = PBXBuildFile; fileRef = BE9234AB285EDDC400ABB71B /* LXMyTableView.m */; };
		BE9234B2285F039100ABB71B /* LXSectionModel.m in Sources */ = {isa = PBXBuildFile; fileRef = BE9234B1285F039100ABB71B /* LXSectionModel.m */; };
		BE9234B8285F063400ABB71B /* LXClassifySectionHeaderView.m in Sources */ = {isa = PBXBuildFile; fileRef = BE9234B7285F063400ABB71B /* LXClassifySectionHeaderView.m */; };
		BE9234BB285F078000ABB71B /* LXSectionCategoryHeaderView.m in Sources */ = {isa = PBXBuildFile; fileRef = BE9234BA285F078000ABB71B /* LXSectionCategoryHeaderView.m */; };
		BE9234C1285F1E2900ABB71B /* LXMyCollectionView.m in Sources */ = {isa = PBXBuildFile; fileRef = BE9234C0285F1E2900ABB71B /* LXMyCollectionView.m */; };
		BE9234C4285F23C600ABB71B /* LXClassifyListLeftCell.m in Sources */ = {isa = PBXBuildFile; fileRef = BE9234C3285F23C600ABB71B /* LXClassifyListLeftCell.m */; };
		BE9234CE285F345700ABB71B /* LXClassifyWrapperVC.m in Sources */ = {isa = PBXBuildFile; fileRef = BE9234CD285F345700ABB71B /* LXClassifyWrapperVC.m */; };
		BEA18FB42873D55D00E41726 /* LXFirstCategoryFoldView.m in Sources */ = {isa = PBXBuildFile; fileRef = BEA18FB32873D55D00E41726 /* LXFirstCategoryFoldView.m */; };
		BEB56B34283E1774003BAA77 /* CTAPIBaseManager+Rac.m in Sources */ = {isa = PBXBuildFile; fileRef = BEB56B33283E1774003BAA77 /* CTAPIBaseManager+Rac.m */; };
		BEB56B39283E1A0F003BAA77 /* LXLoginVC.m in Sources */ = {isa = PBXBuildFile; fileRef = BEB56B38283E1A0F003BAA77 /* LXLoginVC.m */; };
		BEB56B3C283E1A77003BAA77 /* LXLoginVM.m in Sources */ = {isa = PBXBuildFile; fileRef = BEB56B3B283E1A77003BAA77 /* LXLoginVM.m */; };
		BECC0AF2286C1E130062E115 /* LXClassifyMainVC.m in Sources */ = {isa = PBXBuildFile; fileRef = BECC0AF1286C1E130062E115 /* LXClassifyMainVC.m */; };
		BECC0AF5286C20200062E115 /* LXClassifyList2VC.m in Sources */ = {isa = PBXBuildFile; fileRef = BECC0AF4286C20200062E115 /* LXClassifyList2VC.m */; };
		BECC0AF9286C29050062E115 /* LXThirdCategoryView.m in Sources */ = {isa = PBXBuildFile; fileRef = BECC0AF8286C29050062E115 /* LXThirdCategoryView.m */; };
		BECC0AFC286C2D450062E115 /* LXThirdCategoryCell.m in Sources */ = {isa = PBXBuildFile; fileRef = BECC0AFB286C2D450062E115 /* LXThirdCategoryCell.m */; };
		BED144022844B22400DEA8EA /* LXCollectionVC.m in Sources */ = {isa = PBXBuildFile; fileRef = BED144012844B22400DEA8EA /* LXCollectionVC.m */; };
		BED144052844B2AB00DEA8EA /* LXCollectionCell.m in Sources */ = {isa = PBXBuildFile; fileRef = BED144042844B2AB00DEA8EA /* LXCollectionCell.m */; };
		BED4FAE52872F13600340739 /* LXFirstCategoryUnfoldCell.m in Sources */ = {isa = PBXBuildFile; fileRef = BED4FAE42872F13600340739 /* LXFirstCategoryUnfoldCell.m */; };
		BED4FAE82872FD2600340739 /* LXFirstCategoryUnfoldView.m in Sources */ = {isa = PBXBuildFile; fileRef = BED4FAE72872FD2600340739 /* LXFirstCategoryUnfoldView.m */; };
		BEE8EB53286AA191004D06F7 /* LXClassifyRightCollectionCell.m in Sources */ = {isa = PBXBuildFile; fileRef = BEE8EB52286AA190004D06F7 /* LXClassifyRightCollectionCell.m */; };
/* End PBXBuildFile section */

/* Begin PBXContainerItemProxy section */
		6003F5B3195388D20070C39A /* PBXContainerItemProxy */ = {
			isa = PBXContainerItemProxy;
			containerPortal = 6003F582195388D10070C39A /* Project object */;
			proxyType = 1;
			remoteGlobalIDString = 6003F589195388D20070C39A;
			remoteInfo = LXToolKitObjc;
		};
/* End PBXContainerItemProxy section */

/* Begin PBXFileReference section */
		1EA03F022E982B6C3C119175 /* Pods-LXToolKitObjc_Example.release.xcconfig */ = {isa = PBXFileReference; includeInIndex = 1; lastKnownFileType = text.xcconfig; name = "Pods-LXToolKitObjc_Example.release.xcconfig"; path = "Target Support Files/Pods-LXToolKitObjc_Example/Pods-LXToolKitObjc_Example.release.xcconfig"; sourceTree = "<group>"; };
		6003F58A195388D20070C39A /* LXToolKitObjc_Example.app */ = {isa = PBXFileReference; explicitFileType = wrapper.application; includeInIndex = 0; path = LXToolKitObjc_Example.app; sourceTree = BUILT_PRODUCTS_DIR; };
		6003F58D195388D20070C39A /* Foundation.framework */ = {isa = PBXFileReference; lastKnownFileType = wrapper.framework; name = Foundation.framework; path = System/Library/Frameworks/Foundation.framework; sourceTree = SDKROOT; };
		6003F58F195388D20070C39A /* CoreGraphics.framework */ = {isa = PBXFileReference; lastKnownFileType = wrapper.framework; name = CoreGraphics.framework; path = System/Library/Frameworks/CoreGraphics.framework; sourceTree = SDKROOT; };
		6003F591195388D20070C39A /* UIKit.framework */ = {isa = PBXFileReference; lastKnownFileType = wrapper.framework; name = UIKit.framework; path = System/Library/Frameworks/UIKit.framework; sourceTree = SDKROOT; };
		6003F595195388D20070C39A /* LXToolKitObjc-Info.plist */ = {isa = PBXFileReference; lastKnownFileType = text.plist.xml; path = "LXToolKitObjc-Info.plist"; sourceTree = "<group>"; };
		6003F597195388D20070C39A /* en */ = {isa = PBXFileReference; lastKnownFileType = text.plist.strings; name = en; path = en.lproj/InfoPlist.strings; sourceTree = "<group>"; };
		6003F599195388D20070C39A /* main.m */ = {isa = PBXFileReference; lastKnownFileType = sourcecode.c.objc; path = main.m; sourceTree = "<group>"; };
		6003F59B195388D20070C39A /* LXToolKitObjc-Prefix.pch */ = {isa = PBXFileReference; lastKnownFileType = sourcecode.c.h; path = "LXToolKitObjc-Prefix.pch"; sourceTree = "<group>"; };
		6003F59C195388D20070C39A /* LXAppDelegate.h */ = {isa = PBXFileReference; lastKnownFileType = sourcecode.c.h; path = LXAppDelegate.h; sourceTree = "<group>"; };
		6003F59D195388D20070C39A /* LXAppDelegate.m */ = {isa = PBXFileReference; lastKnownFileType = sourcecode.c.objc; path = LXAppDelegate.m; sourceTree = "<group>"; };
		6003F5A5195388D20070C39A /* LXViewController.h */ = {isa = PBXFileReference; lastKnownFileType = sourcecode.c.h; path = LXViewController.h; sourceTree = "<group>"; };
		6003F5A6195388D20070C39A /* LXViewController.m */ = {isa = PBXFileReference; lastKnownFileType = sourcecode.c.objc; path = LXViewController.m; sourceTree = "<group>"; };
		6003F5A8195388D20070C39A /* Images.xcassets */ = {isa = PBXFileReference; lastKnownFileType = folder.assetcatalog; path = Images.xcassets; sourceTree = "<group>"; };
		6003F5AE195388D20070C39A /* LXToolKitObjc_Tests.xctest */ = {isa = PBXFileReference; explicitFileType = wrapper.cfbundle; includeInIndex = 0; path = LXToolKitObjc_Tests.xctest; sourceTree = BUILT_PRODUCTS_DIR; };
		6003F5AF195388D20070C39A /* XCTest.framework */ = {isa = PBXFileReference; lastKnownFileType = wrapper.framework; name = XCTest.framework; path = Library/Frameworks/XCTest.framework; sourceTree = DEVELOPER_DIR; };
		6003F5B7195388D20070C39A /* Tests-Info.plist */ = {isa = PBXFileReference; lastKnownFileType = text.plist.xml; path = "Tests-Info.plist"; sourceTree = "<group>"; };
		6003F5B9195388D20070C39A /* en */ = {isa = PBXFileReference; lastKnownFileType = text.plist.strings; name = en; path = en.lproj/InfoPlist.strings; sourceTree = "<group>"; };
		6003F5BB195388D20070C39A /* Tests.m */ = {isa = PBXFileReference; lastKnownFileType = sourcecode.c.objc; path = Tests.m; sourceTree = "<group>"; };
		606FC2411953D9B200FFA9A0 /* Tests-Prefix.pch */ = {isa = PBXFileReference; lastKnownFileType = sourcecode.c.h; path = "Tests-Prefix.pch"; sourceTree = "<group>"; };
		60768611B5E99144AB3B6168 /* LICENSE */ = {isa = PBXFileReference; includeInIndex = 1; lastKnownFileType = text; name = LICENSE; path = ../LICENSE; sourceTree = "<group>"; };
		673F7E5E92AB9380778901A4 /* README.md */ = {isa = PBXFileReference; includeInIndex = 1; lastKnownFileType = net.daringfireball.markdown; name = README.md; path = ../README.md; sourceTree = "<group>"; };
		71719F9E1E33DC2100824A3D /* Base */ = {isa = PBXFileReference; lastKnownFileType = file.storyboard; name = Base; path = Base.lproj/LaunchScreen.storyboard; sourceTree = "<group>"; };
		873B8AEA1B1F5CCA007FD442 /* Main.storyboard */ = {isa = PBXFileReference; fileEncoding = 4; lastKnownFileType = file.storyboard; name = Main.storyboard; path = Base.lproj/Main.storyboard; sourceTree = "<group>"; };
		BE364288286550FB009C19C7 /* JXCategoryTitleBackgroundCellModel.h */ = {isa = PBXFileReference; fileEncoding = 4; lastKnownFileType = sourcecode.c.h; path = JXCategoryTitleBackgroundCellModel.h; sourceTree = "<group>"; };
		BE364289286550FB009C19C7 /* JXCategoryTitleBackgroundCell.h */ = {isa = PBXFileReference; fileEncoding = 4; lastKnownFileType = sourcecode.c.h; path = JXCategoryTitleBackgroundCell.h; sourceTree = "<group>"; };
		BE36428A286550FB009C19C7 /* JXCategoryTitleBackgroundView.h */ = {isa = PBXFileReference; fileEncoding = 4; lastKnownFileType = sourcecode.c.h; path = JXCategoryTitleBackgroundView.h; sourceTree = "<group>"; };
		BE36428B286550FB009C19C7 /* JXCategoryTitleBackgroundCellModel.m */ = {isa = PBXFileReference; fileEncoding = 4; lastKnownFileType = sourcecode.c.objc; path = JXCategoryTitleBackgroundCellModel.m; sourceTree = "<group>"; };
		BE36428C286550FB009C19C7 /* JXCategoryTitleBackgroundView.m */ = {isa = PBXFileReference; fileEncoding = 4; lastKnownFileType = sourcecode.c.objc; path = JXCategoryTitleBackgroundView.m; sourceTree = "<group>"; };
		BE36428D286550FB009C19C7 /* JXCategoryTitleBackgroundCell.m */ = {isa = PBXFileReference; fileEncoding = 4; lastKnownFileType = sourcecode.c.objc; path = JXCategoryTitleBackgroundCell.m; sourceTree = "<group>"; };
		BE6042B3285F40BB00DF3EB0 /* LXClassifyVC.h */ = {isa = PBXFileReference; lastKnownFileType = sourcecode.c.h; path = LXClassifyVC.h; sourceTree = "<group>"; };
		BE6042B4285F40BB00DF3EB0 /* LXClassifyVC.m */ = {isa = PBXFileReference; lastKnownFileType = sourcecode.c.objc; path = LXClassifyVC.m; sourceTree = "<group>"; };
		BE60506E285F590500DF3EB0 /* LXClassifyListBannerCell.h */ = {isa = PBXFileReference; lastKnownFileType = sourcecode.c.h; path = LXClassifyListBannerCell.h; sourceTree = "<group>"; };
		BE60506F285F590500DF3EB0 /* LXClassifyListBannerCell.m */ = {isa = PBXFileReference; lastKnownFileType = sourcecode.c.objc; path = LXClassifyListBannerCell.m; sourceTree = "<group>"; };
		BE605071285F5B2C00DF3EB0 /* LXClassifyListLeftView.h */ = {isa = PBXFileReference; lastKnownFileType = sourcecode.c.h; path = LXClassifyListLeftView.h; sourceTree = "<group>"; };
		BE605072285F5B2C00DF3EB0 /* LXClassifyListLeftView.m */ = {isa = PBXFileReference; lastKnownFileType = sourcecode.c.objc; path = LXClassifyListLeftView.m; sourceTree = "<group>"; };
		BE63A2F1286994A9000EA644 /* LXSubCategoryPinView.h */ = {isa = PBXFileReference; lastKnownFileType = sourcecode.c.h; path = LXSubCategoryPinView.h; sourceTree = "<group>"; };
		BE63A2F2286994A9000EA644 /* LXSubCategoryPinView.m */ = {isa = PBXFileReference; lastKnownFileType = sourcecode.c.objc; path = LXSubCategoryPinView.m; sourceTree = "<group>"; };
		BE7CAE42285D7F1C00A86665 /* LXNaHiddenVC.m */ = {isa = PBXFileReference; fileEncoding = 4; lastKnownFileType = sourcecode.c.objc; path = LXNaHiddenVC.m; sourceTree = "<group>"; };
		BE7CAE43285D7F1C00A86665 /* LXNaHiddenVC.h */ = {isa = PBXFileReference; fileEncoding = 4; lastKnownFileType = sourcecode.c.h; path = LXNaHiddenVC.h; sourceTree = "<group>"; };
		BE7CAE55285D7F1C00A86665 /* LXList2VC.h */ = {isa = PBXFileReference; fileEncoding = 4; lastKnownFileType = sourcecode.c.h; path = LXList2VC.h; sourceTree = "<group>"; };
		BE7CAE56285D7F1C00A86665 /* LXPaging2VC.h */ = {isa = PBXFileReference; fileEncoding = 4; lastKnownFileType = sourcecode.c.h; path = LXPaging2VC.h; sourceTree = "<group>"; };
		BE7CAE57285D7F1C00A86665 /* LXNested2VC.h */ = {isa = PBXFileReference; fileEncoding = 4; lastKnownFileType = sourcecode.c.h; path = LXNested2VC.h; sourceTree = "<group>"; };
		BE7CAE58285D7F1C00A86665 /* LXList2VC.m */ = {isa = PBXFileReference; fileEncoding = 4; lastKnownFileType = sourcecode.c.objc; path = LXList2VC.m; sourceTree = "<group>"; };
		BE7CAE59285D7F1C00A86665 /* LXPaging2VC.m */ = {isa = PBXFileReference; fileEncoding = 4; lastKnownFileType = sourcecode.c.objc; path = LXPaging2VC.m; sourceTree = "<group>"; };
		BE7CAE5A285D7F1C00A86665 /* LXNested2VC.m */ = {isa = PBXFileReference; fileEncoding = 4; lastKnownFileType = sourcecode.c.objc; path = LXNested2VC.m; sourceTree = "<group>"; };
		BE7CAE5C285D7F1C00A86665 /* LXNest5VC.h */ = {isa = PBXFileReference; fileEncoding = 4; lastKnownFileType = sourcecode.c.h; path = LXNest5VC.h; sourceTree = "<group>"; };
		BE7CAE5D285D7F1C00A86665 /* LXTableVC.h */ = {isa = PBXFileReference; fileEncoding = 4; lastKnownFileType = sourcecode.c.h; path = LXTableVC.h; sourceTree = "<group>"; };
		BE7CAE5F285D7F1C00A86665 /* LXNestCell.h */ = {isa = PBXFileReference; fileEncoding = 4; lastKnownFileType = sourcecode.c.h; path = LXNestCell.h; sourceTree = "<group>"; };
		BE7CAE60285D7F1C00A86665 /* LXSectionHeaderView.h */ = {isa = PBXFileReference; fileEncoding = 4; lastKnownFileType = sourcecode.c.h; path = LXSectionHeaderView.h; sourceTree = "<group>"; };
		BE7CAE61285D7F1C00A86665 /* LXTableHeaderView.m */ = {isa = PBXFileReference; fileEncoding = 4; lastKnownFileType = sourcecode.c.objc; path = LXTableHeaderView.m; sourceTree = "<group>"; };
		BE7CAE62285D7F1C00A86665 /* LXSectionHeaderView.m */ = {isa = PBXFileReference; fileEncoding = 4; lastKnownFileType = sourcecode.c.objc; path = LXSectionHeaderView.m; sourceTree = "<group>"; };
		BE7CAE63285D7F1C00A86665 /* LXNestCell.m */ = {isa = PBXFileReference; fileEncoding = 4; lastKnownFileType = sourcecode.c.objc; path = LXNestCell.m; sourceTree = "<group>"; };
		BE7CAE64285D7F1C00A86665 /* LXTableHeaderView.h */ = {isa = PBXFileReference; fileEncoding = 4; lastKnownFileType = sourcecode.c.h; path = LXTableHeaderView.h; sourceTree = "<group>"; };
		BE7CAE65285D7F1C00A86665 /* LXTableVC.m */ = {isa = PBXFileReference; fileEncoding = 4; lastKnownFileType = sourcecode.c.objc; path = LXTableVC.m; sourceTree = "<group>"; };
		BE7CAE66285D7F1C00A86665 /* LXNest5VC.m */ = {isa = PBXFileReference; fileEncoding = 4; lastKnownFileType = sourcecode.c.objc; path = LXNest5VC.m; sourceTree = "<group>"; };
		BE7CAE68285D7F1C00A86665 /* LXListViewController.m */ = {isa = PBXFileReference; fileEncoding = 4; lastKnownFileType = sourcecode.c.objc; path = LXListViewController.m; sourceTree = "<group>"; };
		BE7CAE69285D7F1C00A86665 /* LXPagingVC.m */ = {isa = PBXFileReference; fileEncoding = 4; lastKnownFileType = sourcecode.c.objc; path = LXPagingVC.m; sourceTree = "<group>"; };
		BE7CAE6A285D7F1C00A86665 /* LXBaseNavigationController.h */ = {isa = PBXFileReference; fileEncoding = 4; lastKnownFileType = sourcecode.c.h; path = LXBaseNavigationController.h; sourceTree = "<group>"; };
		BE7CAE6B285D7F1C00A86665 /* UIWindow+JXSafeArea.m */ = {isa = PBXFileReference; fileEncoding = 4; lastKnownFileType = sourcecode.c.objc; path = "UIWindow+JXSafeArea.m"; sourceTree = "<group>"; };
		BE7CAE6C285D7F1C00A86665 /* LXListViewController.h */ = {isa = PBXFileReference; fileEncoding = 4; lastKnownFileType = sourcecode.c.h; path = LXListViewController.h; sourceTree = "<group>"; };
		BE7CAE6D285D7F1C00A86665 /* LXBaseNavigationController.m */ = {isa = PBXFileReference; fileEncoding = 4; lastKnownFileType = sourcecode.c.objc; path = LXBaseNavigationController.m; sourceTree = "<group>"; };
		BE7CAE6E285D7F1C00A86665 /* LXPagingVC.h */ = {isa = PBXFileReference; fileEncoding = 4; lastKnownFileType = sourcecode.c.h; path = LXPagingVC.h; sourceTree = "<group>"; };
		BE7CAE6F285D7F1C00A86665 /* UIWindow+JXSafeArea.h */ = {isa = PBXFileReference; fileEncoding = 4; lastKnownFileType = sourcecode.c.h; path = "UIWindow+JXSafeArea.h"; sourceTree = "<group>"; };
		BE7CAE74285D7F1C00A86665 /* LXHeaderView.h */ = {isa = PBXFileReference; fileEncoding = 4; lastKnownFileType = sourcecode.c.h; path = LXHeaderView.h; sourceTree = "<group>"; };
		BE7CAE75285D7F1C00A86665 /* LXHeaderView.m */ = {isa = PBXFileReference; fileEncoding = 4; lastKnownFileType = sourcecode.c.objc; path = LXHeaderView.m; sourceTree = "<group>"; };
		BE7F30902862A6F100C09F3C /* LXClassifyListVC.h */ = {isa = PBXFileReference; lastKnownFileType = sourcecode.c.h; path = LXClassifyListVC.h; sourceTree = "<group>"; };
		BE7F30912862A6F100C09F3C /* LXClassifyListVC.m */ = {isa = PBXFileReference; lastKnownFileType = sourcecode.c.objc; path = LXClassifyListVC.m; sourceTree = "<group>"; };
		BE7F412F286B01C5009D8A8A /* LXTestModel.h */ = {isa = PBXFileReference; lastKnownFileType = sourcecode.c.h; path = LXTestModel.h; sourceTree = "<group>"; };
		BE7F4130286B01C5009D8A8A /* LXTestModel.m */ = {isa = PBXFileReference; lastKnownFileType = sourcecode.c.objc; path = LXTestModel.m; sourceTree = "<group>"; };
		BE7F4132286B01D2009D8A8A /* LXTestModelVC.h */ = {isa = PBXFileReference; lastKnownFileType = sourcecode.c.h; path = LXTestModelVC.h; sourceTree = "<group>"; };
		BE7F4133286B01D2009D8A8A /* LXTestModelVC.m */ = {isa = PBXFileReference; lastKnownFileType = sourcecode.c.objc; path = LXTestModelVC.m; sourceTree = "<group>"; };
		BE888C4E285EAF450027F9FF /* LXNest6VC.h */ = {isa = PBXFileReference; lastKnownFileType = sourcecode.c.h; path = LXNest6VC.h; sourceTree = "<group>"; };
		BE888C4F285EAF450027F9FF /* LXNest6VC.m */ = {isa = PBXFileReference; lastKnownFileType = sourcecode.c.objc; path = LXNest6VC.m; sourceTree = "<group>"; };
		BE888C81285ECB010027F9FF /* LXPageCell.h */ = {isa = PBXFileReference; lastKnownFileType = sourcecode.c.h; path = LXPageCell.h; sourceTree = "<group>"; };
		BE888C82285ECB010027F9FF /* LXPageCell.m */ = {isa = PBXFileReference; lastKnownFileType = sourcecode.c.objc; path = LXPageCell.m; sourceTree = "<group>"; };
		BE894F22284065780022EF57 /* LX0527VC.h */ = {isa = PBXFileReference; lastKnownFileType = sourcecode.c.h; path = LX0527VC.h; sourceTree = "<group>"; };
		BE894F23284065780022EF57 /* LX0527VC.m */ = {isa = PBXFileReference; lastKnownFileType = sourcecode.c.objc; path = LX0527VC.m; sourceTree = "<group>"; };
		BE89B3A7286300C800369681 /* LXClassifyListRightVC.h */ = {isa = PBXFileReference; lastKnownFileType = sourcecode.c.h; path = LXClassifyListRightVC.h; sourceTree = "<group>"; };
		BE89B3A8286300C800369681 /* LXClassifyListRightVC.m */ = {isa = PBXFileReference; lastKnownFileType = sourcecode.c.objc; path = LXClassifyListRightVC.m; sourceTree = "<group>"; };
		BE89B44B28631B7900369681 /* LXBaseFirstCategoryView.h */ = {isa = PBXFileReference; lastKnownFileType = sourcecode.c.h; path = LXBaseFirstCategoryView.h; sourceTree = "<group>"; };
		BE89B44C28631B7900369681 /* LXBaseFirstCategoryView.m */ = {isa = PBXFileReference; lastKnownFileType = sourcecode.c.objc; path = LXBaseFirstCategoryView.m; sourceTree = "<group>"; };
		BE89B44E286324AF00369681 /* LXFirstCategoryCell.h */ = {isa = PBXFileReference; lastKnownFileType = sourcecode.c.h; path = LXFirstCategoryCell.h; sourceTree = "<group>"; };
		BE89B44F286324AF00369681 /* LXFirstCategoryCell.m */ = {isa = PBXFileReference; lastKnownFileType = sourcecode.c.objc; path = LXFirstCategoryCell.m; sourceTree = "<group>"; };
		BE9234AA285EDDC400ABB71B /* LXMyTableView.h */ = {isa = PBXFileReference; lastKnownFileType = sourcecode.c.h; path = LXMyTableView.h; sourceTree = "<group>"; };
		BE9234AB285EDDC400ABB71B /* LXMyTableView.m */ = {isa = PBXFileReference; lastKnownFileType = sourcecode.c.objc; path = LXMyTableView.m; sourceTree = "<group>"; };
		BE9234B0285F039100ABB71B /* LXSectionModel.h */ = {isa = PBXFileReference; lastKnownFileType = sourcecode.c.h; path = LXSectionModel.h; sourceTree = "<group>"; };
		BE9234B1285F039100ABB71B /* LXSectionModel.m */ = {isa = PBXFileReference; lastKnownFileType = sourcecode.c.objc; path = LXSectionModel.m; sourceTree = "<group>"; };
		BE9234B6285F063400ABB71B /* LXClassifySectionHeaderView.h */ = {isa = PBXFileReference; lastKnownFileType = sourcecode.c.h; path = LXClassifySectionHeaderView.h; sourceTree = "<group>"; };
		BE9234B7285F063400ABB71B /* LXClassifySectionHeaderView.m */ = {isa = PBXFileReference; lastKnownFileType = sourcecode.c.objc; path = LXClassifySectionHeaderView.m; sourceTree = "<group>"; };
		BE9234B9285F078000ABB71B /* LXSectionCategoryHeaderView.h */ = {isa = PBXFileReference; lastKnownFileType = sourcecode.c.h; path = LXSectionCategoryHeaderView.h; sourceTree = "<group>"; };
		BE9234BA285F078000ABB71B /* LXSectionCategoryHeaderView.m */ = {isa = PBXFileReference; lastKnownFileType = sourcecode.c.objc; path = LXSectionCategoryHeaderView.m; sourceTree = "<group>"; };
		BE9234BF285F1E2900ABB71B /* LXMyCollectionView.h */ = {isa = PBXFileReference; lastKnownFileType = sourcecode.c.h; path = LXMyCollectionView.h; sourceTree = "<group>"; };
		BE9234C0285F1E2900ABB71B /* LXMyCollectionView.m */ = {isa = PBXFileReference; lastKnownFileType = sourcecode.c.objc; path = LXMyCollectionView.m; sourceTree = "<group>"; };
		BE9234C2285F23C600ABB71B /* LXClassifyListLeftCell.h */ = {isa = PBXFileReference; lastKnownFileType = sourcecode.c.h; path = LXClassifyListLeftCell.h; sourceTree = "<group>"; };
		BE9234C3285F23C600ABB71B /* LXClassifyListLeftCell.m */ = {isa = PBXFileReference; lastKnownFileType = sourcecode.c.objc; path = LXClassifyListLeftCell.m; sourceTree = "<group>"; };
		BE9234CC285F345700ABB71B /* LXClassifyWrapperVC.h */ = {isa = PBXFileReference; lastKnownFileType = sourcecode.c.h; path = LXClassifyWrapperVC.h; sourceTree = "<group>"; };
		BE9234CD285F345700ABB71B /* LXClassifyWrapperVC.m */ = {isa = PBXFileReference; lastKnownFileType = sourcecode.c.objc; path = LXClassifyWrapperVC.m; sourceTree = "<group>"; };
		BEA18FB22873D55D00E41726 /* LXFirstCategoryFoldView.h */ = {isa = PBXFileReference; lastKnownFileType = sourcecode.c.h; path = LXFirstCategoryFoldView.h; sourceTree = "<group>"; };
		BEA18FB32873D55D00E41726 /* LXFirstCategoryFoldView.m */ = {isa = PBXFileReference; lastKnownFileType = sourcecode.c.objc; path = LXFirstCategoryFoldView.m; sourceTree = "<group>"; };
		BEB56B32283E1774003BAA77 /* CTAPIBaseManager+Rac.h */ = {isa = PBXFileReference; lastKnownFileType = sourcecode.c.h; path = "CTAPIBaseManager+Rac.h"; sourceTree = "<group>"; };
		BEB56B33283E1774003BAA77 /* CTAPIBaseManager+Rac.m */ = {isa = PBXFileReference; lastKnownFileType = sourcecode.c.objc; path = "CTAPIBaseManager+Rac.m"; sourceTree = "<group>"; };
		BEB56B37283E1A0F003BAA77 /* LXLoginVC.h */ = {isa = PBXFileReference; lastKnownFileType = sourcecode.c.h; path = LXLoginVC.h; sourceTree = "<group>"; };
		BEB56B38283E1A0F003BAA77 /* LXLoginVC.m */ = {isa = PBXFileReference; lastKnownFileType = sourcecode.c.objc; path = LXLoginVC.m; sourceTree = "<group>"; };
		BEB56B3A283E1A77003BAA77 /* LXLoginVM.h */ = {isa = PBXFileReference; lastKnownFileType = sourcecode.c.h; path = LXLoginVM.h; sourceTree = "<group>"; };
		BEB56B3B283E1A77003BAA77 /* LXLoginVM.m */ = {isa = PBXFileReference; lastKnownFileType = sourcecode.c.objc; path = LXLoginVM.m; sourceTree = "<group>"; };
		BECC0AF0286C1E130062E115 /* LXClassifyMainVC.h */ = {isa = PBXFileReference; lastKnownFileType = sourcecode.c.h; path = LXClassifyMainVC.h; sourceTree = "<group>"; };
		BECC0AF1286C1E130062E115 /* LXClassifyMainVC.m */ = {isa = PBXFileReference; lastKnownFileType = sourcecode.c.objc; path = LXClassifyMainVC.m; sourceTree = "<group>"; };
		BECC0AF3286C20200062E115 /* LXClassifyList2VC.h */ = {isa = PBXFileReference; lastKnownFileType = sourcecode.c.h; path = LXClassifyList2VC.h; sourceTree = "<group>"; };
		BECC0AF4286C20200062E115 /* LXClassifyList2VC.m */ = {isa = PBXFileReference; lastKnownFileType = sourcecode.c.objc; path = LXClassifyList2VC.m; sourceTree = "<group>"; };
		BECC0AF7286C29050062E115 /* LXThirdCategoryView.h */ = {isa = PBXFileReference; lastKnownFileType = sourcecode.c.h; path = LXThirdCategoryView.h; sourceTree = "<group>"; };
		BECC0AF8286C29050062E115 /* LXThirdCategoryView.m */ = {isa = PBXFileReference; lastKnownFileType = sourcecode.c.objc; path = LXThirdCategoryView.m; sourceTree = "<group>"; };
		BECC0AFA286C2D450062E115 /* LXThirdCategoryCell.h */ = {isa = PBXFileReference; lastKnownFileType = sourcecode.c.h; path = LXThirdCategoryCell.h; sourceTree = "<group>"; };
		BECC0AFB286C2D450062E115 /* LXThirdCategoryCell.m */ = {isa = PBXFileReference; lastKnownFileType = sourcecode.c.objc; path = LXThirdCategoryCell.m; sourceTree = "<group>"; };
		BED144002844B22400DEA8EA /* LXCollectionVC.h */ = {isa = PBXFileReference; lastKnownFileType = sourcecode.c.h; path = LXCollectionVC.h; sourceTree = "<group>"; };
		BED144012844B22400DEA8EA /* LXCollectionVC.m */ = {isa = PBXFileReference; lastKnownFileType = sourcecode.c.objc; path = LXCollectionVC.m; sourceTree = "<group>"; };
		BED144032844B2AB00DEA8EA /* LXCollectionCell.h */ = {isa = PBXFileReference; lastKnownFileType = sourcecode.c.h; path = LXCollectionCell.h; sourceTree = "<group>"; };
		BED144042844B2AB00DEA8EA /* LXCollectionCell.m */ = {isa = PBXFileReference; lastKnownFileType = sourcecode.c.objc; path = LXCollectionCell.m; sourceTree = "<group>"; };
		BED4FAE32872F13600340739 /* LXFirstCategoryUnfoldCell.h */ = {isa = PBXFileReference; lastKnownFileType = sourcecode.c.h; path = LXFirstCategoryUnfoldCell.h; sourceTree = "<group>"; };
		BED4FAE42872F13600340739 /* LXFirstCategoryUnfoldCell.m */ = {isa = PBXFileReference; lastKnownFileType = sourcecode.c.objc; path = LXFirstCategoryUnfoldCell.m; sourceTree = "<group>"; };
		BED4FAE62872FD2600340739 /* LXFirstCategoryUnfoldView.h */ = {isa = PBXFileReference; lastKnownFileType = sourcecode.c.h; path = LXFirstCategoryUnfoldView.h; sourceTree = "<group>"; };
		BED4FAE72872FD2600340739 /* LXFirstCategoryUnfoldView.m */ = {isa = PBXFileReference; lastKnownFileType = sourcecode.c.objc; path = LXFirstCategoryUnfoldView.m; sourceTree = "<group>"; };
		BEE8EB51286AA190004D06F7 /* LXClassifyRightCollectionCell.h */ = {isa = PBXFileReference; fileEncoding = 4; lastKnownFileType = sourcecode.c.h; path = LXClassifyRightCollectionCell.h; sourceTree = "<group>"; };
		BEE8EB52286AA190004D06F7 /* LXClassifyRightCollectionCell.m */ = {isa = PBXFileReference; fileEncoding = 4; lastKnownFileType = sourcecode.c.objc; path = LXClassifyRightCollectionCell.m; sourceTree = "<group>"; };
		BF8B133A6C025C3611DA62F2 /* libPods-LXToolKitObjc_Example.a */ = {isa = PBXFileReference; explicitFileType = archive.ar; includeInIndex = 0; path = "libPods-LXToolKitObjc_Example.a"; sourceTree = BUILT_PRODUCTS_DIR; };
		D2DE712A1CD14B02497CFBE0 /* LXToolKitObjc.podspec */ = {isa = PBXFileReference; includeInIndex = 1; lastKnownFileType = text; name = LXToolKitObjc.podspec; path = ../LXToolKitObjc.podspec; sourceTree = "<group>"; xcLanguageSpecificationIdentifier = xcode.lang.ruby; };
		E32A15C022D32EB5673A6BE2 /* Pods-LXToolKitObjc_Example.debug.xcconfig */ = {isa = PBXFileReference; includeInIndex = 1; lastKnownFileType = text.xcconfig; name = "Pods-LXToolKitObjc_Example.debug.xcconfig"; path = "Target Support Files/Pods-LXToolKitObjc_Example/Pods-LXToolKitObjc_Example.debug.xcconfig"; sourceTree = "<group>"; };
/* End PBXFileReference section */

/* Begin PBXFrameworksBuildPhase section */
		6003F587195388D20070C39A /* Frameworks */ = {
			isa = PBXFrameworksBuildPhase;
			buildActionMask = 2147483647;
			files = (
				6003F590195388D20070C39A /* CoreGraphics.framework in Frameworks */,
				6003F592195388D20070C39A /* UIKit.framework in Frameworks */,
				6003F58E195388D20070C39A /* Foundation.framework in Frameworks */,
				59ABB36C7F5DA5F22272775A /* libPods-LXToolKitObjc_Example.a in Frameworks */,
			);
			runOnlyForDeploymentPostprocessing = 0;
		};
		6003F5AB195388D20070C39A /* Frameworks */ = {
			isa = PBXFrameworksBuildPhase;
			buildActionMask = 2147483647;
			files = (
				6003F5B0195388D20070C39A /* XCTest.framework in Frameworks */,
				6003F5B2195388D20070C39A /* UIKit.framework in Frameworks */,
				6003F5B1195388D20070C39A /* Foundation.framework in Frameworks */,
			);
			runOnlyForDeploymentPostprocessing = 0;
		};
/* End PBXFrameworksBuildPhase section */

/* Begin PBXGroup section */
		6003F581195388D10070C39A = {
			isa = PBXGroup;
			children = (
				BE894F20284065510022EF57 /* Daily */,
				BEB56B35283E19F4003BAA77 /* MVVM */,
				BEB56AA8283E1319003BAA77 /* Kit */,
				60FF7A9C1954A5C5007DD14C /* Podspec Metadata */,
				6003F593195388D20070C39A /* Example for LXToolKitObjc */,
				6003F5B5195388D20070C39A /* Tests */,
				6003F58C195388D20070C39A /* Frameworks */,
				6003F58B195388D20070C39A /* Products */,
				EE403D27D1ECFCC25FB2A600 /* Pods */,
			);
			sourceTree = "<group>";
		};
		6003F58B195388D20070C39A /* Products */ = {
			isa = PBXGroup;
			children = (
				6003F58A195388D20070C39A /* LXToolKitObjc_Example.app */,
				6003F5AE195388D20070C39A /* LXToolKitObjc_Tests.xctest */,
			);
			name = Products;
			sourceTree = "<group>";
		};
		6003F58C195388D20070C39A /* Frameworks */ = {
			isa = PBXGroup;
			children = (
				6003F58D195388D20070C39A /* Foundation.framework */,
				6003F58F195388D20070C39A /* CoreGraphics.framework */,
				6003F591195388D20070C39A /* UIKit.framework */,
				6003F5AF195388D20070C39A /* XCTest.framework */,
				BF8B133A6C025C3611DA62F2 /* libPods-LXToolKitObjc_Example.a */,
			);
			name = Frameworks;
			sourceTree = "<group>";
		};
		6003F593195388D20070C39A /* Example for LXToolKitObjc */ = {
			isa = PBXGroup;
			children = (
				6003F59C195388D20070C39A /* LXAppDelegate.h */,
				6003F59D195388D20070C39A /* LXAppDelegate.m */,
				873B8AEA1B1F5CCA007FD442 /* Main.storyboard */,
				6003F5A5195388D20070C39A /* LXViewController.h */,
				6003F5A6195388D20070C39A /* LXViewController.m */,
				71719F9D1E33DC2100824A3D /* LaunchScreen.storyboard */,
				6003F5A8195388D20070C39A /* Images.xcassets */,
				6003F594195388D20070C39A /* Supporting Files */,
			);
			name = "Example for LXToolKitObjc";
			path = LXToolKitObjc;
			sourceTree = "<group>";
		};
		6003F594195388D20070C39A /* Supporting Files */ = {
			isa = PBXGroup;
			children = (
				6003F595195388D20070C39A /* LXToolKitObjc-Info.plist */,
				6003F596195388D20070C39A /* InfoPlist.strings */,
				6003F599195388D20070C39A /* main.m */,
				6003F59B195388D20070C39A /* LXToolKitObjc-Prefix.pch */,
			);
			name = "Supporting Files";
			sourceTree = "<group>";
		};
		6003F5B5195388D20070C39A /* Tests */ = {
			isa = PBXGroup;
			children = (
				6003F5BB195388D20070C39A /* Tests.m */,
				6003F5B6195388D20070C39A /* Supporting Files */,
			);
			path = Tests;
			sourceTree = "<group>";
		};
		6003F5B6195388D20070C39A /* Supporting Files */ = {
			isa = PBXGroup;
			children = (
				6003F5B7195388D20070C39A /* Tests-Info.plist */,
				6003F5B8195388D20070C39A /* InfoPlist.strings */,
				606FC2411953D9B200FFA9A0 /* Tests-Prefix.pch */,
			);
			name = "Supporting Files";
			sourceTree = "<group>";
		};
		60FF7A9C1954A5C5007DD14C /* Podspec Metadata */ = {
			isa = PBXGroup;
			children = (
				D2DE712A1CD14B02497CFBE0 /* LXToolKitObjc.podspec */,
				673F7E5E92AB9380778901A4 /* README.md */,
				60768611B5E99144AB3B6168 /* LICENSE */,
			);
			name = "Podspec Metadata";
			sourceTree = "<group>";
		};
		BE364285286550A6009C19C7 /* JX */ = {
			isa = PBXGroup;
			children = (
				BE364289286550FB009C19C7 /* JXCategoryTitleBackgroundCell.h */,
				BE36428D286550FB009C19C7 /* JXCategoryTitleBackgroundCell.m */,
				BE364288286550FB009C19C7 /* JXCategoryTitleBackgroundCellModel.h */,
				BE36428B286550FB009C19C7 /* JXCategoryTitleBackgroundCellModel.m */,
				BE36428A286550FB009C19C7 /* JXCategoryTitleBackgroundView.h */,
				BE36428C286550FB009C19C7 /* JXCategoryTitleBackgroundView.m */,
			);
			path = JX;
			sourceTree = "<group>";
		};
		BE605077285F68B600DF3EB0 /* PanelLeft */ = {
			isa = PBXGroup;
			children = (
				BE9234C2285F23C600ABB71B /* LXClassifyListLeftCell.h */,
				BE9234C3285F23C600ABB71B /* LXClassifyListLeftCell.m */,
				BE605071285F5B2C00DF3EB0 /* LXClassifyListLeftView.h */,
				BE605072285F5B2C00DF3EB0 /* LXClassifyListLeftView.m */,
			);
			path = PanelLeft;
			sourceTree = "<group>";
		};
		BE605078285F68C400DF3EB0 /* PanelRight */ = {
			isa = PBXGroup;
			children = (
				BECC0AF6286C28EB0062E115 /* AllCategoryView */,
				BEE8EB56286AA38F004D06F7 /* View */,
				BEE8EB55286AA36D004D06F7 /* Cell & HeaderFooter */,
				BE63A2F028699493000EA644 /* PinView */,
				BE89B3A7286300C800369681 /* LXClassifyListRightVC.h */,
				BE89B3A8286300C800369681 /* LXClassifyListRightVC.m */,
			);
			path = PanelRight;
			sourceTree = "<group>";
		};
		BE63A2F028699493000EA644 /* PinView */ = {
			isa = PBXGroup;
			children = (
				BE63A2F1286994A9000EA644 /* LXSubCategoryPinView.h */,
				BE63A2F2286994A9000EA644 /* LXSubCategoryPinView.m */,
			);
			path = PinView;
			sourceTree = "<group>";
		};
		BE7CAE41285D7F1C00A86665 /* NavHidden */ = {
			isa = PBXGroup;
			children = (
				BE7CAE42285D7F1C00A86665 /* LXNaHiddenVC.m */,
				BE7CAE43285D7F1C00A86665 /* LXNaHiddenVC.h */,
			);
			path = NavHidden;
			sourceTree = "<group>";
		};
		BE7CAE54285D7F1C00A86665 /* Nested2 */ = {
			isa = PBXGroup;
			children = (
				BE888C80285ECAEC0027F9FF /* View */,
				BE7CAE57285D7F1C00A86665 /* LXNested2VC.h */,
				BE7CAE5A285D7F1C00A86665 /* LXNested2VC.m */,
				BE7CAE55285D7F1C00A86665 /* LXList2VC.h */,
				BE7CAE58285D7F1C00A86665 /* LXList2VC.m */,
				BE7CAE56285D7F1C00A86665 /* LXPaging2VC.h */,
				BE7CAE59285D7F1C00A86665 /* LXPaging2VC.m */,
			);
			path = Nested2;
			sourceTree = "<group>";
		};
		BE7CAE5B285D7F1C00A86665 /* Nest5 */ = {
			isa = PBXGroup;
			children = (
				BE7CAE5C285D7F1C00A86665 /* LXNest5VC.h */,
				BE7CAE5D285D7F1C00A86665 /* LXTableVC.h */,
				BE7CAE5E285D7F1C00A86665 /* View */,
				BE7CAE65285D7F1C00A86665 /* LXTableVC.m */,
				BE7CAE66285D7F1C00A86665 /* LXNest5VC.m */,
			);
			path = Nest5;
			sourceTree = "<group>";
		};
		BE7CAE5E285D7F1C00A86665 /* View */ = {
			isa = PBXGroup;
			children = (
				BE7CAE5F285D7F1C00A86665 /* LXNestCell.h */,
				BE7CAE60285D7F1C00A86665 /* LXSectionHeaderView.h */,
				BE7CAE61285D7F1C00A86665 /* LXTableHeaderView.m */,
				BE7CAE62285D7F1C00A86665 /* LXSectionHeaderView.m */,
				BE7CAE63285D7F1C00A86665 /* LXNestCell.m */,
				BE7CAE64285D7F1C00A86665 /* LXTableHeaderView.h */,
			);
			path = View;
			sourceTree = "<group>";
		};
		BE7CAE67285D7F1C00A86665 /* Common */ = {
			isa = PBXGroup;
			children = (
				BE7CAE68285D7F1C00A86665 /* LXListViewController.m */,
				BE7CAE69285D7F1C00A86665 /* LXPagingVC.m */,
				BE7CAE6A285D7F1C00A86665 /* LXBaseNavigationController.h */,
				BE7CAE6B285D7F1C00A86665 /* UIWindow+JXSafeArea.m */,
				BE7CAE6C285D7F1C00A86665 /* LXListViewController.h */,
				BE7CAE6D285D7F1C00A86665 /* LXBaseNavigationController.m */,
				BE7CAE6E285D7F1C00A86665 /* LXPagingVC.h */,
				BE7CAE6F285D7F1C00A86665 /* UIWindow+JXSafeArea.h */,
			);
			path = Common;
			sourceTree = "<group>";
		};
		BE7CAE73285D7F1C00A86665 /* View */ = {
			isa = PBXGroup;
			children = (
				BE7CAE74285D7F1C00A86665 /* LXHeaderView.h */,
				BE7CAE75285D7F1C00A86665 /* LXHeaderView.m */,
			);
			path = View;
			sourceTree = "<group>";
		};
		BE7F412E286B01AB009D8A8A /* 06-28 */ = {
			isa = PBXGroup;
			children = (
				BE7F412F286B01C5009D8A8A /* LXTestModel.h */,
				BE7F4130286B01C5009D8A8A /* LXTestModel.m */,
				BE7F4132286B01D2009D8A8A /* LXTestModelVC.h */,
				BE7F4133286B01D2009D8A8A /* LXTestModelVC.m */,
			);
			path = "06-28";
			sourceTree = "<group>";
		};
		BE888C4D285EAF2E0027F9FF /* Nest6 */ = {
			isa = PBXGroup;
			children = (
				BE888C4E285EAF450027F9FF /* LXNest6VC.h */,
				BE888C4F285EAF450027F9FF /* LXNest6VC.m */,
			);
			path = Nest6;
			sourceTree = "<group>";
		};
		BE888C80285ECAEC0027F9FF /* View */ = {
			isa = PBXGroup;
			children = (
				BE888C81285ECB010027F9FF /* LXPageCell.h */,
				BE888C82285ECB010027F9FF /* LXPageCell.m */,
				BE9234AA285EDDC400ABB71B /* LXMyTableView.h */,
				BE9234AB285EDDC400ABB71B /* LXMyTableView.m */,
			);
			path = View;
			sourceTree = "<group>";
		};
		BE894F20284065510022EF57 /* Daily */ = {
			isa = PBXGroup;
			children = (
				BE7F412E286B01AB009D8A8A /* 06-28 */,
				BEA96F76285C0CD70002AB73 /* 06-17 */,
				BED143FF2844B21000DEA8EA /* 05-28 */,
				BE894F212840655F0022EF57 /* 05-27 */,
			);
			path = Daily;
			sourceTree = "<group>";
		};
		BE894F212840655F0022EF57 /* 05-27 */ = {
			isa = PBXGroup;
			children = (
				BE894F22284065780022EF57 /* LX0527VC.h */,
				BE894F23284065780022EF57 /* LX0527VC.m */,
			);
			path = "05-27";
			sourceTree = "<group>";
		};
		BE9234AD285EFF6800ABB71B /* Classify */ = {
			isa = PBXGroup;
			children = (
				BEE8EB54286AA347004D06F7 /* AllCategoryView */,
				BE6042B3285F40BB00DF3EB0 /* LXClassifyVC.h */,
				BE6042B4285F40BB00DF3EB0 /* LXClassifyVC.m */,
				BE9234CC285F345700ABB71B /* LXClassifyWrapperVC.h */,
				BE9234CD285F345700ABB71B /* LXClassifyWrapperVC.m */,
				BE7F30902862A6F100C09F3C /* LXClassifyListVC.h */,
				BE7F30912862A6F100C09F3C /* LXClassifyListVC.m */,
				BE605078285F68C400DF3EB0 /* PanelRight */,
				BE605077285F68B600DF3EB0 /* PanelLeft */,
				BE9234AF285F038500ABB71B /* Model */,
			);
			path = Classify;
			sourceTree = "<group>";
		};
		BE9234AF285F038500ABB71B /* Model */ = {
			isa = PBXGroup;
			children = (
				BE9234B0285F039100ABB71B /* LXSectionModel.h */,
				BE9234B1285F039100ABB71B /* LXSectionModel.m */,
			);
			path = Model;
			sourceTree = "<group>";
		};
		BEA96F76285C0CD70002AB73 /* 06-17 */ = {
			isa = PBXGroup;
			children = (
				BECC0AEF286C1DFF0062E115 /* Classify2 */,
				BE9234AD285EFF6800ABB71B /* Classify */,
				BE7CAE54285D7F1C00A86665 /* Nested2 */,
				BE888C4D285EAF2E0027F9FF /* Nest6 */,
				BE7CAE67285D7F1C00A86665 /* Common */,
				BE7CAE41285D7F1C00A86665 /* NavHidden */,
				BE7CAE5B285D7F1C00A86665 /* Nest5 */,
				BE7CAE73285D7F1C00A86665 /* View */,
			);
			path = "06-17";
			sourceTree = "<group>";
		};
		BEB56AA8283E1319003BAA77 /* Kit */ = {
			isa = PBXGroup;
			children = (
				BEB56B31283E1764003BAA77 /* Networking */,
			);
			path = Kit;
			sourceTree = "<group>";
		};
		BEB56B31283E1764003BAA77 /* Networking */ = {
			isa = PBXGroup;
			children = (
				BEB56B32283E1774003BAA77 /* CTAPIBaseManager+Rac.h */,
				BEB56B33283E1774003BAA77 /* CTAPIBaseManager+Rac.m */,
			);
			path = Networking;
			sourceTree = "<group>";
		};
		BEB56B35283E19F4003BAA77 /* MVVM */ = {
			isa = PBXGroup;
			children = (
				BEB56B36283E19FC003BAA77 /* Login */,
			);
			path = MVVM;
			sourceTree = "<group>";
		};
		BEB56B36283E19FC003BAA77 /* Login */ = {
			isa = PBXGroup;
			children = (
				BEB56B37283E1A0F003BAA77 /* LXLoginVC.h */,
				BEB56B38283E1A0F003BAA77 /* LXLoginVC.m */,
				BEB56B3A283E1A77003BAA77 /* LXLoginVM.h */,
				BEB56B3B283E1A77003BAA77 /* LXLoginVM.m */,
			);
			path = Login;
			sourceTree = "<group>";
		};
		BECC0AEF286C1DFF0062E115 /* Classify2 */ = {
			isa = PBXGroup;
			children = (
				BECC0AF0286C1E130062E115 /* LXClassifyMainVC.h */,
				BECC0AF1286C1E130062E115 /* LXClassifyMainVC.m */,
				BECC0AF3286C20200062E115 /* LXClassifyList2VC.h */,
				BECC0AF4286C20200062E115 /* LXClassifyList2VC.m */,
			);
			path = Classify2;
			sourceTree = "<group>";
		};
		BECC0AF6286C28EB0062E115 /* AllCategoryView */ = {
			isa = PBXGroup;
			children = (
				BECC0AF7286C29050062E115 /* LXThirdCategoryView.h */,
				BECC0AF8286C29050062E115 /* LXThirdCategoryView.m */,
				BECC0AFA286C2D450062E115 /* LXThirdCategoryCell.h */,
				BECC0AFB286C2D450062E115 /* LXThirdCategoryCell.m */,
			);
			path = AllCategoryView;
			sourceTree = "<group>";
		};
		BED143FF2844B21000DEA8EA /* 05-28 */ = {
			isa = PBXGroup;
			children = (
				BED144002844B22400DEA8EA /* LXCollectionVC.h */,
				BED144012844B22400DEA8EA /* LXCollectionVC.m */,
				BED144032844B2AB00DEA8EA /* LXCollectionCell.h */,
				BED144042844B2AB00DEA8EA /* LXCollectionCell.m */,
			);
			path = "05-28";
			sourceTree = "<group>";
		};
		BEE8EB54286AA347004D06F7 /* AllCategoryView */ = {
			isa = PBXGroup;
			children = (
				BE364285286550A6009C19C7 /* JX */,
				BE89B44B28631B7900369681 /* LXBaseFirstCategoryView.h */,
				BE89B44C28631B7900369681 /* LXBaseFirstCategoryView.m */,
				BE89B44E286324AF00369681 /* LXFirstCategoryCell.h */,
				BE89B44F286324AF00369681 /* LXFirstCategoryCell.m */,
				BED4FAE32872F13600340739 /* LXFirstCategoryUnfoldCell.h */,
				BED4FAE42872F13600340739 /* LXFirstCategoryUnfoldCell.m */,
				BEA18FB22873D55D00E41726 /* LXFirstCategoryFoldView.h */,
				BEA18FB32873D55D00E41726 /* LXFirstCategoryFoldView.m */,
				BED4FAE62872FD2600340739 /* LXFirstCategoryUnfoldView.h */,
				BED4FAE72872FD2600340739 /* LXFirstCategoryUnfoldView.m */,
			);
			path = AllCategoryView;
			sourceTree = "<group>";
		};
		BEE8EB55286AA36D004D06F7 /* Cell & HeaderFooter */ = {
			isa = PBXGroup;
			children = (
				BE9234B6285F063400ABB71B /* LXClassifySectionHeaderView.h */,
				BE9234B7285F063400ABB71B /* LXClassifySectionHeaderView.m */,
				BE9234B9285F078000ABB71B /* LXSectionCategoryHeaderView.h */,
				BE9234BA285F078000ABB71B /* LXSectionCategoryHeaderView.m */,
				BE60506E285F590500DF3EB0 /* LXClassifyListBannerCell.h */,
				BE60506F285F590500DF3EB0 /* LXClassifyListBannerCell.m */,
				BEE8EB51286AA190004D06F7 /* LXClassifyRightCollectionCell.h */,
				BEE8EB52286AA190004D06F7 /* LXClassifyRightCollectionCell.m */,
			);
			path = "Cell & HeaderFooter";
			sourceTree = "<group>";
		};
		BEE8EB56286AA38F004D06F7 /* View */ = {
			isa = PBXGroup;
			children = (
				BE9234BF285F1E2900ABB71B /* LXMyCollectionView.h */,
				BE9234C0285F1E2900ABB71B /* LXMyCollectionView.m */,
			);
			path = View;
			sourceTree = "<group>";
		};
		EE403D27D1ECFCC25FB2A600 /* Pods */ = {
			isa = PBXGroup;
			children = (
				E32A15C022D32EB5673A6BE2 /* Pods-LXToolKitObjc_Example.debug.xcconfig */,
				1EA03F022E982B6C3C119175 /* Pods-LXToolKitObjc_Example.release.xcconfig */,
			);
			path = Pods;
			sourceTree = "<group>";
		};
/* End PBXGroup section */

/* Begin PBXNativeTarget section */
		6003F589195388D20070C39A /* LXToolKitObjc_Example */ = {
			isa = PBXNativeTarget;
			buildConfigurationList = 6003F5BF195388D20070C39A /* Build configuration list for PBXNativeTarget "LXToolKitObjc_Example" */;
			buildPhases = (
				E5D42D56566EAE530ED7D74F /* [CP] Check Pods Manifest.lock */,
				6003F586195388D20070C39A /* Sources */,
				6003F587195388D20070C39A /* Frameworks */,
				6003F588195388D20070C39A /* Resources */,
				6CDEA65985B6A912F7F36531 /* [CP] Copy Pods Resources */,
			);
			buildRules = (
			);
			dependencies = (
			);
			name = LXToolKitObjc_Example;
			productName = LXToolKitObjc;
			productReference = 6003F58A195388D20070C39A /* LXToolKitObjc_Example.app */;
			productType = "com.apple.product-type.application";
		};
		6003F5AD195388D20070C39A /* LXToolKitObjc_Tests */ = {
			isa = PBXNativeTarget;
			buildConfigurationList = 6003F5C2195388D20070C39A /* Build configuration list for PBXNativeTarget "LXToolKitObjc_Tests" */;
			buildPhases = (
				6003F5AA195388D20070C39A /* Sources */,
				6003F5AB195388D20070C39A /* Frameworks */,
				6003F5AC195388D20070C39A /* Resources */,
			);
			buildRules = (
			);
			dependencies = (
				6003F5B4195388D20070C39A /* PBXTargetDependency */,
			);
			name = LXToolKitObjc_Tests;
			productName = LXToolKitObjcTests;
			productReference = 6003F5AE195388D20070C39A /* LXToolKitObjc_Tests.xctest */;
			productType = "com.apple.product-type.bundle.unit-test";
		};
/* End PBXNativeTarget section */

/* Begin PBXProject section */
		6003F582195388D10070C39A /* Project object */ = {
			isa = PBXProject;
			attributes = {
				CLASSPREFIX = LX;
				LastUpgradeCheck = 0720;
				ORGANIZATIONNAME = lxthyme;
				TargetAttributes = {
					6003F589195388D20070C39A = {
						DevelopmentTeam = 6C6JHMW46K;
					};
					6003F5AD195388D20070C39A = {
						TestTargetID = 6003F589195388D20070C39A;
					};
				};
			};
			buildConfigurationList = 6003F585195388D10070C39A /* Build configuration list for PBXProject "LXToolKitObjc" */;
			compatibilityVersion = "Xcode 3.2";
			developmentRegion = English;
			hasScannedForEncodings = 0;
			knownRegions = (
				English,
				en,
				Base,
			);
			mainGroup = 6003F581195388D10070C39A;
			productRefGroup = 6003F58B195388D20070C39A /* Products */;
			projectDirPath = "";
			projectRoot = "";
			targets = (
				6003F589195388D20070C39A /* LXToolKitObjc_Example */,
				6003F5AD195388D20070C39A /* LXToolKitObjc_Tests */,
			);
		};
/* End PBXProject section */

/* Begin PBXResourcesBuildPhase section */
		6003F588195388D20070C39A /* Resources */ = {
			isa = PBXResourcesBuildPhase;
			buildActionMask = 2147483647;
			files = (
				873B8AEB1B1F5CCA007FD442 /* Main.storyboard in Resources */,
				71719F9F1E33DC2100824A3D /* LaunchScreen.storyboard in Resources */,
				6003F5A9195388D20070C39A /* Images.xcassets in Resources */,
				6003F598195388D20070C39A /* InfoPlist.strings in Resources */,
			);
			runOnlyForDeploymentPostprocessing = 0;
		};
		6003F5AC195388D20070C39A /* Resources */ = {
			isa = PBXResourcesBuildPhase;
			buildActionMask = 2147483647;
			files = (
				6003F5BA195388D20070C39A /* InfoPlist.strings in Resources */,
			);
			runOnlyForDeploymentPostprocessing = 0;
		};
/* End PBXResourcesBuildPhase section */

/* Begin PBXShellScriptBuildPhase section */
		6CDEA65985B6A912F7F36531 /* [CP] Copy Pods Resources */ = {
			isa = PBXShellScriptBuildPhase;
			buildActionMask = 2147483647;
			files = (
			);
			inputPaths = (
			);
			name = "[CP] Copy Pods Resources";
			outputPaths = (
			);
			runOnlyForDeploymentPostprocessing = 0;
			shellPath = /bin/sh;
			shellScript = "\"${PODS_ROOT}/Target Support Files/Pods-LXToolKitObjc_Example/Pods-LXToolKitObjc_Example-resources.sh\"\n";
			showEnvVarsInLog = 0;
		};
		E5D42D56566EAE530ED7D74F /* [CP] Check Pods Manifest.lock */ = {
			isa = PBXShellScriptBuildPhase;
			buildActionMask = 2147483647;
			files = (
			);
			inputFileListPaths = (
			);
			inputPaths = (
				"${PODS_PODFILE_DIR_PATH}/Podfile.lock",
				"${PODS_ROOT}/Manifest.lock",
			);
			name = "[CP] Check Pods Manifest.lock";
			outputFileListPaths = (
			);
			outputPaths = (
				"$(DERIVED_FILE_DIR)/Pods-LXToolKitObjc_Example-checkManifestLockResult.txt",
			);
			runOnlyForDeploymentPostprocessing = 0;
			shellPath = /bin/sh;
			shellScript = "diff \"${PODS_PODFILE_DIR_PATH}/Podfile.lock\" \"${PODS_ROOT}/Manifest.lock\" > /dev/null\nif [ $? != 0 ] ; then\n    # print error to STDERR\n    echo \"error: The sandbox is not in sync with the Podfile.lock. Run 'pod install' or update your CocoaPods installation.\" >&2\n    exit 1\nfi\n# This output is used by Xcode 'outputs' to avoid re-running this script phase.\necho \"SUCCESS\" > \"${SCRIPT_OUTPUT_FILE_0}\"\n";
			showEnvVarsInLog = 0;
		};
/* End PBXShellScriptBuildPhase section */

/* Begin PBXSourcesBuildPhase section */
		6003F586195388D20070C39A /* Sources */ = {
			isa = PBXSourcesBuildPhase;
			buildActionMask = 2147483647;
			files = (
				BE9234C1285F1E2900ABB71B /* LXMyCollectionView.m in Sources */,
				BECC0AF9286C29050062E115 /* LXThirdCategoryView.m in Sources */,
				BECC0AFC286C2D450062E115 /* LXThirdCategoryCell.m in Sources */,
				BE7F30922862A6F100C09F3C /* LXClassifyListVC.m in Sources */,
				BE7F4134286B01D2009D8A8A /* LXTestModelVC.m in Sources */,
				BE7CAE87285D7F1D00A86665 /* LXNest5VC.m in Sources */,
				BE605073285F5B2C00DF3EB0 /* LXClassifyListLeftView.m in Sources */,
				BE7F4131286B01C5009D8A8A /* LXTestModel.m in Sources */,
				6003F59E195388D20070C39A /* LXAppDelegate.m in Sources */,
				BECC0AF5286C20200062E115 /* LXClassifyList2VC.m in Sources */,
				BE7CAE78285D7F1D00A86665 /* LXNaHiddenVC.m in Sources */,
				BEE8EB53286AA191004D06F7 /* LXClassifyRightCollectionCell.m in Sources */,
				BE89B3A9286300C800369681 /* LXClassifyListRightVC.m in Sources */,
				BE7CAE82285D7F1D00A86665 /* LXNested2VC.m in Sources */,
				BEB56B34283E1774003BAA77 /* CTAPIBaseManager+Rac.m in Sources */,
				BED4FAE52872F13600340739 /* LXFirstCategoryUnfoldCell.m in Sources */,
				BE7CAE8B285D7F1D00A86665 /* LXBaseNavigationController.m in Sources */,
				BE888C83285ECB010027F9FF /* LXPageCell.m in Sources */,
				BE7CAE8A285D7F1D00A86665 /* UIWindow+JXSafeArea.m in Sources */,
				BEA18FB42873D55D00E41726 /* LXFirstCategoryFoldView.m in Sources */,
				BEB56B3C283E1A77003BAA77 /* LXLoginVM.m in Sources */,
				BE7CAE81285D7F1D00A86665 /* LXPaging2VC.m in Sources */,
				BEB56B39283E1A0F003BAA77 /* LXLoginVC.m in Sources */,
				BE7CAE85285D7F1D00A86665 /* LXNestCell.m in Sources */,
				BED4FAE82872FD2600340739 /* LXFirstCategoryUnfoldView.m in Sources */,
				BE9234B8285F063400ABB71B /* LXClassifySectionHeaderView.m in Sources */,
				BE89B450286324AF00369681 /* LXFirstCategoryCell.m in Sources */,
				BE36428F286550FB009C19C7 /* JXCategoryTitleBackgroundView.m in Sources */,
				BE7CAE89285D7F1D00A86665 /* LXPagingVC.m in Sources */,
				BED144052844B2AB00DEA8EA /* LXCollectionCell.m in Sources */,
				BED144022844B22400DEA8EA /* LXCollectionVC.m in Sources */,
				BE894F24284065780022EF57 /* LX0527VC.m in Sources */,
				6003F5A7195388D20070C39A /* LXViewController.m in Sources */,
				BE9234AC285EDDC400ABB71B /* LXMyTableView.m in Sources */,
				BE63A2F3286994A9000EA644 /* LXSubCategoryPinView.m in Sources */,
				BE364290286550FB009C19C7 /* JXCategoryTitleBackgroundCell.m in Sources */,
				BE9234CE285F345700ABB71B /* LXClassifyWrapperVC.m in Sources */,
				BE605070285F590500DF3EB0 /* LXClassifyListBannerCell.m in Sources */,
				BE7CAE88285D7F1D00A86665 /* LXListViewController.m in Sources */,
				6003F59A195388D20070C39A /* main.m in Sources */,
				BE888C50285EAF450027F9FF /* LXNest6VC.m in Sources */,
				BE7CAE80285D7F1D00A86665 /* LXList2VC.m in Sources */,
				BE36428E286550FB009C19C7 /* JXCategoryTitleBackgroundCellModel.m in Sources */,
				BE7CAE86285D7F1D00A86665 /* LXTableVC.m in Sources */,
				BE9234B2285F039100ABB71B /* LXSectionModel.m in Sources */,
				BECC0AF2286C1E130062E115 /* LXClassifyMainVC.m in Sources */,
				BE7CAE8D285D7F1D00A86665 /* LXHeaderView.m in Sources */,
				BE89B44D28631B7900369681 /* LXBaseFirstCategoryView.m in Sources */,
				BE6042B5285F40BB00DF3EB0 /* LXClassifyVC.m in Sources */,
				BE9234BB285F078000ABB71B /* LXSectionCategoryHeaderView.m in Sources */,
				BE7CAE84285D7F1D00A86665 /* LXSectionHeaderView.m in Sources */,
				BE7CAE83285D7F1D00A86665 /* LXTableHeaderView.m in Sources */,
				BE9234C4285F23C600ABB71B /* LXClassifyListLeftCell.m in Sources */,
			);
			runOnlyForDeploymentPostprocessing = 0;
		};
		6003F5AA195388D20070C39A /* Sources */ = {
			isa = PBXSourcesBuildPhase;
			buildActionMask = 2147483647;
			files = (
				6003F5BC195388D20070C39A /* Tests.m in Sources */,
			);
			runOnlyForDeploymentPostprocessing = 0;
		};
/* End PBXSourcesBuildPhase section */

/* Begin PBXTargetDependency section */
		6003F5B4195388D20070C39A /* PBXTargetDependency */ = {
			isa = PBXTargetDependency;
			target = 6003F589195388D20070C39A /* LXToolKitObjc_Example */;
			targetProxy = 6003F5B3195388D20070C39A /* PBXContainerItemProxy */;
		};
/* End PBXTargetDependency section */

/* Begin PBXVariantGroup section */
		6003F596195388D20070C39A /* InfoPlist.strings */ = {
			isa = PBXVariantGroup;
			children = (
				6003F597195388D20070C39A /* en */,
			);
			name = InfoPlist.strings;
			sourceTree = "<group>";
		};
		6003F5B8195388D20070C39A /* InfoPlist.strings */ = {
			isa = PBXVariantGroup;
			children = (
				6003F5B9195388D20070C39A /* en */,
			);
			name = InfoPlist.strings;
			sourceTree = "<group>";
		};
		71719F9D1E33DC2100824A3D /* LaunchScreen.storyboard */ = {
			isa = PBXVariantGroup;
			children = (
				71719F9E1E33DC2100824A3D /* Base */,
			);
			name = LaunchScreen.storyboard;
			sourceTree = "<group>";
		};
/* End PBXVariantGroup section */

/* Begin XCBuildConfiguration section */
		6003F5BD195388D20070C39A /* Debug */ = {
			isa = XCBuildConfiguration;
			buildSettings = {
				ALWAYS_SEARCH_USER_PATHS = NO;
				CLANG_CXX_LANGUAGE_STANDARD = "gnu++0x";
				CLANG_CXX_LIBRARY = "libc++";
				CLANG_ENABLE_MODULES = YES;
				CLANG_ENABLE_OBJC_ARC = YES;
				CLANG_WARN_BOOL_CONVERSION = YES;
				CLANG_WARN_CONSTANT_CONVERSION = YES;
				CLANG_WARN_DIRECT_OBJC_ISA_USAGE = YES_ERROR;
				CLANG_WARN_EMPTY_BODY = YES;
				CLANG_WARN_ENUM_CONVERSION = YES;
				CLANG_WARN_INT_CONVERSION = YES;
				CLANG_WARN_OBJC_ROOT_CLASS = YES_ERROR;
				CLANG_WARN__DUPLICATE_METHOD_MATCH = YES;
				"CODE_SIGN_IDENTITY[sdk=iphoneos*]" = "iPhone Developer";
				COPY_PHASE_STRIP = NO;
				ENABLE_TESTABILITY = YES;
				GCC_C_LANGUAGE_STANDARD = gnu99;
				GCC_DYNAMIC_NO_PIC = NO;
				GCC_OPTIMIZATION_LEVEL = 0;
				GCC_PREPROCESSOR_DEFINITIONS = (
					"DEBUG=1",
					"$(inherited)",
				);
				GCC_SYMBOLS_PRIVATE_EXTERN = NO;
				GCC_WARN_64_TO_32_BIT_CONVERSION = YES;
				GCC_WARN_ABOUT_RETURN_TYPE = YES_ERROR;
				GCC_WARN_UNDECLARED_SELECTOR = YES;
				GCC_WARN_UNINITIALIZED_AUTOS = YES_AGGRESSIVE;
				GCC_WARN_UNUSED_FUNCTION = YES;
				GCC_WARN_UNUSED_VARIABLE = YES;
				IPHONEOS_DEPLOYMENT_TARGET = 9.3;
				ONLY_ACTIVE_ARCH = YES;
				SDKROOT = iphoneos;
				TARGETED_DEVICE_FAMILY = "1,2";
			};
			name = Debug;
		};
		6003F5BE195388D20070C39A /* Release */ = {
			isa = XCBuildConfiguration;
			buildSettings = {
				ALWAYS_SEARCH_USER_PATHS = NO;
				CLANG_CXX_LANGUAGE_STANDARD = "gnu++0x";
				CLANG_CXX_LIBRARY = "libc++";
				CLANG_ENABLE_MODULES = YES;
				CLANG_ENABLE_OBJC_ARC = YES;
				CLANG_WARN_BOOL_CONVERSION = YES;
				CLANG_WARN_CONSTANT_CONVERSION = YES;
				CLANG_WARN_DIRECT_OBJC_ISA_USAGE = YES_ERROR;
				CLANG_WARN_EMPTY_BODY = YES;
				CLANG_WARN_ENUM_CONVERSION = YES;
				CLANG_WARN_INT_CONVERSION = YES;
				CLANG_WARN_OBJC_ROOT_CLASS = YES_ERROR;
				CLANG_WARN__DUPLICATE_METHOD_MATCH = YES;
				"CODE_SIGN_IDENTITY[sdk=iphoneos*]" = "iPhone Developer";
				COPY_PHASE_STRIP = YES;
				ENABLE_NS_ASSERTIONS = NO;
				GCC_C_LANGUAGE_STANDARD = gnu99;
				GCC_WARN_64_TO_32_BIT_CONVERSION = YES;
				GCC_WARN_ABOUT_RETURN_TYPE = YES_ERROR;
				GCC_WARN_UNDECLARED_SELECTOR = YES;
				GCC_WARN_UNINITIALIZED_AUTOS = YES_AGGRESSIVE;
				GCC_WARN_UNUSED_FUNCTION = YES;
				GCC_WARN_UNUSED_VARIABLE = YES;
				IPHONEOS_DEPLOYMENT_TARGET = 9.3;
				SDKROOT = iphoneos;
				TARGETED_DEVICE_FAMILY = "1,2";
				VALIDATE_PRODUCT = YES;
			};
			name = Release;
		};
		6003F5C0195388D20070C39A /* Debug */ = {
			isa = XCBuildConfiguration;
			baseConfigurationReference = E32A15C022D32EB5673A6BE2 /* Pods-LXToolKitObjc_Example.debug.xcconfig */;
			buildSettings = {
				ASSETCATALOG_COMPILER_APPICON_NAME = AppIcon;
				CLANG_ENABLE_OBJC_WEAK = NO;
				DEVELOPMENT_TEAM = 6C6JHMW46K;
				GCC_PRECOMPILE_PREFIX_HEADER = YES;
				GCC_PREFIX_HEADER = "LXToolKitObjc/LXToolKitObjc-Prefix.pch";
				INFOPLIST_FILE = "LXToolKitObjc/LXToolKitObjc-Info.plist";
				MODULE_NAME = ExampleApp;
				PRODUCT_BUNDLE_IDENTIFIER = "org.cocoapods.demo.${PRODUCT_NAME:rfc1034identifier}";
				PRODUCT_NAME = "$(TARGET_NAME)";
				SWIFT_VERSION = 4.0;
				WRAPPER_EXTENSION = app;
			};
			name = Debug;
		};
		6003F5C1195388D20070C39A /* Release */ = {
			isa = XCBuildConfiguration;
			baseConfigurationReference = 1EA03F022E982B6C3C119175 /* Pods-LXToolKitObjc_Example.release.xcconfig */;
			buildSettings = {
				ASSETCATALOG_COMPILER_APPICON_NAME = AppIcon;
				CLANG_ENABLE_OBJC_WEAK = NO;
				DEVELOPMENT_TEAM = 6C6JHMW46K;
				GCC_PRECOMPILE_PREFIX_HEADER = YES;
				GCC_PREFIX_HEADER = "LXToolKitObjc/LXToolKitObjc-Prefix.pch";
				INFOPLIST_FILE = "LXToolKitObjc/LXToolKitObjc-Info.plist";
				MODULE_NAME = ExampleApp;
				PRODUCT_BUNDLE_IDENTIFIER = "org.cocoapods.demo.${PRODUCT_NAME:rfc1034identifier}";
				PRODUCT_NAME = "$(TARGET_NAME)";
				SWIFT_VERSION = 4.0;
				WRAPPER_EXTENSION = app;
			};
			name = Release;
		};
		6003F5C3195388D20070C39A /* Debug */ = {
			isa = XCBuildConfiguration;
			buildSettings = {
				BUNDLE_LOADER = "$(TEST_HOST)";
				FRAMEWORK_SEARCH_PATHS = (
					"$(PLATFORM_DIR)/Developer/Library/Frameworks",
					"$(inherited)",
					"$(DEVELOPER_FRAMEWORKS_DIR)",
				);
				GCC_PRECOMPILE_PREFIX_HEADER = YES;
				GCC_PREFIX_HEADER = "Tests/Tests-Prefix.pch";
				GCC_PREPROCESSOR_DEFINITIONS = (
					"DEBUG=1",
					"$(inherited)",
				);
				INFOPLIST_FILE = "Tests/Tests-Info.plist";
				PRODUCT_BUNDLE_IDENTIFIER = "org.cocoapods.demo.${PRODUCT_NAME:rfc1034identifier}";
				PRODUCT_NAME = "$(TARGET_NAME)";
				SWIFT_VERSION = 4.0;
				TEST_HOST = "$(BUILT_PRODUCTS_DIR)/LXToolKitObjc_Example.app/LXToolKitObjc_Example";
				WRAPPER_EXTENSION = xctest;
			};
			name = Debug;
		};
		6003F5C4195388D20070C39A /* Release */ = {
			isa = XCBuildConfiguration;
			buildSettings = {
				BUNDLE_LOADER = "$(TEST_HOST)";
				FRAMEWORK_SEARCH_PATHS = (
					"$(PLATFORM_DIR)/Developer/Library/Frameworks",
					"$(inherited)",
					"$(DEVELOPER_FRAMEWORKS_DIR)",
				);
				GCC_PRECOMPILE_PREFIX_HEADER = YES;
				GCC_PREFIX_HEADER = "Tests/Tests-Prefix.pch";
				INFOPLIST_FILE = "Tests/Tests-Info.plist";
				PRODUCT_BUNDLE_IDENTIFIER = "org.cocoapods.demo.${PRODUCT_NAME:rfc1034identifier}";
				PRODUCT_NAME = "$(TARGET_NAME)";
				SWIFT_VERSION = 4.0;
				TEST_HOST = "$(BUILT_PRODUCTS_DIR)/LXToolKitObjc_Example.app/LXToolKitObjc_Example";
				WRAPPER_EXTENSION = xctest;
			};
			name = Release;
		};
/* End XCBuildConfiguration section */

/* Begin XCConfigurationList section */
		6003F585195388D10070C39A /* Build configuration list for PBXProject "LXToolKitObjc" */ = {
			isa = XCConfigurationList;
			buildConfigurations = (
				6003F5BD195388D20070C39A /* Debug */,
				6003F5BE195388D20070C39A /* Release */,
			);
			defaultConfigurationIsVisible = 0;
			defaultConfigurationName = Release;
		};
		6003F5BF195388D20070C39A /* Build configuration list for PBXNativeTarget "LXToolKitObjc_Example" */ = {
			isa = XCConfigurationList;
			buildConfigurations = (
				6003F5C0195388D20070C39A /* Debug */,
				6003F5C1195388D20070C39A /* Release */,
			);
			defaultConfigurationIsVisible = 0;
			defaultConfigurationName = Release;
		};
		6003F5C2195388D20070C39A /* Build configuration list for PBXNativeTarget "LXToolKitObjc_Tests" */ = {
			isa = XCConfigurationList;
			buildConfigurations = (
				6003F5C3195388D20070C39A /* Debug */,
				6003F5C4195388D20070C39A /* Release */,
			);
			defaultConfigurationIsVisible = 0;
			defaultConfigurationName = Release;
		};
/* End XCConfigurationList section */
	};
	rootObject = 6003F582195388D10070C39A /* Project object */;
}
