PODS:
  - Alamofire (5.2.2)
  - CryptoSwift (1.3.1)
  - HandyJSON (5.0.2)
  - LXToolKit (0.0.5):
    - CryptoSwift
    - HandyJSON (~> 5)
    - Moya
    - RxSwift
    - SnapKit (~> 5)
  - Moya (14.0.0):
    - Moya/Core (= 14.0.0)
  - Moya/Core (14.0.0):
    - Alamofire (~> 5.0)
  - RxSwift (5.1.1)
  - SDWebImage (5.8.4):
    - SDWebImage/Core (= 5.8.4)
  - SDWebImage/Core (5.8.4)
  - SnapKit (5.0.1)

DEPENDENCIES:
  - HandyJSON
  - LXToolKit (from `../`)
  - SDWebImage

SPEC REPOS:
  trunk:
    - Alamofire
    - CryptoSwift
    - HandyJSON
    - Moya
    - RxSwift
    - SDWebImage
    - SnapKit

EXTERNAL SOURCES:
  LXToolKit:
    :path: "../"

SPEC CHECKSUMS:
  Alamofire: 814429acc853c6c54ff123fc3d2ef66803823ce0
  CryptoSwift: f12f037f6d0fcd6d48c96db0071b653de64e6c4d
  HandyJSON: 9e4e236f5d2dbefad5155a77417bbea438201c03
  LXToolKit: cfc2861b4e3478e592eea8f4b924b7c6ba122805
  Moya: 5b45dacb75adb009f97fde91c204c1e565d31916
  RxSwift: 81470a2074fa8780320ea5fe4102807cb7118178
  SDWebImage: cf6922231e95550934da2ada0f20f2becf2ceba9
  SnapKit: 97b92857e3df3a0c71833cce143274bf6ef8e5eb

PODFILE CHECKSUM: 041f6a96580ea25ec911eae40ce5fb1c9f4b9b4c

COCOAPODS: 1.9.3
