PODS:
  - Action (4.2.0):
    - RxCocoa (< 7.0, >= 5.0)
    - RxSwift (< 7.0, >= 5.0)
  - Alamofire (5.4.1)
  - CryptoSwift (1.3.8)
  - FLAnimatedImage (1.0.12)
  - HandyJSON (5.0.2)
  - Kingfisher (5.15.8):
    - Kingfisher/Core (= 5.15.8)
  - Kingfisher/Core (5.15.8)
  - LXToolKit (0.0.5):
    - CryptoSwift
    - HandyJSON (~> 5)
    - Moya
    - RxSwift
    - SnapKit (~> 5)
  - M80AttributedLabel (1.9.9)
  - MJRefresh (3.5.0)
  - Moya (14.0.0):
    - Moya/Core (= 14.0.0)
  - Moya/Core (14.0.0):
    - Alamofire (~> 5.0)
  - Moya/RxSwift (14.0.0):
    - Moya/Core
    - RxSwift (~> 5.0)
  - RxCocoa (5.1.1):
    - RxRelay (~> 5)
    - RxSwift (~> 5)
  - RxRelay (5.1.1):
    - RxSwift (~> 5)
  - RxSwift (5.1.1)
  - RxSwiftExt (5.2.0):
    - RxSwiftExt/Core (= 5.2.0)
    - RxSwiftExt/RxCocoa (= 5.2.0)
  - RxSwiftExt/Core (5.2.0):
    - RxSwift (~> 5.0)
  - RxSwiftExt/RxCocoa (5.2.0):
    - RxCocoa (~> 5.0)
    - RxSwiftExt/Core
  - SDWebImage (5.10.2):
    - SDWebImage/Core (= 5.10.2)
  - SDWebImage/Core (5.10.2)
  - SnapKit (5.0.1)
  - SVProgressHUD (2.2.5)
  - Toast-Swift (5.0.1)

DEPENDENCIES:
  - Action
  - FLAnimatedImage
  - HandyJSON
  - Kingfisher (~> 5.15)
  - LXToolKit (from `../`)
  - M80AttributedLabel
  - MJRefresh
  - Moya/RxSwift
  - RxCocoa
  - RxSwiftExt
  - SDWebImage (~> 5.10)
  - SVProgressHUD (~> 2.2)
  - Toast-Swift

SPEC REPOS:
  trunk:
    - Action
    - Alamofire
    - CryptoSwift
    - FLAnimatedImage
    - HandyJSON
    - Kingfisher
    - M80AttributedLabel
    - MJRefresh
    - Moya
    - RxCocoa
    - RxRelay
    - RxSwift
    - RxSwiftExt
    - SDWebImage
    - SnapKit
    - SVProgressHUD
    - Toast-Swift

EXTERNAL SOURCES:
  LXToolKit:
    :path: "../"

SPEC CHECKSUMS:
  Action: 5dc2194f7a0b77857c82a677b0da655f197c005f
  Alamofire: 2291f7d21ca607c491dd17642e5d40fdcda0e65c
  CryptoSwift: 01b0f0cba1d5c212e5a335ff6c054fb75a204f00
  FLAnimatedImage: 4a0b56255d9b05f18b6dd7ee06871be5d3b89e31
  HandyJSON: 9e4e236f5d2dbefad5155a77417bbea438201c03
  Kingfisher: a3c03d702433fa6cfedabb2bddbe076fb8f2e902
  LXToolKit: cfc2861b4e3478e592eea8f4b924b7c6ba122805
  M80AttributedLabel: 77fedfe63804c989a6de0fa4d400ea8cad3ab441
  MJRefresh: 6afc955813966afb08305477dd7a0d9ad5e79a16
  Moya: 5b45dacb75adb009f97fde91c204c1e565d31916
  RxCocoa: 32065309a38d29b5b0db858819b5bf9ef038b601
  RxRelay: d77f7d771495f43c556cbc43eebd1bb54d01e8e9
  RxSwift: 81470a2074fa8780320ea5fe4102807cb7118178
  RxSwiftExt: 4ca80336f43c28f11a2825cdd2fc61dd6c044697
  SDWebImage: b969dcfc02c40a5da71eac0b03b8f1a0c794a86f
  SnapKit: 97b92857e3df3a0c71833cce143274bf6ef8e5eb
  SVProgressHUD: 1428aafac632c1f86f62aa4243ec12008d7a51d6
  Toast-Swift: 9b6a70f28b3bf0b96c40d46c0c4b9d6639846711

PODFILE CHECKSUM: b5c1a8b9af566c804d15c99779a5e16df6282b48

COCOAPODS: 1.10.0
