PODS:
  - AcknowList (2.0.3)
  - Action (5.0.0):
    - RxCocoa (~> 6.0)
    - RxSwift (~> 6.0)
  - Alamofire (5.6.4)
  - Apollo (0.50.0):
    - Apollo/Core (= 0.50.0)
  - Apollo/Core (0.50.0)
  - Charts (4.1.0):
    - Charts/Core (= 4.1.0)
  - Charts/Core (4.1.0):
    - SwiftAlgorithms (~> 1.0)
  - CocoaLumberjack/Core (3.8.0)
  - CocoaLumberjack/Swift (3.8.0):
    - CocoaLumberjack/Core
  - CryptoSwift (1.6.0)
  - DateToolsSwift (5.0.0)
  - Differentiator (5.0.0)
  - DJBusinessModuleSwift (63):
    - RxCocoa
    - RxNetworks
    - SnapKit
    - YYCache
  - DropDown (2.3.13)
  - DZNEmptyDataSet (1.8.1)
  - Firebase/Analytics (10.3.0):
    - Firebase/Core
  - Firebase/Core (10.3.0):
    - Firebase/CoreOnly
    - FirebaseAnalytics (~> 10.3.0)
  - Firebase/CoreOnly (10.3.0):
    - FirebaseCore (= 10.3.0)
  - Firebase/Crashlytics (10.3.0):
    - Firebase/CoreOnly
    - FirebaseCrashlytics (~> 10.3.0)
  - FirebaseAnalytics (10.3.0):
    - FirebaseAnalytics/AdIdSupport (= 10.3.0)
    - FirebaseCore (~> 10.0)
    - FirebaseInstallations (~> 10.0)
    - GoogleUtilities/AppDelegateSwizzler (~> 7.8)
    - GoogleUtilities/MethodSwizzler (~> 7.8)
    - GoogleUtilities/Network (~> 7.8)
    - "GoogleUtilities/NSData+zlib (~> 7.8)"
    - nanopb (< 2.30910.0, >= 2.30908.0)
  - FirebaseAnalytics/AdIdSupport (10.3.0):
    - FirebaseCore (~> 10.0)
    - FirebaseInstallations (~> 10.0)
    - GoogleAppMeasurement (= 10.3.0)
    - GoogleUtilities/AppDelegateSwizzler (~> 7.8)
    - GoogleUtilities/MethodSwizzler (~> 7.8)
    - GoogleUtilities/Network (~> 7.8)
    - "GoogleUtilities/NSData+zlib (~> 7.8)"
    - nanopb (< 2.30910.0, >= 2.30908.0)
  - FirebaseCore (10.3.0):
    - FirebaseCoreInternal (~> 10.0)
    - GoogleUtilities/Environment (~> 7.8)
    - GoogleUtilities/Logger (~> 7.8)
  - FirebaseCoreInternal (10.3.0):
    - "GoogleUtilities/NSData+zlib (~> 7.8)"
  - FirebaseCrashlytics (10.3.0):
    - FirebaseCore (~> 10.0)
    - FirebaseInstallations (~> 10.0)
    - GoogleDataTransport (~> 9.2)
    - GoogleUtilities/Environment (~> 7.8)
    - nanopb (< 2.30910.0, >= 2.30908.0)
    - PromisesObjC (~> 2.1)
  - FirebaseInstallations (10.3.0):
    - FirebaseCore (~> 10.0)
    - GoogleUtilities/Environment (~> 7.8)
    - GoogleUtilities/UserDefaults (~> 7.8)
    - PromisesObjC (~> 2.1)
  - FLAnimatedImage (1.0.17)
  - FLEX (5.22.10)
  - FloatingPanel (2.5.5)
  - FunctionalObjC (1.0.2)
  - GoogleAppMeasurement (10.3.0):
    - GoogleAppMeasurement/AdIdSupport (= 10.3.0)
    - GoogleUtilities/AppDelegateSwizzler (~> 7.8)
    - GoogleUtilities/MethodSwizzler (~> 7.8)
    - GoogleUtilities/Network (~> 7.8)
    - "GoogleUtilities/NSData+zlib (~> 7.8)"
    - nanopb (< 2.30910.0, >= 2.30908.0)
  - GoogleAppMeasurement/AdIdSupport (10.3.0):
    - GoogleAppMeasurement/WithoutAdIdSupport (= 10.3.0)
    - GoogleUtilities/AppDelegateSwizzler (~> 7.8)
    - GoogleUtilities/MethodSwizzler (~> 7.8)
    - GoogleUtilities/Network (~> 7.8)
    - "GoogleUtilities/NSData+zlib (~> 7.8)"
    - nanopb (< 2.30910.0, >= 2.30908.0)
  - GoogleAppMeasurement/WithoutAdIdSupport (10.3.0):
    - GoogleUtilities/AppDelegateSwizzler (~> 7.8)
    - GoogleUtilities/MethodSwizzler (~> 7.8)
    - GoogleUtilities/Network (~> 7.8)
    - "GoogleUtilities/NSData+zlib (~> 7.8)"
    - nanopb (< 2.30910.0, >= 2.30908.0)
  - GoogleDataTransport (9.2.0):
    - GoogleUtilities/Environment (~> 7.7)
    - nanopb (< 2.30910.0, >= 2.30908.0)
    - PromisesObjC (< 3.0, >= 1.2)
  - GoogleUtilities (7.10.0):
    - GoogleUtilities/AppDelegateSwizzler (= 7.10.0)
    - GoogleUtilities/Environment (= 7.10.0)
    - GoogleUtilities/ISASwizzler (= 7.10.0)
    - GoogleUtilities/Logger (= 7.10.0)
    - GoogleUtilities/MethodSwizzler (= 7.10.0)
    - GoogleUtilities/Network (= 7.10.0)
    - "GoogleUtilities/NSData+zlib (= 7.10.0)"
    - GoogleUtilities/Reachability (= 7.10.0)
    - GoogleUtilities/SwizzlerTestHelpers (= 7.10.0)
    - GoogleUtilities/UserDefaults (= 7.10.0)
  - GoogleUtilities/AppDelegateSwizzler (7.10.0):
    - GoogleUtilities/Environment
    - GoogleUtilities/Logger
    - GoogleUtilities/Network
  - GoogleUtilities/Environment (7.10.0):
    - PromisesObjC (< 3.0, >= 1.2)
  - GoogleUtilities/ISASwizzler (7.10.0)
  - GoogleUtilities/Logger (7.10.0):
    - GoogleUtilities/Environment
  - GoogleUtilities/MethodSwizzler (7.10.0):
    - GoogleUtilities/Logger
  - GoogleUtilities/Network (7.10.0):
    - GoogleUtilities/Logger
    - "GoogleUtilities/NSData+zlib"
    - GoogleUtilities/Reachability
  - "GoogleUtilities/NSData+zlib (7.10.0)"
  - GoogleUtilities/Reachability (7.10.0):
    - GoogleUtilities/Logger
  - GoogleUtilities/SwizzlerTestHelpers (7.10.0):
    - GoogleUtilities/MethodSwizzler
  - GoogleUtilities/UserDefaults (7.10.0):
    - GoogleUtilities/Logger
  - HandyJSON (5.0.2)
  - Hero (1.6.2)
  - Highlightr (2.1.0)
  - HMSegmentedControl (1.5.6)
  - ImageSlideshow/Core (1.9.2)
  - ImageSlideshow/Kingfisher (1.9.2):
    - ImageSlideshow/Core
    - Kingfisher (> 3.0)
  - ImageSlideshow/SDWebImage (1.9.2):
    - ImageSlideshow/Core
    - SDWebImage (>= 3.7)
  - InputBarAccessoryView (5.5.0):
    - InputBarAccessoryView/Core (= 5.5.0)
  - InputBarAccessoryView/Core (5.5.0)
  - IQKeyboardManagerSwift (6.5.10)
  - KafkaRefresh (1.5.0):
    - KafkaRefresh/Category (= 1.5.0)
    - KafkaRefresh/Configuration (= 1.5.0)
    - KafkaRefresh/Core (= 1.5.0)
    - KafkaRefresh/Default (= 1.5.0)
    - KafkaRefresh/Style (= 1.5.0)
    - KafkaRefresh/UIKit (= 1.5.0)
  - KafkaRefresh/Category (1.5.0)
  - KafkaRefresh/Configuration (1.5.0):
    - KafkaRefresh/UIKit/FootKit
    - KafkaRefresh/UIKit/HeadKit
  - KafkaRefresh/Core (1.5.0):
    - KafkaRefresh/Category
  - KafkaRefresh/Default (1.5.0):
    - KafkaRefresh/Style
  - KafkaRefresh/Style (1.5.0)
  - KafkaRefresh/UIKit (1.5.0):
    - KafkaRefresh/UIKit/FootKit (= 1.5.0)
    - KafkaRefresh/UIKit/HeadKit (= 1.5.0)
    - KafkaRefresh/UIKit/LayerKit (= 1.5.0)
  - KafkaRefresh/UIKit/FootKit (1.5.0):
    - KafkaRefresh/Category
    - KafkaRefresh/Core
    - KafkaRefresh/Default
    - KafkaRefresh/Style
    - KafkaRefresh/UIKit/LayerKit
  - KafkaRefresh/UIKit/HeadKit (1.5.0):
    - KafkaRefresh/Category
    - KafkaRefresh/Core
    - KafkaRefresh/Default
    - KafkaRefresh/Style
    - KafkaRefresh/UIKit/LayerKit
  - KafkaRefresh/UIKit/LayerKit (1.5.0):
    - KafkaRefresh/Category
    - KafkaRefresh/Default
  - KeychainAccess (4.2.2)
  - Kingfisher (7.4.1)
  - libextobjc/EXTScope (0.6):
    - libextobjc/RuntimeExtensions
  - libextobjc/RuntimeExtensions (0.6)
  - Localize-Swift (3.2.0):
    - Localize-Swift/LocalizeSwiftCore (= 3.2.0)
    - Localize-Swift/UIKit (= 3.2.0)
  - Localize-Swift/LocalizeSwiftCore (3.2.0)
  - Localize-Swift/UIKit (3.2.0):
    - Localize-Swift/LocalizeSwiftCore
  - LXToolKit (0.8.1):
    - Alamofire
    - CocoaLumberjack/Swift
    - CryptoSwift
    - HandyJSON
    - Hero
    - Localize-Swift
    - Moya
    - R.swift
    - RxCocoa
    - RxSwift
    - SDWebImage
    - SnapKit
    - SVProgressHUD
  - M80AttributedLabel (1.9.9)
  - Mantle (2.2.0):
    - Mantle/extobjc (= 2.2.0)
  - Mantle/extobjc (2.2.0)
  - Masonry (1.1.0)
  - MBProgressHUD (1.2.0)
  - MessageKit (3.8.0):
    - InputBarAccessoryView (~> 5.5.0)
  - Mixpanel-swift (4.0.4):
    - Mixpanel-swift/Complete (= 4.0.4)
  - Mixpanel-swift/Complete (4.0.4)
  - MJExtension (3.4.1)
  - MJRefresh (3.7.5)
  - Moya (15.0.0):
    - Moya/Core (= 15.0.0)
  - Moya-ObjectMapper/Core (2.9):
    - Moya (~> 15.0.0)
    - ObjectMapper
  - Moya-ObjectMapper/RxSwift (2.9):
    - Moya-ObjectMapper/Core
    - Moya/RxSwift
    - RxSwift
  - Moya/Core (15.0.0):
    - Alamofire (~> 5.0)
  - Moya/RxSwift (15.0.0):
    - Moya/Core
    - RxSwift (~> 6.0)
  - MultiProgressView (1.3.0)
  - nanopb (2.30909.0):
    - nanopb/decode (= 2.30909.0)
    - nanopb/encode (= 2.30909.0)
  - nanopb/decode (2.30909.0)
  - nanopb/encode (2.30909.0)
  - "NSObject+Rx (5.2.2)":
    - RxSwift (~> 6.2)
  - NVActivityIndicatorView (5.1.1):
    - NVActivityIndicatorView/Base (= 5.1.1)
  - NVActivityIndicatorView/Base (5.1.1)
  - NVActivityIndicatorView/Extended (5.1.1):
    - NVActivityIndicatorView/Base
  - ObjectMapper (4.2.0)
  - PKHUD (5.3.0)
  - PromisesObjC (2.1.1)
  - PryntTrimmerView (4.0.2)
  - R.swift (7.2.4)
  - RAMAnimatedTabBarController (5.2.0)
  - RxCocoa (6.5.0):
    - RxRelay (= 6.5.0)
    - RxSwift (= 6.5.0)
  - RxDataSources (5.0.0):
    - Differentiator (~> 5.0)
    - RxCocoa (~> 6.0)
    - RxSwift (~> 6.0)
  - RxGesture (4.0.4):
    - RxCocoa (~> 6.0)
    - RxSwift (~> 6.0)
  - RxNetworks (0.2.5):
    - RxNetworks/HandyJSON (= 0.2.5)
    - RxNetworks/MoyaNetwork (= 0.2.5)
    - RxNetworks/MoyaPlugins (= 0.2.5)
    - RxNetworks/RxSwift (= 0.2.5)
  - RxNetworks/HandyJSON (0.2.5):
    - HandyJSON
    - RxSwift
  - RxNetworks/MoyaNetwork (0.2.5):
    - Moya
  - RxNetworks/MoyaPlugins (0.2.5):
    - RxNetworks/MoyaPlugins/Cache (= 0.2.5)
    - RxNetworks/MoyaPlugins/Debugging (= 0.2.5)
    - RxNetworks/MoyaPlugins/GZip (= 0.2.5)
    - RxNetworks/MoyaPlugins/Indicator (= 0.2.5)
    - RxNetworks/MoyaPlugins/Loading (= 0.2.5)
    - RxNetworks/MoyaPlugins/Warning (= 0.2.5)
  - RxNetworks/MoyaPlugins/Cache (0.2.5):
    - RxNetworks/MoyaNetwork
    - YYCache
  - RxNetworks/MoyaPlugins/Debugging (0.2.5):
    - RxNetworks/MoyaNetwork
  - RxNetworks/MoyaPlugins/GZip (0.2.5):
    - RxNetworks/MoyaNetwork
  - RxNetworks/MoyaPlugins/Indicator (0.2.5):
    - RxNetworks/MoyaNetwork
  - RxNetworks/MoyaPlugins/Loading (0.2.5):
    - MBProgressHUD
    - RxNetworks/MoyaNetwork
  - RxNetworks/MoyaPlugins/Warning (0.2.5):
    - RxNetworks/MoyaNetwork
    - Toast-Swift
  - RxNetworks/RxSwift (0.2.5):
    - RxNetworks/MoyaNetwork
    - RxSwift
  - RxOptional (5.0.2):
    - RxCocoa (~> 6.0)
    - RxSwift (~> 6.0)
  - RxRelay (6.5.0):
    - RxSwift (= 6.5.0)
  - RxSwift (6.5.0)
  - RxSwiftExt (6.0.1):
    - RxSwiftExt/Core (= 6.0.1)
    - RxSwiftExt/RxCocoa (= 6.0.1)
  - RxSwiftExt/Core (6.0.1):
    - RxSwift (~> 6.0)
  - RxSwiftExt/RxCocoa (6.0.1):
    - RxCocoa (~> 6.0)
    - RxSwiftExt/Core
  - RxTheme (6.0.0):
    - RxCocoa (~> 6.0)
    - RxSwift (~> 6.0)
  - RxViewController (2.0.0):
    - RxCocoa (~> 6.0)
    - RxSwift (~> 6.0)
  - SDWebImage (5.14.3):
    - SDWebImage/Core (= 5.14.3)
  - SDWebImage/Core (5.14.3)
  - SnapKit (5.6.0)
  - SteviaLayout (4.7.3)
  - SVProgressHUD (2.2.5)
  - SwiftAlgorithms (1.0.0)
  - SwiftDate (6.3.1)
  - SwifterSwift (5.2.0):
    - SwifterSwift/AppKit (= 5.2.0)
    - SwifterSwift/CoreAnimation (= 5.2.0)
    - SwifterSwift/CoreGraphics (= 5.2.0)
    - SwifterSwift/CoreLocation (= 5.2.0)
    - SwifterSwift/Dispatch (= 5.2.0)
    - SwifterSwift/Foundation (= 5.2.0)
    - SwifterSwift/MapKit (= 5.2.0)
    - SwifterSwift/SceneKit (= 5.2.0)
    - SwifterSwift/SpriteKit (= 5.2.0)
    - SwifterSwift/StoreKit (= 5.2.0)
    - SwifterSwift/SwiftStdlib (= 5.2.0)
    - SwifterSwift/UIKit (= 5.2.0)
  - SwifterSwift/AppKit (5.2.0)
  - SwifterSwift/CoreAnimation (5.2.0)
  - SwifterSwift/CoreGraphics (5.2.0)
  - SwifterSwift/CoreLocation (5.2.0)
  - SwifterSwift/Dispatch (5.2.0)
  - SwifterSwift/Foundation (5.2.0)
  - SwifterSwift/MapKit (5.2.0)
  - SwifterSwift/SceneKit (5.2.0)
  - SwifterSwift/SpriteKit (5.2.0)
  - SwifterSwift/StoreKit (5.2.0)
  - SwifterSwift/SwiftStdlib (5.2.0)
  - SwifterSwift/UIKit (5.2.0)
  - SwiftLint (0.50.3)
  - Toast-Swift (5.0.1)
  - TZImagePickerController (3.8.3):
    - TZImagePickerController/Basic (= 3.8.3)
    - TZImagePickerController/Location (= 3.8.3)
  - TZImagePickerController/Basic (3.8.3)
  - TZImagePickerController/Location (3.8.3)
  - WhatsNewKit (1.3.7)
  - YPImagePicker (5.2.1):
    - PryntTrimmerView (= 4.0.2)
    - SteviaLayout (= 4.7.3)
  - YYCache (1.0.4)
  - YYText (1.0.7)
  - ZLPhotoBrowser (4.3.8):
    - ZLPhotoBrowser/Core (= 4.3.8)
  - ZLPhotoBrowser/Core (4.3.8)

DEPENDENCIES:
  - AcknowList
  - Action
  - "Alamofire (from `git@github.com:Alamofire/Alamofire.git`)"
  - Apollo (= 0.50.0)
  - Charts
  - CocoaLumberjack/Swift
  - DateToolsSwift
  - DJBusinessModuleSwift (from `/Users/lxthyme/Desktop/Lucky/Work/BL/DaoJia/DJBusinessModuleSwift`)
  - DropDown
  - DZNEmptyDataSet
  - Firebase/Analytics
  - Firebase/Crashlytics
  - FLAnimatedImage
  - FLEX
  - FloatingPanel
  - FunctionalObjC
  - GoogleUtilities
  - HandyJSON
  - Hero
  - Highlightr
  - HMSegmentedControl
  - ImageSlideshow/Kingfisher
  - ImageSlideshow/SDWebImage
  - IQKeyboardManagerSwift
  - KafkaRefresh
  - KeychainAccess
  - Kingfisher
  - libextobjc/EXTScope
  - Localize-Swift
  - LXToolKit (from `../`)
  - M80AttributedLabel
  - Mantle
  - Masonry
  - MBProgressHUD
  - MessageKit
  - Mixpanel-swift
  - MJExtension
  - MJRefresh
  - Moya-ObjectMapper/RxSwift (from `https://github.com/p-rob/Moya-ObjectMapper.git`, branch `master`)
  - Moya/RxSwift
  - MultiProgressView
  - "NSObject+Rx"
  - NVActivityIndicatorView
  - NVActivityIndicatorView/Extended
  - ObjectMapper
  - PKHUD
  - PromisesObjC
  - R.swift
  - RAMAnimatedTabBarController
  - RxCocoa
  - RxDataSources
  - RxGesture
  - RxNetworks (from `/Users/lxthyme/Desktop/Lucky/Work/BL/DaoJia/RxNetworks`)
  - RxOptional
  - "RxSwift (from `git@github.com:ReactiveX/RxSwift.git`)"
  - RxSwiftExt
  - RxTheme
  - RxViewController
  - SDWebImage
  - SnapKit
  - SVProgressHUD
  - SwiftDate
  - SwifterSwift
  - SwiftLint
  - Toast-Swift
  - TZImagePickerController
  - WhatsNewKit
  - YPImagePicker
  - YYCache
  - YYText
  - ZLPhotoBrowser

SPEC REPOS:
  trunk:
    - AcknowList
    - Action
    - Apollo
    - Charts
    - CocoaLumberjack
    - CryptoSwift
    - DateToolsSwift
    - Differentiator
    - DropDown
    - DZNEmptyDataSet
    - Firebase
    - FirebaseAnalytics
    - FirebaseCore
    - FirebaseCoreInternal
    - FirebaseCrashlytics
    - FirebaseInstallations
    - FLAnimatedImage
    - FLEX
    - FloatingPanel
    - FunctionalObjC
    - GoogleAppMeasurement
    - GoogleDataTransport
    - GoogleUtilities
    - HandyJSON
    - Hero
    - Highlightr
    - HMSegmentedControl
    - ImageSlideshow
    - InputBarAccessoryView
    - IQKeyboardManagerSwift
    - KafkaRefresh
    - KeychainAccess
    - Kingfisher
    - libextobjc
    - Localize-Swift
    - M80AttributedLabel
    - Mantle
    - Masonry
    - MBProgressHUD
    - MessageKit
    - Mixpanel-swift
    - MJExtension
    - MJRefresh
    - Moya
    - MultiProgressView
    - nanopb
    - "NSObject+Rx"
    - NVActivityIndicatorView
    - ObjectMapper
    - PKHUD
    - PromisesObjC
    - PryntTrimmerView
    - R.swift
    - RAMAnimatedTabBarController
    - RxCocoa
    - RxDataSources
    - RxGesture
    - RxOptional
    - RxRelay
    - RxSwiftExt
    - RxTheme
    - RxViewController
    - SDWebImage
    - SnapKit
    - SteviaLayout
    - SVProgressHUD
    - SwiftAlgorithms
    - SwiftDate
    - SwifterSwift
    - SwiftLint
    - Toast-Swift
    - TZImagePickerController
    - WhatsNewKit
    - YPImagePicker
    - YYCache
    - YYText
    - ZLPhotoBrowser

EXTERNAL SOURCES:
  Alamofire:
    :git: "git@github.com:Alamofire/Alamofire.git"
  DJBusinessModuleSwift:
    :path: "/Users/lxthyme/Desktop/Lucky/Work/BL/DaoJia/DJBusinessModuleSwift"
  LXToolKit:
    :path: "../"
  Moya-ObjectMapper:
    :branch: master
    :git: https://github.com/p-rob/Moya-ObjectMapper.git
  RxNetworks:
    :path: "/Users/lxthyme/Desktop/Lucky/Work/BL/DaoJia/RxNetworks"
  RxSwift:
    :git: "git@github.com:ReactiveX/RxSwift.git"

CHECKOUT OPTIONS:
  Alamofire:
    :commit: ce7f662709a152e840b130a158b9afef3402e146
    :git: "git@github.com:Alamofire/Alamofire.git"
  Moya-ObjectMapper:
    :commit: 4e4ba94bc8af9303471e637ba88a4768563642c9
    :git: https://github.com/p-rob/Moya-ObjectMapper.git
  RxSwift:
    :commit: 91a36920b1ec069004fef9dc41b7c5dbcaa5fffe
    :git: "git@github.com:ReactiveX/RxSwift.git"

SPEC CHECKSUMS:
  AcknowList: 6d4faca4c3e0173377fe5649e086d627cd60b003
  Action: 47f1825511907b4fcd79dd7a7db9526c20f78018
  Alamofire: 4e95d97098eacb88856099c4fc79b526a299e48c
  Apollo: 5e4476a3236bd576686085b7cd99655c788e4d74
  Charts: 354f86803d11d9c35de280587fef50d1af063978
  CocoaLumberjack: 78abfb691154e2a9df8ded4350d504ee19d90732
  CryptoSwift: 562f8eceb40e80796fffc668b0cad9313284cfa6
  DateToolsSwift: 4207ada6ad615d8dc076323d27037c94916dbfa6
  Differentiator: e8497ceab83c1b10ca233716d547b9af21b9344d
  DJBusinessModuleSwift: 420d66ed4cdf572029f9f5b8c7f5a8fb3f4ff5c5
  DropDown: 8a2116376c1981888557f72ec2ffc9a5e0e456ec
  DZNEmptyDataSet: 9525833b9e68ac21c30253e1d3d7076cc828eaa7
  Firebase: f92fc551ead69c94168d36c2b26188263860acd9
  FirebaseAnalytics: 036232b6a1e2918e5f67572417be1173576245f3
  FirebaseCore: 988754646ab3bd4bdcb740f1bfe26b9f6c0d5f2a
  FirebaseCoreInternal: 29b76f784d607df8b2a1259d73c3f04f1210137b
  FirebaseCrashlytics: f20d956f8229010b645e534693c39e0b7843c268
  FirebaseInstallations: e2f26126089dcf41e215f7b8925af8d953c7d602
  FLAnimatedImage: bbf914596368867157cc71b38a8ec834b3eeb32b
  FLEX: f21ee4f498eed3f8a1eded66b21939fd3b7a22ce
  FloatingPanel: a27e7827e0f710fa6236fe2596dd1b5484cb4fc1
  FunctionalObjC: bd6aaa4b69abea0a5ac0e860a052c1ebebd5311c
  GoogleAppMeasurement: c7d6fff39bf2d829587d74088d582e32d75133c3
  GoogleDataTransport: 1c8145da7117bd68bbbed00cf304edb6a24de00f
  GoogleUtilities: bad72cb363809015b1f7f19beb1f1cd23c589f95
  HandyJSON: 9e4e236f5d2dbefad5155a77417bbea438201c03
  Hero: c69009dbc9e2f0472e081adc644dba05fcedae72
  Highlightr: 595f3e100737c8de41113385da8bd0b5b65212c6
  HMSegmentedControl: 34c1f54d822d8308e7b24f5d901ec674dfa31352
  ImageSlideshow: be305b54eaf2b2cfc7a7141c7c734605d44dc07d
  InputBarAccessoryView: 1d7b0a672b36e370f01f264b3907ef39d03328e3
  IQKeyboardManagerSwift: 52962c76ab33532f15ad9f3ff4e5715eda5335bb
  KafkaRefresh: 01645b1509b8647809f6bb666629c80855bd3fdd
  KeychainAccess: c0c4f7f38f6fc7bbe58f5702e25f7bd2f65abf51
  Kingfisher: cd762a593a61b2fbecf7645c00f9a801a3ebfc9c
  libextobjc: aed8b7d2b07f511c1a7ecaacb33ea03e327c69b7
  Localize-Swift: 6f4475136bdb0d7b2882ea3d4ea919d70142b232
  LXToolKit: 7bf71e895586c02ff3a6b0ac03e62be438b34881
  M80AttributedLabel: 77fedfe63804c989a6de0fa4d400ea8cad3ab441
  Mantle: c5aa8794a29a022dfbbfc9799af95f477a69b62d
  Masonry: 678fab65091a9290e40e2832a55e7ab731aad201
  MBProgressHUD: 3ee5efcc380f6a79a7cc9b363dd669c5e1ae7406
  MessageKit: a1ba0c69ebead94029867853eb44dd05b9b3f453
  Mixpanel-swift: 95fa64d39f15141f1c5b7797003e2123d4c3207e
  MJExtension: 21c5f6f8c4d5d8844b7ae8fbae08fed0b501f961
  MJRefresh: fdf5e979eb406a0341468932d1dfc8b7f9fce961
  Moya: 138f0573e53411fb3dc17016add0b748dfbd78ee
  Moya-ObjectMapper: fc1180eb07f527d70bba472f759cc7ccd3eadf24
  MultiProgressView: 65e5bb8181687099ade56d16d85d245a92fafa96
  nanopb: b552cce312b6c8484180ef47159bc0f65a1f0431
  "NSObject+Rx": 61cf1f7306a73dcef8b36649198af0813ec18dfd
  NVActivityIndicatorView: 1f6c5687f1171810aa27a3296814dc2d7dec3667
  ObjectMapper: 1eb41f610210777375fa806bf161dc39fb832b81
  PKHUD: 98f3e4bc904b9c916f1c5bb6d765365b5357291b
  PromisesObjC: ab77feca74fa2823e7af4249b8326368e61014cb
  PryntTrimmerView: 6a43cc90df5d99addeabd33d4ba09b1365322130
  R.swift: 681bb9135f482e7a81d9d27445b837fef5467e11
  RAMAnimatedTabBarController: 6863a386e7ae2ab227cd60aa73ab8ff56cdacfdd
  RxCocoa: 94f817b71c07517321eb4f9ad299112ca8af743b
  RxDataSources: aa47cc1ed6c500fa0dfecac5c979b723542d79cf
  RxGesture: f3efb47ed2d26a8082f7b660d4a59970e275a7f8
  RxNetworks: ee9e67081361555755d48d3460209841ccc34ec2
  RxOptional: 3664964c96b69dd20c9cf78bdfe546615e26eca8
  RxRelay: 1de1523e604c72b6c68feadedd1af3b1b4d0ecbd
  RxSwift: 5710a9e6b17f3c3d6e40d6e559b9fa1e813b2ef8
  RxSwiftExt: d61c4b9b06e0a448041b1c659e0f1b5c5a035afc
  RxTheme: be60cb14e0544b3cbd574cc37fed35ba9d61aa1f
  RxViewController: 56486fa0afd629a1d6b5ba077f3b8cd9dc31b5d2
  SDWebImage: 9c36e66c8ce4620b41a7407698dda44211a96764
  SnapKit: e01d52ebb8ddbc333eefe2132acf85c8227d9c25
  SteviaLayout: c2ecdcff57d44e38fd2f65e54ad52aeae28ca0c4
  SVProgressHUD: 1428aafac632c1f86f62aa4243ec12008d7a51d6
  SwiftAlgorithms: 38dda4731d19027fdeee1125f973111bf3386b53
  SwiftDate: 72d28954e8e1c6c1c0f917ccc8005e4f83c7d4b2
  SwifterSwift: 334181863c416882d97b7a60c05054d9e4d799e2
  SwiftLint: 77f7cb2b9bb81ab4a12fcc86448ba3f11afa50c6
  Toast-Swift: 9b6a70f28b3bf0b96c40d46c0c4b9d6639846711
  TZImagePickerController: e9909edbadf7381140efc5b5c9f5bdbfd630f7d4
  WhatsNewKit: c87028c4059dccd113495422801914cc53f6aab0
  YPImagePicker: f36043210c10b0783034eb1947d6e06e31c461e4
  YYCache: 8105b6638f5e849296c71f331ff83891a4942952
  YYText: 5c461d709e24d55a182d1441c41dc639a18a4849
  ZLPhotoBrowser: a36e618898b781c225672115938ed861a11b2121

PODFILE CHECKSUM: b68ec3b4b1d28f587ff5b48b6540a28448071331

COCOAPODS: 1.11.3
