{
  "pins" : [
    {
      "identity" : "foodtruckkit",
      "kind" : "remoteSourceControl",
      "location" : "git@github.com:lxthyme/FoodTruckKit.git",
      "state" : {
        "revision" : "fefd1f5f918d3f9c7c20c51a5149418b94165089",
        "version" : "1.0.2"
      }
    }
  ],
  "version" : 2
}
