// !$*UTF8*$!
{
	archiveVersion = 1;
	classes = {
	};
	objectVersion = 46;
	objects = {

/* Begin PBXBuildFile section */
		607FACD61AFB9204008FA782 /* AppDelegate.swift in Sources */ = {isa = PBXBuildFile; fileRef = 607FACD51AFB9204008FA782 /* AppDelegate.swift */; };
		607FACD81AFB9204008FA782 /* ViewController.swift in Sources */ = {isa = PBXBuildFile; fileRef = 607FACD71AFB9204008FA782 /* ViewController.swift */; };
		607FACDB1AFB9204008FA782 /* Main.storyboard in Resources */ = {isa = PBXBuildFile; fileRef = 607FACD91AFB9204008FA782 /* Main.storyboard */; };
		607FACDD1AFB9204008FA782 /* Images.xcassets in Resources */ = {isa = PBXBuildFile; fileRef = 607FACDC1AFB9204008FA782 /* Images.xcassets */; };
		607FACE01AFB9204008FA782 /* LaunchScreen.xib in Resources */ = {isa = PBXBuildFile; fileRef = 607FACDE1AFB9204008FA782 /* LaunchScreen.xib */; };
		879B56C0593324DB17146FA0 /* Pods_LXToolKit_Example.framework in Frameworks */ = {isa = PBXBuildFile; fileRef = 8857FE94C0E135B83BC63E11 /* Pods_LXToolKit_Example.framework */; };
		BE9C58F2249C9C7700F942E6 /* LXNewUserFloat.swift in Sources */ = {isa = PBXBuildFile; fileRef = BE9C58F1249C9C7700F942E6 /* LXNewUserFloat.swift */; };
		BE9C58F4249C9E3C00F942E6 /* LXDashboardListModel.swift in Sources */ = {isa = PBXBuildFile; fileRef = BE9C58F3249C9E3C00F942E6 /* LXDashboardListModel.swift */; };
		BEC818AE249859700002576B /* API.swift in Sources */ = {isa = PBXBuildFile; fileRef = BEC818AD249859700002576B /* API.swift */; };
		BEC818B024985E300002576B /* LXApiProvider.swift in Sources */ = {isa = PBXBuildFile; fileRef = BEC818AF24985E300002576B /* LXApiProvider.swift */; };
		BEC818B5249868AD0002576B /* LXApiTestVC.swift in Sources */ = {isa = PBXBuildFile; fileRef = BEC818B4249868AD0002576B /* LXApiTestVC.swift */; };
		BEC818B72499BA870002576B /* LXZenModel.swift in Sources */ = {isa = PBXBuildFile; fileRef = BEC818B62499BA870002576B /* LXZenModel.swift */; };
		BEC818B92499BAA90002576B /* LXBaseModel.swift in Sources */ = {isa = PBXBuildFile; fileRef = BEC818B82499BAA90002576B /* LXBaseModel.swift */; };
		BEC818BB2499C2F90002576B /* LXBaseApiProvider.swift in Sources */ = {isa = PBXBuildFile; fileRef = BEC818BA2499C2F90002576B /* LXBaseApiProvider.swift */; };
		BEC818BE2499C3760002576B /* LXNetworkLogger.swift in Sources */ = {isa = PBXBuildFile; fileRef = BEC818BD2499C3760002576B /* LXNetworkLogger.swift */; };
		BEC818C02499C3A50002576B /* LXEndpoint.swift in Sources */ = {isa = PBXBuildFile; fileRef = BEC818BF2499C3A50002576B /* LXEndpoint.swift */; };
		BEC818C32499C43B0002576B /* LXMainProvider.swift in Sources */ = {isa = PBXBuildFile; fileRef = BEC818C22499C43B0002576B /* LXMainProvider.swift */; };
		BEC818C52499C6D00002576B /* API_ENV.swift in Sources */ = {isa = PBXBuildFile; fileRef = BEC818C42499C6D00002576B /* API_ENV.swift */; };
		BEC818C72499ED3F0002576B /* LXCredentialsPlugin.swift in Sources */ = {isa = PBXBuildFile; fileRef = BEC818C62499ED3F0002576B /* LXCredentialsPlugin.swift */; };
		BEC818C92499F5130002576B /* LXUserProvider.swift in Sources */ = {isa = PBXBuildFile; fileRef = BEC818C82499F5130002576B /* LXUserProvider.swift */; };
		BEC818CC2499F6350002576B /* LXUserModel.swift in Sources */ = {isa = PBXBuildFile; fileRef = BEC818CB2499F6350002576B /* LXUserModel.swift */; };
		BEC818CE249A33E80002576B /* LXLXBaseListModel.swift in Sources */ = {isa = PBXBuildFile; fileRef = BEC818CD249A33E80002576B /* LXLXBaseListModel.swift */; };
		BEC818D0249B2F0D0002576B /* ObservableType + mapModel.swift in Sources */ = {isa = PBXBuildFile; fileRef = BEC818CF249B2F0D0002576B /* ObservableType + mapModel.swift */; };
/* End PBXBuildFile section */

/* Begin PBXFileReference section */
		1555570000192478D0FB3DF7 /* Pods-LXToolKit_Tests.debug.xcconfig */ = {isa = PBXFileReference; includeInIndex = 1; lastKnownFileType = text.xcconfig; name = "Pods-LXToolKit_Tests.debug.xcconfig"; path = "Target Support Files/Pods-LXToolKit_Tests/Pods-LXToolKit_Tests.debug.xcconfig"; sourceTree = "<group>"; };
		3EF2C3929A0F7638F469C5C0 /* Pods-LXToolKit_Example.release.xcconfig */ = {isa = PBXFileReference; includeInIndex = 1; lastKnownFileType = text.xcconfig; name = "Pods-LXToolKit_Example.release.xcconfig"; path = "Target Support Files/Pods-LXToolKit_Example/Pods-LXToolKit_Example.release.xcconfig"; sourceTree = "<group>"; };
		607FACD01AFB9204008FA782 /* LXToolKit_Example.app */ = {isa = PBXFileReference; explicitFileType = wrapper.application; includeInIndex = 0; path = LXToolKit_Example.app; sourceTree = BUILT_PRODUCTS_DIR; };
		607FACD41AFB9204008FA782 /* Info.plist */ = {isa = PBXFileReference; lastKnownFileType = text.plist.xml; path = Info.plist; sourceTree = "<group>"; };
		607FACD51AFB9204008FA782 /* AppDelegate.swift */ = {isa = PBXFileReference; lastKnownFileType = sourcecode.swift; path = AppDelegate.swift; sourceTree = "<group>"; };
		607FACD71AFB9204008FA782 /* ViewController.swift */ = {isa = PBXFileReference; lastKnownFileType = sourcecode.swift; path = ViewController.swift; sourceTree = "<group>"; };
		607FACDA1AFB9204008FA782 /* Base */ = {isa = PBXFileReference; lastKnownFileType = file.storyboard; name = Base; path = Base.lproj/Main.storyboard; sourceTree = "<group>"; };
		607FACDC1AFB9204008FA782 /* Images.xcassets */ = {isa = PBXFileReference; lastKnownFileType = folder.assetcatalog; path = Images.xcassets; sourceTree = "<group>"; };
		607FACDF1AFB9204008FA782 /* Base */ = {isa = PBXFileReference; lastKnownFileType = file.xib; name = Base; path = Base.lproj/LaunchScreen.xib; sourceTree = "<group>"; };
		837456649B2F9DC9C12B5090 /* Pods-LXToolKit_Example.debug.xcconfig */ = {isa = PBXFileReference; includeInIndex = 1; lastKnownFileType = text.xcconfig; name = "Pods-LXToolKit_Example.debug.xcconfig"; path = "Target Support Files/Pods-LXToolKit_Example/Pods-LXToolKit_Example.debug.xcconfig"; sourceTree = "<group>"; };
		8857FE94C0E135B83BC63E11 /* Pods_LXToolKit_Example.framework */ = {isa = PBXFileReference; explicitFileType = wrapper.framework; includeInIndex = 0; path = Pods_LXToolKit_Example.framework; sourceTree = BUILT_PRODUCTS_DIR; };
		AE7AF05AB6F402D3CC89327E /* LXToolKit.podspec */ = {isa = PBXFileReference; includeInIndex = 1; lastKnownFileType = text; name = LXToolKit.podspec; path = ../LXToolKit.podspec; sourceTree = "<group>"; xcLanguageSpecificationIdentifier = xcode.lang.ruby; };
		AE81447FE9C3916C8CD253D9 /* Pods-LXToolKit_Tests.release.xcconfig */ = {isa = PBXFileReference; includeInIndex = 1; lastKnownFileType = text.xcconfig; name = "Pods-LXToolKit_Tests.release.xcconfig"; path = "Target Support Files/Pods-LXToolKit_Tests/Pods-LXToolKit_Tests.release.xcconfig"; sourceTree = "<group>"; };
		BE9C58F1249C9C7700F942E6 /* LXNewUserFloat.swift */ = {isa = PBXFileReference; lastKnownFileType = sourcecode.swift; path = LXNewUserFloat.swift; sourceTree = "<group>"; };
		BE9C58F3249C9E3C00F942E6 /* LXDashboardListModel.swift */ = {isa = PBXFileReference; lastKnownFileType = sourcecode.swift; path = LXDashboardListModel.swift; sourceTree = "<group>"; };
		BEC818AD249859700002576B /* API.swift */ = {isa = PBXFileReference; lastKnownFileType = sourcecode.swift; path = API.swift; sourceTree = "<group>"; };
		BEC818AF24985E300002576B /* LXApiProvider.swift */ = {isa = PBXFileReference; lastKnownFileType = sourcecode.swift; path = LXApiProvider.swift; sourceTree = "<group>"; };
		BEC818B4249868AD0002576B /* LXApiTestVC.swift */ = {isa = PBXFileReference; lastKnownFileType = sourcecode.swift; path = LXApiTestVC.swift; sourceTree = "<group>"; };
		BEC818B62499BA870002576B /* LXZenModel.swift */ = {isa = PBXFileReference; lastKnownFileType = sourcecode.swift; path = LXZenModel.swift; sourceTree = "<group>"; };
		BEC818B82499BAA90002576B /* LXBaseModel.swift */ = {isa = PBXFileReference; lastKnownFileType = sourcecode.swift; path = LXBaseModel.swift; sourceTree = "<group>"; };
		BEC818BA2499C2F90002576B /* LXBaseApiProvider.swift */ = {isa = PBXFileReference; lastKnownFileType = sourcecode.swift; path = LXBaseApiProvider.swift; sourceTree = "<group>"; };
		BEC818BD2499C3760002576B /* LXNetworkLogger.swift */ = {isa = PBXFileReference; lastKnownFileType = sourcecode.swift; path = LXNetworkLogger.swift; sourceTree = "<group>"; };
		BEC818BF2499C3A50002576B /* LXEndpoint.swift */ = {isa = PBXFileReference; lastKnownFileType = sourcecode.swift; path = LXEndpoint.swift; sourceTree = "<group>"; };
		BEC818C22499C43B0002576B /* LXMainProvider.swift */ = {isa = PBXFileReference; lastKnownFileType = sourcecode.swift; path = LXMainProvider.swift; sourceTree = "<group>"; };
		BEC818C42499C6D00002576B /* API_ENV.swift */ = {isa = PBXFileReference; lastKnownFileType = sourcecode.swift; path = API_ENV.swift; sourceTree = "<group>"; };
		BEC818C62499ED3F0002576B /* LXCredentialsPlugin.swift */ = {isa = PBXFileReference; lastKnownFileType = sourcecode.swift; path = LXCredentialsPlugin.swift; sourceTree = "<group>"; };
		BEC818C82499F5130002576B /* LXUserProvider.swift */ = {isa = PBXFileReference; lastKnownFileType = sourcecode.swift; path = LXUserProvider.swift; sourceTree = "<group>"; };
		BEC818CB2499F6350002576B /* LXUserModel.swift */ = {isa = PBXFileReference; lastKnownFileType = sourcecode.swift; path = LXUserModel.swift; sourceTree = "<group>"; };
		BEC818CD249A33E80002576B /* LXLXBaseListModel.swift */ = {isa = PBXFileReference; lastKnownFileType = sourcecode.swift; path = LXLXBaseListModel.swift; sourceTree = "<group>"; };
		BEC818CF249B2F0D0002576B /* ObservableType + mapModel.swift */ = {isa = PBXFileReference; lastKnownFileType = sourcecode.swift; path = "ObservableType + mapModel.swift"; sourceTree = "<group>"; };
		C191BB0B22DC23F7B4A282E6 /* LICENSE */ = {isa = PBXFileReference; includeInIndex = 1; lastKnownFileType = text; name = LICENSE; path = ../LICENSE; sourceTree = "<group>"; };
		E48A6F78194EBCDD87486B2A /* Pods_LXToolKit_Tests.framework */ = {isa = PBXFileReference; explicitFileType = wrapper.framework; includeInIndex = 0; path = Pods_LXToolKit_Tests.framework; sourceTree = BUILT_PRODUCTS_DIR; };
		EC8C06168888EA63C778ED85 /* README.md */ = {isa = PBXFileReference; includeInIndex = 1; lastKnownFileType = net.daringfireball.markdown; name = README.md; path = ../README.md; sourceTree = "<group>"; };
/* End PBXFileReference section */

/* Begin PBXFrameworksBuildPhase section */
		607FACCD1AFB9204008FA782 /* Frameworks */ = {
			isa = PBXFrameworksBuildPhase;
			buildActionMask = 2147483647;
			files = (
				879B56C0593324DB17146FA0 /* Pods_LXToolKit_Example.framework in Frameworks */,
			);
			runOnlyForDeploymentPostprocessing = 0;
		};
/* End PBXFrameworksBuildPhase section */

/* Begin PBXGroup section */
		607FACC71AFB9204008FA782 = {
			isa = PBXGroup;
			children = (
				BEC818CA2499F5D40002576B /* Model */,
				BEC818C12499C4270002576B /* APIProvider */,
				BEC818AC249859360002576B /* API */,
				BEC818B12498686F0002576B /* ApiTest */,
				607FACF51AFB993E008FA782 /* Podspec Metadata */,
				607FACD21AFB9204008FA782 /* Example for LXToolKit */,
				607FACD11AFB9204008FA782 /* Products */,
				6108659FF0E2B751C6BC6B11 /* Pods */,
				DA9948B1BDF0FD1C5AF8B8F5 /* Frameworks */,
			);
			sourceTree = "<group>";
		};
		607FACD11AFB9204008FA782 /* Products */ = {
			isa = PBXGroup;
			children = (
				607FACD01AFB9204008FA782 /* LXToolKit_Example.app */,
			);
			name = Products;
			sourceTree = "<group>";
		};
		607FACD21AFB9204008FA782 /* Example for LXToolKit */ = {
			isa = PBXGroup;
			children = (
				607FACD51AFB9204008FA782 /* AppDelegate.swift */,
				607FACD71AFB9204008FA782 /* ViewController.swift */,
				607FACD91AFB9204008FA782 /* Main.storyboard */,
				607FACDC1AFB9204008FA782 /* Images.xcassets */,
				607FACDE1AFB9204008FA782 /* LaunchScreen.xib */,
				607FACD31AFB9204008FA782 /* Supporting Files */,
			);
			name = "Example for LXToolKit";
			path = LXToolKit;
			sourceTree = "<group>";
		};
		607FACD31AFB9204008FA782 /* Supporting Files */ = {
			isa = PBXGroup;
			children = (
				607FACD41AFB9204008FA782 /* Info.plist */,
			);
			name = "Supporting Files";
			sourceTree = "<group>";
		};
		607FACF51AFB993E008FA782 /* Podspec Metadata */ = {
			isa = PBXGroup;
			children = (
				AE7AF05AB6F402D3CC89327E /* LXToolKit.podspec */,
				EC8C06168888EA63C778ED85 /* README.md */,
				C191BB0B22DC23F7B4A282E6 /* LICENSE */,
			);
			name = "Podspec Metadata";
			sourceTree = "<group>";
		};
		6108659FF0E2B751C6BC6B11 /* Pods */ = {
			isa = PBXGroup;
			children = (
				837456649B2F9DC9C12B5090 /* Pods-LXToolKit_Example.debug.xcconfig */,
				3EF2C3929A0F7638F469C5C0 /* Pods-LXToolKit_Example.release.xcconfig */,
				1555570000192478D0FB3DF7 /* Pods-LXToolKit_Tests.debug.xcconfig */,
				AE81447FE9C3916C8CD253D9 /* Pods-LXToolKit_Tests.release.xcconfig */,
			);
			path = Pods;
			sourceTree = "<group>";
		};
		BEC818AC249859360002576B /* API */ = {
			isa = PBXGroup;
			children = (
				BEC818BC2499C35E0002576B /* MoyaPlugins */,
				BEC818AD249859700002576B /* API.swift */,
				BEC818C42499C6D00002576B /* API_ENV.swift */,
				BEC818AF24985E300002576B /* LXApiProvider.swift */,
				BEC818B82499BAA90002576B /* LXBaseModel.swift */,
				BEC818CD249A33E80002576B /* LXLXBaseListModel.swift */,
				BEC818BA2499C2F90002576B /* LXBaseApiProvider.swift */,
				BEC818CF249B2F0D0002576B /* ObservableType + mapModel.swift */,
			);
			path = API;
			sourceTree = "<group>";
		};
		BEC818B12498686F0002576B /* ApiTest */ = {
			isa = PBXGroup;
			children = (
				BEC818B4249868AD0002576B /* LXApiTestVC.swift */,
			);
			path = ApiTest;
			sourceTree = "<group>";
		};
		BEC818BC2499C35E0002576B /* MoyaPlugins */ = {
			isa = PBXGroup;
			children = (
				BEC818BD2499C3760002576B /* LXNetworkLogger.swift */,
				BEC818BF2499C3A50002576B /* LXEndpoint.swift */,
				BEC818C62499ED3F0002576B /* LXCredentialsPlugin.swift */,
			);
			path = MoyaPlugins;
			sourceTree = "<group>";
		};
		BEC818C12499C4270002576B /* APIProvider */ = {
			isa = PBXGroup;
			children = (
				BEC818C22499C43B0002576B /* LXMainProvider.swift */,
				BEC818C82499F5130002576B /* LXUserProvider.swift */,
			);
			path = APIProvider;
			sourceTree = "<group>";
		};
		BEC818CA2499F5D40002576B /* Model */ = {
			isa = PBXGroup;
			children = (
				BEC818B62499BA870002576B /* LXZenModel.swift */,
				BEC818CB2499F6350002576B /* LXUserModel.swift */,
				BE9C58F1249C9C7700F942E6 /* LXNewUserFloat.swift */,
				BE9C58F3249C9E3C00F942E6 /* LXDashboardListModel.swift */,
			);
			path = Model;
			sourceTree = "<group>";
		};
		DA9948B1BDF0FD1C5AF8B8F5 /* Frameworks */ = {
			isa = PBXGroup;
			children = (
				8857FE94C0E135B83BC63E11 /* Pods_LXToolKit_Example.framework */,
				E48A6F78194EBCDD87486B2A /* Pods_LXToolKit_Tests.framework */,
			);
			name = Frameworks;
			sourceTree = "<group>";
		};
/* End PBXGroup section */

/* Begin PBXNativeTarget section */
		607FACCF1AFB9204008FA782 /* LXToolKit_Example */ = {
			isa = PBXNativeTarget;
			buildConfigurationList = 607FACEF1AFB9204008FA782 /* Build configuration list for PBXNativeTarget "LXToolKit_Example" */;
			buildPhases = (
				4452A872326A03DDEDA29AF1 /* [CP] Check Pods Manifest.lock */,
				607FACCC1AFB9204008FA782 /* Sources */,
				607FACCD1AFB9204008FA782 /* Frameworks */,
				607FACCE1AFB9204008FA782 /* Resources */,
				83A38D828BEF1C0AEF58ADC7 /* [CP] Embed Pods Frameworks */,
			);
			buildRules = (
			);
			dependencies = (
			);
			name = LXToolKit_Example;
			productName = LXToolKit;
			productReference = 607FACD01AFB9204008FA782 /* LXToolKit_Example.app */;
			productType = "com.apple.product-type.application";
		};
/* End PBXNativeTarget section */

/* Begin PBXProject section */
		607FACC81AFB9204008FA782 /* Project object */ = {
			isa = PBXProject;
			attributes = {
				CLASSPREFIX = LX;
				LastSwiftUpdateCheck = 0830;
				LastUpgradeCheck = 1110;
				ORGANIZATIONNAME = CocoaPods;
				TargetAttributes = {
					607FACCF1AFB9204008FA782 = {
						CreatedOnToolsVersion = 6.3.1;
						DevelopmentTeam = NPZ3HL8S7P;
						LastSwiftMigration = 0900;
					};
				};
			};
			buildConfigurationList = 607FACCB1AFB9204008FA782 /* Build configuration list for PBXProject "LXToolKit" */;
			compatibilityVersion = "Xcode 3.2";
			developmentRegion = en;
			hasScannedForEncodings = 0;
			knownRegions = (
				en,
				Base,
			);
			mainGroup = 607FACC71AFB9204008FA782;
			productRefGroup = 607FACD11AFB9204008FA782 /* Products */;
			projectDirPath = "";
			projectRoot = "";
			targets = (
				607FACCF1AFB9204008FA782 /* LXToolKit_Example */,
			);
		};
/* End PBXProject section */

/* Begin PBXResourcesBuildPhase section */
		607FACCE1AFB9204008FA782 /* Resources */ = {
			isa = PBXResourcesBuildPhase;
			buildActionMask = 2147483647;
			files = (
				607FACDB1AFB9204008FA782 /* Main.storyboard in Resources */,
				607FACE01AFB9204008FA782 /* LaunchScreen.xib in Resources */,
				607FACDD1AFB9204008FA782 /* Images.xcassets in Resources */,
			);
			runOnlyForDeploymentPostprocessing = 0;
		};
/* End PBXResourcesBuildPhase section */

/* Begin PBXShellScriptBuildPhase section */
		4452A872326A03DDEDA29AF1 /* [CP] Check Pods Manifest.lock */ = {
			isa = PBXShellScriptBuildPhase;
			buildActionMask = 2147483647;
			files = (
			);
			inputFileListPaths = (
			);
			inputPaths = (
				"${PODS_PODFILE_DIR_PATH}/Podfile.lock",
				"${PODS_ROOT}/Manifest.lock",
			);
			name = "[CP] Check Pods Manifest.lock";
			outputFileListPaths = (
			);
			outputPaths = (
				"$(DERIVED_FILE_DIR)/Pods-LXToolKit_Example-checkManifestLockResult.txt",
			);
			runOnlyForDeploymentPostprocessing = 0;
			shellPath = /bin/sh;
			shellScript = "diff \"${PODS_PODFILE_DIR_PATH}/Podfile.lock\" \"${PODS_ROOT}/Manifest.lock\" > /dev/null\nif [ $? != 0 ] ; then\n    # print error to STDERR\n    echo \"error: The sandbox is not in sync with the Podfile.lock. Run 'pod install' or update your CocoaPods installation.\" >&2\n    exit 1\nfi\n# This output is used by Xcode 'outputs' to avoid re-running this script phase.\necho \"SUCCESS\" > \"${SCRIPT_OUTPUT_FILE_0}\"\n";
			showEnvVarsInLog = 0;
		};
		83A38D828BEF1C0AEF58ADC7 /* [CP] Embed Pods Frameworks */ = {
			isa = PBXShellScriptBuildPhase;
			buildActionMask = 2147483647;
			files = (
			);
			inputPaths = (
				"${PODS_ROOT}/Target Support Files/Pods-LXToolKit_Example/Pods-LXToolKit_Example-frameworks.sh",
				"${BUILT_PRODUCTS_DIR}/Alamofire/Alamofire.framework",
				"${BUILT_PRODUCTS_DIR}/CryptoSwift/CryptoSwift.framework",
				"${BUILT_PRODUCTS_DIR}/HandyJSON/HandyJSON.framework",
				"${BUILT_PRODUCTS_DIR}/LXToolKit/LXToolKit.framework",
				"${BUILT_PRODUCTS_DIR}/Moya/Moya.framework",
				"${BUILT_PRODUCTS_DIR}/RxSwift/RxSwift.framework",
				"${BUILT_PRODUCTS_DIR}/SnapKit/SnapKit.framework",
			);
			name = "[CP] Embed Pods Frameworks";
			outputPaths = (
				"${TARGET_BUILD_DIR}/${FRAMEWORKS_FOLDER_PATH}/Alamofire.framework",
				"${TARGET_BUILD_DIR}/${FRAMEWORKS_FOLDER_PATH}/CryptoSwift.framework",
				"${TARGET_BUILD_DIR}/${FRAMEWORKS_FOLDER_PATH}/HandyJSON.framework",
				"${TARGET_BUILD_DIR}/${FRAMEWORKS_FOLDER_PATH}/LXToolKit.framework",
				"${TARGET_BUILD_DIR}/${FRAMEWORKS_FOLDER_PATH}/Moya.framework",
				"${TARGET_BUILD_DIR}/${FRAMEWORKS_FOLDER_PATH}/RxSwift.framework",
				"${TARGET_BUILD_DIR}/${FRAMEWORKS_FOLDER_PATH}/SnapKit.framework",
			);
			runOnlyForDeploymentPostprocessing = 0;
			shellPath = /bin/sh;
			shellScript = "\"${PODS_ROOT}/Target Support Files/Pods-LXToolKit_Example/Pods-LXToolKit_Example-frameworks.sh\"\n";
			showEnvVarsInLog = 0;
		};
/* End PBXShellScriptBuildPhase section */

/* Begin PBXSourcesBuildPhase section */
		607FACCC1AFB9204008FA782 /* Sources */ = {
			isa = PBXSourcesBuildPhase;
			buildActionMask = 2147483647;
			files = (
				BEC818C72499ED3F0002576B /* LXCredentialsPlugin.swift in Sources */,
				BEC818C32499C43B0002576B /* LXMainProvider.swift in Sources */,
				BEC818CE249A33E80002576B /* LXLXBaseListModel.swift in Sources */,
				BEC818B5249868AD0002576B /* LXApiTestVC.swift in Sources */,
				607FACD81AFB9204008FA782 /* ViewController.swift in Sources */,
				BEC818AE249859700002576B /* API.swift in Sources */,
				BE9C58F4249C9E3C00F942E6 /* LXDashboardListModel.swift in Sources */,
				BEC818CC2499F6350002576B /* LXUserModel.swift in Sources */,
				BEC818D0249B2F0D0002576B /* ObservableType + mapModel.swift in Sources */,
				607FACD61AFB9204008FA782 /* AppDelegate.swift in Sources */,
				BEC818B024985E300002576B /* LXApiProvider.swift in Sources */,
				BEC818C52499C6D00002576B /* API_ENV.swift in Sources */,
				BEC818B72499BA870002576B /* LXZenModel.swift in Sources */,
				BE9C58F2249C9C7700F942E6 /* LXNewUserFloat.swift in Sources */,
				BEC818BB2499C2F90002576B /* LXBaseApiProvider.swift in Sources */,
				BEC818B92499BAA90002576B /* LXBaseModel.swift in Sources */,
				BEC818C02499C3A50002576B /* LXEndpoint.swift in Sources */,
				BEC818BE2499C3760002576B /* LXNetworkLogger.swift in Sources */,
				BEC818C92499F5130002576B /* LXUserProvider.swift in Sources */,
			);
			runOnlyForDeploymentPostprocessing = 0;
		};
/* End PBXSourcesBuildPhase section */

/* Begin PBXVariantGroup section */
		607FACD91AFB9204008FA782 /* Main.storyboard */ = {
			isa = PBXVariantGroup;
			children = (
				607FACDA1AFB9204008FA782 /* Base */,
			);
			name = Main.storyboard;
			sourceTree = "<group>";
		};
		607FACDE1AFB9204008FA782 /* LaunchScreen.xib */ = {
			isa = PBXVariantGroup;
			children = (
				607FACDF1AFB9204008FA782 /* Base */,
			);
			name = LaunchScreen.xib;
			sourceTree = "<group>";
		};
/* End PBXVariantGroup section */

/* Begin XCBuildConfiguration section */
		607FACED1AFB9204008FA782 /* Debug */ = {
			isa = XCBuildConfiguration;
			buildSettings = {
				ALWAYS_SEARCH_USER_PATHS = NO;
				CLANG_ANALYZER_LOCALIZABILITY_NONLOCALIZED = YES;
				CLANG_CXX_LANGUAGE_STANDARD = "gnu++0x";
				CLANG_CXX_LIBRARY = "libc++";
				CLANG_ENABLE_MODULES = YES;
				CLANG_ENABLE_OBJC_ARC = YES;
				CLANG_WARN_BLOCK_CAPTURE_AUTORELEASING = YES;
				CLANG_WARN_BOOL_CONVERSION = YES;
				CLANG_WARN_COMMA = YES;
				CLANG_WARN_CONSTANT_CONVERSION = YES;
				CLANG_WARN_DEPRECATED_OBJC_IMPLEMENTATIONS = YES;
				CLANG_WARN_DIRECT_OBJC_ISA_USAGE = YES_ERROR;
				CLANG_WARN_EMPTY_BODY = YES;
				CLANG_WARN_ENUM_CONVERSION = YES;
				CLANG_WARN_INFINITE_RECURSION = YES;
				CLANG_WARN_INT_CONVERSION = YES;
				CLANG_WARN_NON_LITERAL_NULL_CONVERSION = YES;
				CLANG_WARN_OBJC_IMPLICIT_RETAIN_SELF = YES;
				CLANG_WARN_OBJC_LITERAL_CONVERSION = YES;
				CLANG_WARN_OBJC_ROOT_CLASS = YES_ERROR;
				CLANG_WARN_RANGE_LOOP_ANALYSIS = YES;
				CLANG_WARN_STRICT_PROTOTYPES = YES;
				CLANG_WARN_SUSPICIOUS_MOVE = YES;
				CLANG_WARN_UNREACHABLE_CODE = YES;
				CLANG_WARN__DUPLICATE_METHOD_MATCH = YES;
				"CODE_SIGN_IDENTITY[sdk=iphoneos*]" = "iPhone Developer";
				COPY_PHASE_STRIP = NO;
				DEBUG_INFORMATION_FORMAT = "dwarf-with-dsym";
				ENABLE_STRICT_OBJC_MSGSEND = YES;
				ENABLE_TESTABILITY = YES;
				GCC_C_LANGUAGE_STANDARD = gnu99;
				GCC_DYNAMIC_NO_PIC = NO;
				GCC_NO_COMMON_BLOCKS = YES;
				GCC_OPTIMIZATION_LEVEL = 0;
				GCC_PREPROCESSOR_DEFINITIONS = (
					"DEBUG=1",
					"$(inherited)",
				);
				GCC_SYMBOLS_PRIVATE_EXTERN = NO;
				GCC_WARN_64_TO_32_BIT_CONVERSION = YES;
				GCC_WARN_ABOUT_RETURN_TYPE = YES_ERROR;
				GCC_WARN_UNDECLARED_SELECTOR = YES;
				GCC_WARN_UNINITIALIZED_AUTOS = YES_AGGRESSIVE;
				GCC_WARN_UNUSED_FUNCTION = YES;
				GCC_WARN_UNUSED_VARIABLE = YES;
				IPHONEOS_DEPLOYMENT_TARGET = 9.3;
				MTL_ENABLE_DEBUG_INFO = YES;
				ONLY_ACTIVE_ARCH = YES;
				SDKROOT = iphoneos;
				SWIFT_OPTIMIZATION_LEVEL = "-Onone";
				SWIFT_VERSION = 5.0;
			};
			name = Debug;
		};
		607FACEE1AFB9204008FA782 /* Release */ = {
			isa = XCBuildConfiguration;
			buildSettings = {
				ALWAYS_SEARCH_USER_PATHS = NO;
				CLANG_ANALYZER_LOCALIZABILITY_NONLOCALIZED = YES;
				CLANG_CXX_LANGUAGE_STANDARD = "gnu++0x";
				CLANG_CXX_LIBRARY = "libc++";
				CLANG_ENABLE_MODULES = YES;
				CLANG_ENABLE_OBJC_ARC = YES;
				CLANG_WARN_BLOCK_CAPTURE_AUTORELEASING = YES;
				CLANG_WARN_BOOL_CONVERSION = YES;
				CLANG_WARN_COMMA = YES;
				CLANG_WARN_CONSTANT_CONVERSION = YES;
				CLANG_WARN_DEPRECATED_OBJC_IMPLEMENTATIONS = YES;
				CLANG_WARN_DIRECT_OBJC_ISA_USAGE = YES_ERROR;
				CLANG_WARN_EMPTY_BODY = YES;
				CLANG_WARN_ENUM_CONVERSION = YES;
				CLANG_WARN_INFINITE_RECURSION = YES;
				CLANG_WARN_INT_CONVERSION = YES;
				CLANG_WARN_NON_LITERAL_NULL_CONVERSION = YES;
				CLANG_WARN_OBJC_IMPLICIT_RETAIN_SELF = YES;
				CLANG_WARN_OBJC_LITERAL_CONVERSION = YES;
				CLANG_WARN_OBJC_ROOT_CLASS = YES_ERROR;
				CLANG_WARN_RANGE_LOOP_ANALYSIS = YES;
				CLANG_WARN_STRICT_PROTOTYPES = YES;
				CLANG_WARN_SUSPICIOUS_MOVE = YES;
				CLANG_WARN_UNREACHABLE_CODE = YES;
				CLANG_WARN__DUPLICATE_METHOD_MATCH = YES;
				"CODE_SIGN_IDENTITY[sdk=iphoneos*]" = "iPhone Developer";
				COPY_PHASE_STRIP = NO;
				DEBUG_INFORMATION_FORMAT = "dwarf-with-dsym";
				ENABLE_NS_ASSERTIONS = NO;
				ENABLE_STRICT_OBJC_MSGSEND = YES;
				GCC_C_LANGUAGE_STANDARD = gnu99;
				GCC_NO_COMMON_BLOCKS = YES;
				GCC_WARN_64_TO_32_BIT_CONVERSION = YES;
				GCC_WARN_ABOUT_RETURN_TYPE = YES_ERROR;
				GCC_WARN_UNDECLARED_SELECTOR = YES;
				GCC_WARN_UNINITIALIZED_AUTOS = YES_AGGRESSIVE;
				GCC_WARN_UNUSED_FUNCTION = YES;
				GCC_WARN_UNUSED_VARIABLE = YES;
				IPHONEOS_DEPLOYMENT_TARGET = 9.3;
				MTL_ENABLE_DEBUG_INFO = NO;
				SDKROOT = iphoneos;
				SWIFT_OPTIMIZATION_LEVEL = "-Owholemodule";
				SWIFT_VERSION = 5.0;
				VALIDATE_PRODUCT = YES;
			};
			name = Release;
		};
		607FACF01AFB9204008FA782 /* Debug */ = {
			isa = XCBuildConfiguration;
			baseConfigurationReference = 837456649B2F9DC9C12B5090 /* Pods-LXToolKit_Example.debug.xcconfig */;
			buildSettings = {
				ASSETCATALOG_COMPILER_APPICON_NAME = AppIcon;
				DEVELOPMENT_TEAM = NPZ3HL8S7P;
				INFOPLIST_FILE = LXToolKit/Info.plist;
				IPHONEOS_DEPLOYMENT_TARGET = 10.0;
				LD_RUNPATH_SEARCH_PATHS = "$(inherited) @executable_path/Frameworks";
				MODULE_NAME = ExampleApp;
				PRODUCT_BUNDLE_IDENTIFIER = "org.cocoapods.demo.$(PRODUCT_NAME:rfc1034identifier)";
				PRODUCT_NAME = "$(TARGET_NAME)";
				SWIFT_SWIFT3_OBJC_INFERENCE = Default;
				SWIFT_VERSION = 5.0;
			};
			name = Debug;
		};
		607FACF11AFB9204008FA782 /* Release */ = {
			isa = XCBuildConfiguration;
			baseConfigurationReference = 3EF2C3929A0F7638F469C5C0 /* Pods-LXToolKit_Example.release.xcconfig */;
			buildSettings = {
				ASSETCATALOG_COMPILER_APPICON_NAME = AppIcon;
				DEVELOPMENT_TEAM = NPZ3HL8S7P;
				INFOPLIST_FILE = LXToolKit/Info.plist;
				IPHONEOS_DEPLOYMENT_TARGET = 10.0;
				LD_RUNPATH_SEARCH_PATHS = "$(inherited) @executable_path/Frameworks";
				MODULE_NAME = ExampleApp;
				PRODUCT_BUNDLE_IDENTIFIER = "org.cocoapods.demo.$(PRODUCT_NAME:rfc1034identifier)";
				PRODUCT_NAME = "$(TARGET_NAME)";
				SWIFT_SWIFT3_OBJC_INFERENCE = Default;
				SWIFT_VERSION = 5.0;
			};
			name = Release;
		};
/* End XCBuildConfiguration section */

/* Begin XCConfigurationList section */
		607FACCB1AFB9204008FA782 /* Build configuration list for PBXProject "LXToolKit" */ = {
			isa = XCConfigurationList;
			buildConfigurations = (
				607FACED1AFB9204008FA782 /* Debug */,
				607FACEE1AFB9204008FA782 /* Release */,
			);
			defaultConfigurationIsVisible = 0;
			defaultConfigurationName = Release;
		};
		607FACEF1AFB9204008FA782 /* Build configuration list for PBXNativeTarget "LXToolKit_Example" */ = {
			isa = XCConfigurationList;
			buildConfigurations = (
				607FACF01AFB9204008FA782 /* Debug */,
				607FACF11AFB9204008FA782 /* Release */,
			);
			defaultConfigurationIsVisible = 0;
			defaultConfigurationName = Release;
		};
/* End XCConfigurationList section */
	};
	rootObject = 607FACC81AFB9204008FA782 /* Project object */;
}
